
Microsoft Visual Studio Solution File, Format Version 12.00
# Visual Studio 14
VisualStudioVersion = 14.0.25123.0
MinimumVisualStudioVersion = 10.0.40219.1
Project("{FAE04EC0-301F-11D3-BF4B-00C04F79EFBC}") = "TabPage2.Droid", "TabPage2\TabPage2.Droid\TabPage2.Droid.csproj", "{DD76C057-7954-4ACD-B810-39249CE160F0}"
EndProject
Project("{FAE04EC0-301F-11D3-BF4B-00C04F79EFBC}") = "TabPage2.iOS", "TabPage2\TabPage2.iOS\TabPage2.iOS.csproj", "{37A61F9E-DAD4-403A-A610-52C320088909}"
EndProject
Project("{FAE04EC0-301F-11D3-BF4B-00C04F79EFBC}") = "TabPage2.WinPhone", "TabPage2\TabPage2.WinPhone\TabPage2.WinPhone.csproj", "{73740B07-F4D9-440C-874F-7675873E78C3}"
EndProject
Project("{FAE04EC0-301F-11D3-BF4B-00C04F79EFBC}") = "TabPage2.UWP", "TabPage2\TabPage2.UWP\TabPage2.UWP.csproj", "{65712DBC-45FB-4A6D-AE69-D58912B8C0D3}"
EndProject
Project("{FAE04EC0-301F-11D3-BF4B-00C04F79EFBC}") = "TabPage2.Windows", "TabPage2\TabPage2.Windows\TabPage2.Windows.csproj", "{E2739D37-66A1-479E-95BA-129D164D6263}"
EndProject
Project("{FAE04EC0-301F-11D3-BF4B-00C04F79EFBC}") = "TabPage2", "TabPage2\TabPage2\TabPage2.csproj", "{434103D0-497E-491D-BA7A-73B18BF3AC6A}"
EndProject
Global
	GlobalSection(SolutionConfigurationPlatforms) = preSolution
		Ad-Hoc|Any CPU = Ad-Hoc|Any CPU
		Ad-Hoc|ARM = Ad-Hoc|ARM
		Ad-Hoc|iPhone = Ad-Hoc|iPhone
		Ad-Hoc|iPhoneSimulator = Ad-Hoc|iPhoneSimulator
		Ad-Hoc|x64 = Ad-Hoc|x64
		Ad-Hoc|x86 = Ad-Hoc|x86
		AppStore|Any CPU = AppStore|Any CPU
		AppStore|ARM = AppStore|ARM
		AppStore|iPhone = AppStore|iPhone
		AppStore|iPhoneSimulator = AppStore|iPhoneSimulator
		AppStore|x64 = AppStore|x64
		AppStore|x86 = AppStore|x86
		Debug|Any CPU = Debug|Any CPU
		Debug|ARM = Debug|ARM
		Debug|iPhone = Debug|iPhone
		Debug|iPhoneSimulator = Debug|iPhoneSimulator
		Debug|x64 = Debug|x64
		Debug|x86 = Debug|x86
		Release|Any CPU = Release|Any CPU
		Release|ARM = Release|ARM
		Release|iPhone = Release|iPhone
		Release|iPhoneSimulator = Release|iPhoneSimulator
		Release|x64 = Release|x64
		Release|x86 = Release|x86
	EndGlobalSection
	GlobalSection(ProjectConfigurationPlatforms) = postSolution
		{DD76C057-7954-4ACD-B810-39249CE160F0}.Ad-Hoc|Any CPU.ActiveCfg = Release|Any CPU
		{DD76C057-7954-4ACD-B810-39249CE160F0}.Ad-Hoc|Any CPU.Build.0 = Release|Any CPU
		{DD76C057-7954-4ACD-B810-39249CE160F0}.Ad-Hoc|Any CPU.Deploy.0 = Release|Any CPU
		{DD76C057-7954-4ACD-B810-39249CE160F0}.Ad-Hoc|ARM.ActiveCfg = Release|Any CPU
		{DD76C057-7954-4ACD-B810-39249CE160F0}.Ad-Hoc|ARM.Build.0 = Release|Any CPU
		{DD76C057-7954-4ACD-B810-39249CE160F0}.Ad-Hoc|ARM.Deploy.0 = Release|Any CPU
		{DD76C057-7954-4ACD-B810-39249CE160F0}.Ad-Hoc|iPhone.ActiveCfg = Release|Any CPU
		{DD76C057-7954-4ACD-B810-39249CE160F0}.Ad-Hoc|iPhone.Build.0 = Release|Any CPU
		{DD76C057-7954-4ACD-B810-39249CE160F0}.Ad-Hoc|iPhone.Deploy.0 = Release|Any CPU
		{DD76C057-7954-4ACD-B810-39249CE160F0}.Ad-Hoc|iPhoneSimulator.ActiveCfg = Release|Any CPU
		{DD76C057-7954-4ACD-B810-39249CE160F0}.Ad-Hoc|iPhoneSimulator.Build.0 = Release|Any CPU
		{DD76C057-7954-4ACD-B810-39249CE160F0}.Ad-Hoc|iPhoneSimulator.Deploy.0 = Release|Any CPU
		{DD76C057-7954-4ACD-B810-39249CE160F0}.Ad-Hoc|x64.ActiveCfg = Release|Any CPU
		{DD76C057-7954-4ACD-B810-39249CE160F0}.Ad-Hoc|x64.Build.0 = Release|Any CPU
		{DD76C057-7954-4ACD-B810-39249CE160F0}.Ad-Hoc|x64.Deploy.0 = Release|Any CPU
		{DD76C057-7954-4ACD-B810-39249CE160F0}.Ad-Hoc|x86.ActiveCfg = Release|Any CPU
		{DD76C057-7954-4ACD-B810-39249CE160F0}.Ad-Hoc|x86.Build.0 = Release|Any CPU
		{DD76C057-7954-4ACD-B810-39249CE160F0}.Ad-Hoc|x86.Deploy.0 = Release|Any CPU
		{DD76C057-7954-4ACD-B810-39249CE160F0}.AppStore|Any CPU.ActiveCfg = Release|Any CPU
		{DD76C057-7954-4ACD-B810-39249CE160F0}.AppStore|Any CPU.Build.0 = Release|Any CPU
		{DD76C057-7954-4ACD-B810-39249CE160F0}.AppStore|Any CPU.Deploy.0 = Release|Any CPU
		{DD76C057-7954-4ACD-B810-39249CE160F0}.AppStore|ARM.ActiveCfg = Release|Any CPU
		{DD76C057-7954-4ACD-B810-39249CE160F0}.AppStore|ARM.Build.0 = Release|Any CPU
		{DD76C057-7954-4ACD-B810-39249CE160F0}.AppStore|ARM.Deploy.0 = Release|Any CPU
		{DD76C057-7954-4ACD-B810-39249CE160F0}.AppStore|iPhone.ActiveCfg = Release|Any CPU
		{DD76C057-7954-4ACD-B810-39249CE160F0}.AppStore|iPhone.Build.0 = Release|Any CPU
		{DD76C057-7954-4ACD-B810-39249CE160F0}.AppStore|iPhone.Deploy.0 = Release|Any CPU
		{DD76C057-7954-4ACD-B810-39249CE160F0}.AppStore|iPhoneSimulator.ActiveCfg = Release|Any CPU
		{DD76C057-7954-4ACD-B810-39249CE160F0}.AppStore|iPhoneSimulator.Build.0 = Release|Any CPU
		{DD76C057-7954-4ACD-B810-39249CE160F0}.AppStore|iPhoneSimulator.Deploy.0 = Release|Any CPU
		{DD76C057-7954-4ACD-B810-39249CE160F0}.AppStore|x64.ActiveCfg = Release|Any CPU
		{DD76C057-7954-4ACD-B810-39249CE160F0}.AppStore|x64.Build.0 = Release|Any CPU
		{DD76C057-7954-4ACD-B810-39249CE160F0}.AppStore|x64.Deploy.0 = Release|Any CPU
		{DD76C057-7954-4ACD-B810-39249CE160F0}.AppStore|x86.ActiveCfg = Release|Any CPU
		{DD76C057-7954-4ACD-B810-39249CE160F0}.AppStore|x86.Build.0 = Release|Any CPU
		{DD76C057-7954-4ACD-B810-39249CE160F0}.AppStore|x86.Deploy.0 = Release|Any CPU
		{DD76C057-7954-4ACD-B810-39249CE160F0}.Debug|Any CPU.ActiveCfg = Debug|Any CPU
		{DD76C057-7954-4ACD-B810-39249CE160F0}.Debug|Any CPU.Build.0 = Debug|Any CPU
		{DD76C057-7954-4ACD-B810-39249CE160F0}.Debug|Any CPU.Deploy.0 = Debug|Any CPU
		{DD76C057-7954-4ACD-B810-39249CE160F0}.Debug|ARM.ActiveCfg = Debug|Any CPU
		{DD76C057-7954-4ACD-B810-39249CE160F0}.Debug|ARM.Build.0 = Debug|Any CPU
		{DD76C057-7954-4ACD-B810-39249CE160F0}.Debug|ARM.Deploy.0 = Debug|Any CPU
		{DD76C057-7954-4ACD-B810-39249CE160F0}.Debug|iPhone.ActiveCfg = Debug|Any CPU
		{DD76C057-7954-4ACD-B810-39249CE160F0}.Debug|iPhone.Build.0 = Debug|Any CPU
		{DD76C057-7954-4ACD-B810-39249CE160F0}.Debug|iPhone.Deploy.0 = Debug|Any CPU
		{DD76C057-7954-4ACD-B810-39249CE160F0}.Debug|iPhoneSimulator.ActiveCfg = Debug|Any CPU
		{DD76C057-7954-4ACD-B810-39249CE160F0}.Debug|iPhoneSimulator.Build.0 = Debug|Any CPU
		{DD76C057-7954-4ACD-B810-39249CE160F0}.Debug|iPhoneSimulator.Deploy.0 = Debug|Any CPU
		{DD76C057-7954-4ACD-B810-39249CE160F0}.Debug|x64.ActiveCfg = Debug|Any CPU
		{DD76C057-7954-4ACD-B810-39249CE160F0}.Debug|x64.Build.0 = Debug|Any CPU
		{DD76C057-7954-4ACD-B810-39249CE160F0}.Debug|x64.Deploy.0 = Debug|Any CPU
		{DD76C057-7954-4ACD-B810-39249CE160F0}.Debug|x86.ActiveCfg = Debug|Any CPU
		{DD76C057-7954-4ACD-B810-39249CE160F0}.Debug|x86.Build.0 = Debug|Any CPU
		{DD76C057-7954-4ACD-B810-39249CE160F0}.Debug|x86.Deploy.0 = Debug|Any CPU
		{DD76C057-7954-4ACD-B810-39249CE160F0}.Release|Any CPU.ActiveCfg = Release|Any CPU
		{DD76C057-7954-4ACD-B810-39249CE160F0}.Release|Any CPU.Build.0 = Release|Any CPU
		{DD76C057-7954-4ACD-B810-39249CE160F0}.Release|Any CPU.Deploy.0 = Release|Any CPU
		{DD76C057-7954-4ACD-B810-39249CE160F0}.Release|ARM.ActiveCfg = Release|Any CPU
		{DD76C057-7954-4ACD-B810-39249CE160F0}.Release|ARM.Build.0 = Release|Any CPU
		{DD76C057-7954-4ACD-B810-39249CE160F0}.Release|ARM.Deploy.0 = Release|Any CPU
		{DD76C057-7954-4ACD-B810-39249CE160F0}.Release|iPhone.ActiveCfg = Release|Any CPU
		{DD76C057-7954-4ACD-B810-39249CE160F0}.Release|iPhone.Build.0 = Release|Any CPU
		{DD76C057-7954-4ACD-B810-39249CE160F0}.Release|iPhone.Deploy.0 = Release|Any CPU
		{DD76C057-7954-4ACD-B810-39249CE160F0}.Release|iPhoneSimulator.ActiveCfg = Release|Any CPU
		{DD76C057-7954-4ACD-B810-39249CE160F0}.Release|iPhoneSimulator.Build.0 = Release|Any CPU
		{DD76C057-7954-4ACD-B810-39249CE160F0}.Release|iPhoneSimulator.Deploy.0 = Release|Any CPU
		{DD76C057-7954-4ACD-B810-39249CE160F0}.Release|x64.ActiveCfg = Release|Any CPU
		{DD76C057-7954-4ACD-B810-39249CE160F0}.Release|x64.Build.0 = Release|Any CPU
		{DD76C057-7954-4ACD-B810-39249CE160F0}.Release|x64.Deploy.0 = Release|Any CPU
		{DD76C057-7954-4ACD-B810-39249CE160F0}.Release|x86.ActiveCfg = Release|Any CPU
		{DD76C057-7954-4ACD-B810-39249CE160F0}.Release|x86.Build.0 = Release|Any CPU
		{DD76C057-7954-4ACD-B810-39249CE160F0}.Release|x86.Deploy.0 = Release|Any CPU
		{37A61F9E-DAD4-403A-A610-52C320088909}.Ad-Hoc|Any CPU.ActiveCfg = Ad-Hoc|iPhone
		{37A61F9E-DAD4-403A-A610-52C320088909}.Ad-Hoc|ARM.ActiveCfg = Ad-Hoc|iPhone
		{37A61F9E-DAD4-403A-A610-52C320088909}.Ad-Hoc|iPhone.ActiveCfg = Ad-Hoc|iPhone
		{37A61F9E-DAD4-403A-A610-52C320088909}.Ad-Hoc|iPhone.Build.0 = Ad-Hoc|iPhone
		{37A61F9E-DAD4-403A-A610-52C320088909}.Ad-Hoc|iPhoneSimulator.ActiveCfg = Ad-Hoc|iPhoneSimulator
		{37A61F9E-DAD4-403A-A610-52C320088909}.Ad-Hoc|iPhoneSimulator.Build.0 = Ad-Hoc|iPhoneSimulator
		{37A61F9E-DAD4-403A-A610-52C320088909}.Ad-Hoc|x64.ActiveCfg = Ad-Hoc|iPhone
		{37A61F9E-DAD4-403A-A610-52C320088909}.Ad-Hoc|x86.ActiveCfg = Ad-Hoc|iPhone
		{37A61F9E-DAD4-403A-A610-52C320088909}.AppStore|Any CPU.ActiveCfg = AppStore|iPhone
		{37A61F9E-DAD4-403A-A610-52C320088909}.AppStore|ARM.ActiveCfg = AppStore|iPhone
		{37A61F9E-DAD4-403A-A610-52C320088909}.AppStore|iPhone.ActiveCfg = AppStore|iPhone
		{37A61F9E-DAD4-403A-A610-52C320088909}.AppStore|iPhone.Build.0 = AppStore|iPhone
		{37A61F9E-DAD4-403A-A610-52C320088909}.AppStore|iPhoneSimulator.ActiveCfg = AppStore|iPhoneSimulator
		{37A61F9E-DAD4-403A-A610-52C320088909}.AppStore|iPhoneSimulator.Build.0 = AppStore|iPhoneSimulator
		{37A61F9E-DAD4-403A-A610-52C320088909}.AppStore|x64.ActiveCfg = AppStore|iPhone
		{37A61F9E-DAD4-403A-A610-52C320088909}.AppStore|x86.ActiveCfg = AppStore|iPhone
		{37A61F9E-DAD4-403A-A610-52C320088909}.Debug|Any CPU.ActiveCfg = Debug|iPhone
		{37A61F9E-DAD4-403A-A610-52C320088909}.Debug|ARM.ActiveCfg = Debug|iPhone
		{37A61F9E-DAD4-403A-A610-52C320088909}.Debug|iPhone.ActiveCfg = Debug|iPhone
		{37A61F9E-DAD4-403A-A610-52C320088909}.Debug|iPhone.Build.0 = Debug|iPhone
		{37A61F9E-DAD4-403A-A610-52C320088909}.Debug|iPhoneSimulator.ActiveCfg = Debug|iPhoneSimulator
		{37A61F9E-DAD4-403A-A610-52C320088909}.Debug|iPhoneSimulator.Build.0 = Debug|iPhoneSimulator
		{37A61F9E-DAD4-403A-A610-52C320088909}.Debug|x64.ActiveCfg = Debug|iPhone
		{37A61F9E-DAD4-403A-A610-52C320088909}.Debug|x86.ActiveCfg = Debug|iPhone
		{37A61F9E-DAD4-403A-A610-52C320088909}.Release|Any CPU.ActiveCfg = Release|iPhone
		{37A61F9E-DAD4-403A-A610-52C320088909}.Release|ARM.ActiveCfg = Release|iPhone
		{37A61F9E-DAD4-403A-A610-52C320088909}.Release|iPhone.ActiveCfg = Release|iPhone
		{37A61F9E-DAD4-403A-A610-52C320088909}.Release|iPhone.Build.0 = Release|iPhone
		{37A61F9E-DAD4-403A-A610-52C320088909}.Release|iPhoneSimulator.ActiveCfg = Release|iPhoneSimulator
		{37A61F9E-DAD4-403A-A610-52C320088909}.Release|iPhoneSimulator.Build.0 = Release|iPhoneSimulator
		{37A61F9E-DAD4-403A-A610-52C320088909}.Release|x64.ActiveCfg = Release|iPhone
		{37A61F9E-DAD4-403A-A610-52C320088909}.Release|x86.ActiveCfg = Release|iPhone
		{73740B07-F4D9-440C-874F-7675873E78C3}.Ad-Hoc|Any CPU.ActiveCfg = Release|Any CPU
		{73740B07-F4D9-440C-874F-7675873E78C3}.Ad-Hoc|Any CPU.Build.0 = Release|Any CPU
		{73740B07-F4D9-440C-874F-7675873E78C3}.Ad-Hoc|Any CPU.Deploy.0 = Release|Any CPU
		{73740B07-F4D9-440C-874F-7675873E78C3}.Ad-Hoc|ARM.ActiveCfg = Release|ARM
		{73740B07-F4D9-440C-874F-7675873E78C3}.Ad-Hoc|ARM.Build.0 = Release|ARM
		{73740B07-F4D9-440C-874F-7675873E78C3}.Ad-Hoc|ARM.Deploy.0 = Release|ARM
		{73740B07-F4D9-440C-874F-7675873E78C3}.Ad-Hoc|iPhone.ActiveCfg = Release|Any CPU
		{73740B07-F4D9-440C-874F-7675873E78C3}.Ad-Hoc|iPhone.Build.0 = Release|Any CPU
		{73740B07-F4D9-440C-874F-7675873E78C3}.Ad-Hoc|iPhone.Deploy.0 = Release|Any CPU
		{73740B07-F4D9-440C-874F-7675873E78C3}.Ad-Hoc|iPhoneSimulator.ActiveCfg = Release|Any CPU
		{73740B07-F4D9-440C-874F-7675873E78C3}.Ad-Hoc|iPhoneSimulator.Build.0 = Release|Any CPU
		{73740B07-F4D9-440C-874F-7675873E78C3}.Ad-Hoc|iPhoneSimulator.Deploy.0 = Release|Any CPU
		{73740B07-F4D9-440C-874F-7675873E78C3}.Ad-Hoc|x64.ActiveCfg = Release|Any CPU
		{73740B07-F4D9-440C-874F-7675873E78C3}.Ad-Hoc|x64.Build.0 = Release|Any CPU
		{73740B07-F4D9-440C-874F-7675873E78C3}.Ad-Hoc|x64.Deploy.0 = Release|Any CPU
		{73740B07-F4D9-440C-874F-7675873E78C3}.Ad-Hoc|x86.ActiveCfg = Release|x86
		{73740B07-F4D9-440C-874F-7675873E78C3}.Ad-Hoc|x86.Build.0 = Release|x86
		{73740B07-F4D9-440C-874F-7675873E78C3}.Ad-Hoc|x86.Deploy.0 = Release|x86
		{73740B07-F4D9-440C-874F-7675873E78C3}.AppStore|Any CPU.ActiveCfg = Release|Any CPU
		{73740B07-F4D9-440C-874F-7675873E78C3}.AppStore|Any CPU.Build.0 = Release|Any CPU
		{73740B07-F4D9-440C-874F-7675873E78C3}.AppStore|Any CPU.Deploy.0 = Release|Any CPU
		{73740B07-F4D9-440C-874F-7675873E78C3}.AppStore|ARM.ActiveCfg = Release|ARM
		{73740B07-F4D9-440C-874F-7675873E78C3}.AppStore|ARM.Build.0 = Release|ARM
		{73740B07-F4D9-440C-874F-7675873E78C3}.AppStore|ARM.Deploy.0 = Release|ARM
		{73740B07-F4D9-440C-874F-7675873E78C3}.AppStore|iPhone.ActiveCfg = Release|Any CPU
		{73740B07-F4D9-440C-874F-7675873E78C3}.AppStore|iPhone.Build.0 = Release|Any CPU
		{73740B07-F4D9-440C-874F-7675873E78C3}.AppStore|iPhone.Deploy.0 = Release|Any CPU
		{73740B07-F4D9-440C-874F-7675873E78C3}.AppStore|iPhoneSimulator.ActiveCfg = Release|Any CPU
		{73740B07-F4D9-440C-874F-7675873E78C3}.AppStore|iPhoneSimulator.Build.0 = Release|Any CPU
		{73740B07-F4D9-440C-874F-7675873E78C3}.AppStore|iPhoneSimulator.Deploy.0 = Release|Any CPU
		{73740B07-F4D9-440C-874F-7675873E78C3}.AppStore|x64.ActiveCfg = Release|Any CPU
		{73740B07-F4D9-440C-874F-7675873E78C3}.AppStore|x64.Build.0 = Release|Any CPU
		{73740B07-F4D9-440C-874F-7675873E78C3}.AppStore|x64.Deploy.0 = Release|Any CPU
		{73740B07-F4D9-440C-874F-7675873E78C3}.AppStore|x86.ActiveCfg = Release|x86
		{73740B07-F4D9-440C-874F-7675873E78C3}.AppStore|x86.Build.0 = Release|x86
		{73740B07-F4D9-440C-874F-7675873E78C3}.AppStore|x86.Deploy.0 = Release|x86
		{73740B07-F4D9-440C-874F-7675873E78C3}.Debug|Any CPU.ActiveCfg = Debug|Any CPU
		{73740B07-F4D9-440C-874F-7675873E78C3}.Debug|Any CPU.Build.0 = Debug|Any CPU
		{73740B07-F4D9-440C-874F-7675873E78C3}.Debug|Any CPU.Deploy.0 = Debug|Any CPU
		{73740B07-F4D9-440C-874F-7675873E78C3}.Debug|ARM.ActiveCfg = Debug|ARM
		{73740B07-F4D9-440C-874F-7675873E78C3}.Debug|ARM.Build.0 = Debug|ARM
		{73740B07-F4D9-440C-874F-7675873E78C3}.Debug|ARM.Deploy.0 = Debug|ARM
		{73740B07-F4D9-440C-874F-7675873E78C3}.Debug|iPhone.ActiveCfg = Debug|Any CPU
		{73740B07-F4D9-440C-874F-7675873E78C3}.Debug|iPhone.Build.0 = Debug|Any CPU
		{73740B07-F4D9-440C-874F-7675873E78C3}.Debug|iPhone.Deploy.0 = Debug|Any CPU
		{73740B07-F4D9-440C-874F-7675873E78C3}.Debug|iPhoneSimulator.ActiveCfg = Debug|Any CPU
		{73740B07-F4D9-440C-874F-7675873E78C3}.Debug|iPhoneSimulator.Build.0 = Debug|Any CPU
		{73740B07-F4D9-440C-874F-7675873E78C3}.Debug|iPhoneSimulator.Deploy.0 = Debug|Any CPU
		{73740B07-F4D9-440C-874F-7675873E78C3}.Debug|x64.ActiveCfg = Debug|Any CPU
		{73740B07-F4D9-440C-874F-7675873E78C3}.Debug|x64.Build.0 = Debug|Any CPU
		{73740B07-F4D9-440C-874F-7675873E78C3}.Debug|x64.Deploy.0 = Debug|Any CPU
		{73740B07-F4D9-440C-874F-7675873E78C3}.Debug|x86.ActiveCfg = Debug|x86
		{73740B07-F4D9-440C-874F-7675873E78C3}.Debug|x86.Build.0 = Debug|x86
		{73740B07-F4D9-440C-874F-7675873E78C3}.Debug|x86.Deploy.0 = Debug|x86
		{73740B07-F4D9-440C-874F-7675873E78C3}.Release|Any CPU.ActiveCfg = Release|Any CPU
		{73740B07-F4D9-440C-874F-7675873E78C3}.Release|Any CPU.Build.0 = Release|Any CPU
		{73740B07-F4D9-440C-874F-7675873E78C3}.Release|Any CPU.Deploy.0 = Release|Any CPU
		{73740B07-F4D9-440C-874F-7675873E78C3}.Release|ARM.ActiveCfg = Release|ARM
		{73740B07-F4D9-440C-874F-7675873E78C3}.Release|ARM.Build.0 = Release|ARM
		{73740B07-F4D9-440C-874F-7675873E78C3}.Release|ARM.Deploy.0 = Release|ARM
		{73740B07-F4D9-440C-874F-7675873E78C3}.Release|iPhone.ActiveCfg = Release|Any CPU
		{73740B07-F4D9-440C-874F-7675873E78C3}.Release|iPhone.Build.0 = Release|Any CPU
		{73740B07-F4D9-440C-874F-7675873E78C3}.Release|iPhone.Deploy.0 = Release|Any CPU
		{73740B07-F4D9-440C-874F-7675873E78C3}.Release|iPhoneSimulator.ActiveCfg = Release|Any CPU
		{73740B07-F4D9-440C-874F-7675873E78C3}.Release|iPhoneSimulator.Build.0 = Release|Any CPU
		{73740B07-F4D9-440C-874F-7675873E78C3}.Release|iPhoneSimulator.Deploy.0 = Release|Any CPU
		{73740B07-F4D9-440C-874F-7675873E78C3}.Release|x64.ActiveCfg = Release|Any CPU
		{73740B07-F4D9-440C-874F-7675873E78C3}.Release|x64.Build.0 = Release|Any CPU
		{73740B07-F4D9-440C-874F-7675873E78C3}.Release|x64.Deploy.0 = Release|Any CPU
		{73740B07-F4D9-440C-874F-7675873E78C3}.Release|x86.ActiveCfg = Release|x86
		{73740B07-F4D9-440C-874F-7675873E78C3}.Release|x86.Build.0 = Release|x86
		{73740B07-F4D9-440C-874F-7675873E78C3}.Release|x86.Deploy.0 = Release|x86
		{65712DBC-45FB-4A6D-AE69-D58912B8C0D3}.Ad-Hoc|Any CPU.ActiveCfg = Release|x86
		{65712DBC-45FB-4A6D-AE69-D58912B8C0D3}.Ad-Hoc|Any CPU.Build.0 = Release|x86
		{65712DBC-45FB-4A6D-AE69-D58912B8C0D3}.Ad-Hoc|Any CPU.Deploy.0 = Release|x86
		{65712DBC-45FB-4A6D-AE69-D58912B8C0D3}.Ad-Hoc|ARM.ActiveCfg = Release|ARM
		{65712DBC-45FB-4A6D-AE69-D58912B8C0D3}.Ad-Hoc|ARM.Build.0 = Release|ARM
		{65712DBC-45FB-4A6D-AE69-D58912B8C0D3}.Ad-Hoc|ARM.Deploy.0 = Release|ARM
		{65712DBC-45FB-4A6D-AE69-D58912B8C0D3}.Ad-Hoc|iPhone.ActiveCfg = Release|x86
		{65712DBC-45FB-4A6D-AE69-D58912B8C0D3}.Ad-Hoc|iPhone.Build.0 = Release|x86
		{65712DBC-45FB-4A6D-AE69-D58912B8C0D3}.Ad-Hoc|iPhone.Deploy.0 = Release|x86
		{65712DBC-45FB-4A6D-AE69-D58912B8C0D3}.Ad-Hoc|iPhoneSimulator.ActiveCfg = Release|x86
		{65712DBC-45FB-4A6D-AE69-D58912B8C0D3}.Ad-Hoc|iPhoneSimulator.Build.0 = Release|x86
		{65712DBC-45FB-4A6D-AE69-D58912B8C0D3}.Ad-Hoc|iPhoneSimulator.Deploy.0 = Release|x86
		{65712DBC-45FB-4A6D-AE69-D58912B8C0D3}.Ad-Hoc|x64.ActiveCfg = Release|x64
		{65712DBC-45FB-4A6D-AE69-D58912B8C0D3}.Ad-Hoc|x64.Build.0 = Release|x64
		{65712DBC-45FB-4A6D-AE69-D58912B8C0D3}.Ad-Hoc|x64.Deploy.0 = Release|x64
		{65712DBC-45FB-4A6D-AE69-D58912B8C0D3}.Ad-Hoc|x86.ActiveCfg = Release|x86
		{65712DBC-45FB-4A6D-AE69-D58912B8C0D3}.Ad-Hoc|x86.Build.0 = Release|x86
		{65712DBC-45FB-4A6D-AE69-D58912B8C0D3}.Ad-Hoc|x86.Deploy.0 = Release|x86
		{65712DBC-45FB-4A6D-AE69-D58912B8C0D3}.AppStore|Any CPU.ActiveCfg = Release|x86
		{65712DBC-45FB-4A6D-AE69-D58912B8C0D3}.AppStore|Any CPU.Build.0 = Release|x86
		{65712DBC-45FB-4A6D-AE69-D58912B8C0D3}.AppStore|Any CPU.Deploy.0 = Release|x86
		{65712DBC-45FB-4A6D-AE69-D58912B8C0D3}.AppStore|ARM.ActiveCfg = Release|ARM
		{65712DBC-45FB-4A6D-AE69-D58912B8C0D3}.AppStore|ARM.Build.0 = Release|ARM
		{65712DBC-45FB-4A6D-AE69-D58912B8C0D3}.AppStore|ARM.Deploy.0 = Release|ARM
		{65712DBC-45FB-4A6D-AE69-D58912B8C0D3}.AppStore|iPhone.ActiveCfg = Release|x86
		{65712DBC-45FB-4A6D-AE69-D58912B8C0D3}.AppStore|iPhone.Build.0 = Release|x86
		{65712DBC-45FB-4A6D-AE69-D58912B8C0D3}.AppStore|iPhone.Deploy.0 = Release|x86
		{65712DBC-45FB-4A6D-AE69-D58912B8C0D3}.AppStore|iPhoneSimulator.ActiveCfg = Release|x86
		{65712DBC-45FB-4A6D-AE69-D58912B8C0D3}.AppStore|iPhoneSimulator.Build.0 = Release|x86
		{65712DBC-45FB-4A6D-AE69-D58912B8C0D3}.AppStore|iPhoneSimulator.Deploy.0 = Release|x86
		{65712DBC-45FB-4A6D-AE69-D58912B8C0D3}.AppStore|x64.ActiveCfg = Release|x64
		{65712DBC-45FB-4A6D-AE69-D58912B8C0D3}.AppStore|x64.Build.0 = Release|x64
		{65712DBC-45FB-4A6D-AE69-D58912B8C0D3}.AppStore|x64.Deploy.0 = Release|x64
		{65712DBC-45FB-4A6D-AE69-D58912B8C0D3}.AppStore|x86.ActiveCfg = Release|x86
		{65712DBC-45FB-4A6D-AE69-D58912B8C0D3}.AppStore|x86.Build.0 = Release|x86
		{65712DBC-45FB-4A6D-AE69-D58912B8C0D3}.AppStore|x86.Deploy.0 = Release|x86
		{65712DBC-45FB-4A6D-AE69-D58912B8C0D3}.Debug|Any CPU.ActiveCfg = Debug|x86
		{65712DBC-45FB-4A6D-AE69-D58912B8C0D3}.Debug|ARM.ActiveCfg = Debug|ARM
		{65712DBC-45FB-4A6D-AE69-D58912B8C0D3}.Debug|ARM.Build.0 = Debug|ARM
		{65712DBC-45FB-4A6D-AE69-D58912B8C0D3}.Debug|ARM.Deploy.0 = Debug|ARM
		{65712DBC-45FB-4A6D-AE69-D58912B8C0D3}.Debug|iPhone.ActiveCfg = Debug|x86
		{65712DBC-45FB-4A6D-AE69-D58912B8C0D3}.Debug|iPhoneSimulator.ActiveCfg = Debug|x86
		{65712DBC-45FB-4A6D-AE69-D58912B8C0D3}.Debug|x64.ActiveCfg = Debug|x64
		{65712DBC-45FB-4A6D-AE69-D58912B8C0D3}.Debug|x64.Build.0 = Debug|x64
		{65712DBC-45FB-4A6D-AE69-D58912B8C0D3}.Debug|x64.Deploy.0 = Debug|x64
		{65712DBC-45FB-4A6D-AE69-D58912B8C0D3}.Debug|x86.ActiveCfg = Debug|x86
		{65712DBC-45FB-4A6D-AE69-D58912B8C0D3}.Debug|x86.Build.0 = Debug|x86
		{65712DBC-45FB-4A6D-AE69-D58912B8C0D3}.Debug|x86.Deploy.0 = Debug|x86
		{65712DBC-45FB-4A6D-AE69-D58912B8C0D3}.Release|Any CPU.ActiveCfg = Release|x86
		{65712DBC-45FB-4A6D-AE69-D58912B8C0D3}.Release|ARM.ActiveCfg = Release|ARM
		{65712DBC-45FB-4A6D-AE69-D58912B8C0D3}.Release|ARM.Build.0 = Release|ARM
		{65712DBC-45FB-4A6D-AE69-D58912B8C0D3}.Release|ARM.Deploy.0 = Release|ARM
		{65712DBC-45FB-4A6D-AE69-D58912B8C0D3}.Release|iPhone.ActiveCfg = Release|x86
		{65712DBC-45FB-4A6D-AE69-D58912B8C0D3}.Release|iPhoneSimulator.ActiveCfg = Release|x86
		{65712DBC-45FB-4A6D-AE69-D58912B8C0D3}.Release|x64.ActiveCfg = Release|x64
		{65712DBC-45FB-4A6D-AE69-D58912B8C0D3}.Release|x64.Build.0 = Release|x64
		{65712DBC-45FB-4A6D-AE69-D58912B8C0D3}.Release|x64.Deploy.0 = Release|x64
		{65712DBC-45FB-4A6D-AE69-D58912B8C0D3}.Release|x86.ActiveCfg = Release|x86
		{65712DBC-45FB-4A6D-AE69-D58912B8C0D3}.Release|x86.Build.0 = Release|x86
		{65712DBC-45FB-4A6D-AE69-D58912B8C0D3}.Release|x86.Deploy.0 = Release|x86
		{E2739D37-66A1-479E-95BA-129D164D6263}.Ad-Hoc|Any CPU.ActiveCfg = Release|Any CPU
		{E2739D37-66A1-479E-95BA-129D164D6263}.Ad-Hoc|Any CPU.Build.0 = Release|Any CPU
		{E2739D37-66A1-479E-95BA-129D164D6263}.Ad-Hoc|Any CPU.Deploy.0 = Release|Any CPU
		{E2739D37-66A1-479E-95BA-129D164D6263}.Ad-Hoc|ARM.ActiveCfg = Release|ARM
		{E2739D37-66A1-479E-95BA-129D164D6263}.Ad-Hoc|ARM.Build.0 = Release|ARM
		{E2739D37-66A1-479E-95BA-129D164D6263}.Ad-Hoc|ARM.Deploy.0 = Release|ARM
		{E2739D37-66A1-479E-95BA-129D164D6263}.Ad-Hoc|iPhone.ActiveCfg = Release|Any CPU
		{E2739D37-66A1-479E-95BA-129D164D6263}.Ad-Hoc|iPhone.Build.0 = Release|Any CPU
		{E2739D37-66A1-479E-95BA-129D164D6263}.Ad-Hoc|iPhone.Deploy.0 = Release|Any CPU
		{E2739D37-66A1-479E-95BA-129D164D6263}.Ad-Hoc|iPhoneSimulator.ActiveCfg = Release|Any CPU
		{E2739D37-66A1-479E-95BA-129D164D6263}.Ad-Hoc|iPhoneSimulator.Build.0 = Release|Any CPU
		{E2739D37-66A1-479E-95BA-129D164D6263}.Ad-Hoc|iPhoneSimulator.Deploy.0 = Release|Any CPU
		{E2739D37-66A1-479E-95BA-129D164D6263}.Ad-Hoc|x64.ActiveCfg = Release|x64
		{E2739D37-66A1-479E-95BA-129D164D6263}.Ad-Hoc|x64.Build.0 = Release|x64
		{E2739D37-66A1-479E-95BA-129D164D6263}.Ad-Hoc|x64.Deploy.0 = Release|x64
		{E2739D37-66A1-479E-95BA-129D164D6263}.Ad-Hoc|x86.ActiveCfg = Release|x86
		{E2739D37-66A1-479E-95BA-129D164D6263}.Ad-Hoc|x86.Build.0 = Release|x86
		{E2739D37-66A1-479E-95BA-129D164D6263}.Ad-Hoc|x86.Deploy.0 = Release|x86
		{E2739D37-66A1-479E-95BA-129D164D6263}.AppStore|Any CPU.ActiveCfg = Release|Any CPU
		{E2739D37-66A1-479E-95BA-129D164D6263}.AppStore|Any CPU.Build.0 = Release|Any CPU
		{E2739D37-66A1-479E-95BA-129D164D6263}.AppStore|Any CPU.Deploy.0 = Release|Any CPU
		{E2739D37-66A1-479E-95BA-129D164D6263}.AppStore|ARM.ActiveCfg = Release|ARM
		{E2739D37-66A1-479E-95BA-129D164D6263}.AppStore|ARM.Build.0 = Release|ARM
		{E2739D37-66A1-479E-95BA-129D164D6263}.AppStore|ARM.Deploy.0 = Release|ARM
		{E2739D37-66A1-479E-95BA-129D164D6263}.AppStore|iPhone.ActiveCfg = Release|Any CPU
		{E2739D37-66A1-479E-95BA-129D164D6263}.AppStore|iPhone.Build.0 = Release|Any CPU
		{E2739D37-66A1-479E-95BA-129D164D6263}.AppStore|iPhone.Deploy.0 = Release|Any CPU
		{E2739D37-66A1-479E-95BA-129D164D6263}.AppStore|iPhoneSimulator.ActiveCfg = Release|Any CPU
		{E2739D37-66A1-479E-95BA-129D164D6263}.AppStore|iPhoneSimulator.Build.0 = Release|Any CPU
		{E2739D37-66A1-479E-95BA-129D164D6263}.AppStore|iPhoneSimulator.Deploy.0 = Release|Any CPU
		{E2739D37-66A1-479E-95BA-129D164D6263}.AppStore|x64.ActiveCfg = Release|x64
		{E2739D37-66A1-479E-95BA-129D164D6263}.AppStore|x64.Build.0 = Release|x64
		{E2739D37-66A1-479E-95BA-129D164D6263}.AppStore|x64.Deploy.0 = Release|x64
		{E2739D37-66A1-479E-95BA-129D164D6263}.AppStore|x86.ActiveCfg = Release|x86
		{E2739D37-66A1-479E-95BA-129D164D6263}.AppStore|x86.Build.0 = Release|x86
		{E2739D37-66A1-479E-95BA-129D164D6263}.AppStore|x86.Deploy.0 = Release|x86
		{E2739D37-66A1-479E-95BA-129D164D6263}.Debug|Any CPU.ActiveCfg = Debug|Any CPU
		{E2739D37-66A1-479E-95BA-129D164D6263}.Debug|Any CPU.Build.0 = Debug|Any CPU
		{E2739D37-66A1-479E-95BA-129D164D6263}.Debug|Any CPU.Deploy.0 = Debug|Any CPU
		{E2739D37-66A1-479E-95BA-129D164D6263}.Debug|ARM.ActiveCfg = Debug|ARM
		{E2739D37-66A1-479E-95BA-129D164D6263}.Debug|ARM.Build.0 = Debug|ARM
		{E2739D37-66A1-479E-95BA-129D164D6263}.Debug|ARM.Deploy.0 = Debug|ARM
		{E2739D37-66A1-479E-95BA-129D164D6263}.Debug|iPhone.ActiveCfg = Debug|Any CPU
		{E2739D37-66A1-479E-95BA-129D164D6263}.Debug|iPhone.Build.0 = Debug|Any CPU
		{E2739D37-66A1-479E-95BA-129D164D6263}.Debug|iPhone.Deploy.0 = Debug|Any CPU
		{E2739D37-66A1-479E-95BA-129D164D6263}.Debug|iPhoneSimulator.ActiveCfg = Debug|Any CPU
		{E2739D37-66A1-479E-95BA-129D164D6263}.Debug|iPhoneSimulator.Build.0 = Debug|Any CPU
		{E2739D37-66A1-479E-95BA-129D164D6263}.Debug|iPhoneSimulator.Deploy.0 = Debug|Any CPU
		{E2739D37-66A1-479E-95BA-129D164D6263}.Debug|x64.ActiveCfg = Debug|x64
		{E2739D37-66A1-479E-95BA-129D164D6263}.Debug|x64.Build.0 = Debug|x64
		{E2739D37-66A1-479E-95BA-129D164D6263}.Debug|x64.Deploy.0 = Debug|x64
		{E2739D37-66A1-479E-95BA-129D164D6263}.Debug|x86.ActiveCfg = Debug|x86
		{E2739D37-66A1-479E-95BA-129D164D6263}.Debug|x86.Build.0 = Debug|x86
		{E2739D37-66A1-479E-95BA-129D164D6263}.Debug|x86.Deploy.0 = Debug|x86
		{E2739D37-66A1-479E-95BA-129D164D6263}.Release|Any CPU.ActiveCfg = Release|Any CPU
		{E2739D37-66A1-479E-95BA-129D164D6263}.Release|Any CPU.Build.0 = Release|Any CPU
		{E2739D37-66A1-479E-95BA-129D164D6263}.Release|Any CPU.Deploy.0 = Release|Any CPU
		{E2739D37-66A1-479E-95BA-129D164D6263}.Release|ARM.ActiveCfg = Release|ARM
		{E2739D37-66A1-479E-95BA-129D164D6263}.Release|ARM.Build.0 = Release|ARM
		{E2739D37-66A1-479E-95BA-129D164D6263}.Release|ARM.Deploy.0 = Release|ARM
		{E2739D37-66A1-479E-95BA-129D164D6263}.Release|iPhone.ActiveCfg = Release|Any CPU
		{E2739D37-66A1-479E-95BA-129D164D6263}.Release|iPhone.Build.0 = Release|Any CPU
		{E2739D37-66A1-479E-95BA-129D164D6263}.Release|iPhone.Deploy.0 = Release|Any CPU
		{E2739D37-66A1-479E-95BA-129D164D6263}.Release|iPhoneSimulator.ActiveCfg = Release|Any CPU
		{E2739D37-66A1-479E-95BA-129D164D6263}.Release|iPhoneSimulator.Build.0 = Release|Any CPU
		{E2739D37-66A1-479E-95BA-129D164D6263}.Release|iPhoneSimulator.Deploy.0 = Release|Any CPU
		{E2739D37-66A1-479E-95BA-129D164D6263}.Release|x64.ActiveCfg = Release|x64
		{E2739D37-66A1-479E-95BA-129D164D6263}.Release|x64.Build.0 = Release|x64
		{E2739D37-66A1-479E-95BA-129D164D6263}.Release|x64.Deploy.0 = Release|x64
		{E2739D37-66A1-479E-95BA-129D164D6263}.Release|x86.ActiveCfg = Release|x86
		{E2739D37-66A1-479E-95BA-129D164D6263}.Release|x86.Build.0 = Release|x86
		{E2739D37-66A1-479E-95BA-129D164D6263}.Release|x86.Deploy.0 = Release|x86
		{434103D0-497E-491D-BA7A-73B18BF3AC6A}.Ad-Hoc|Any CPU.ActiveCfg = Release|Any CPU
		{434103D0-497E-491D-BA7A-73B18BF3AC6A}.Ad-Hoc|Any CPU.Build.0 = Release|Any CPU
		{434103D0-497E-491D-BA7A-73B18BF3AC6A}.Ad-Hoc|ARM.ActiveCfg = Release|Any CPU
		{434103D0-497E-491D-BA7A-73B18BF3AC6A}.Ad-Hoc|ARM.Build.0 = Release|Any CPU
		{434103D0-497E-491D-BA7A-73B18BF3AC6A}.Ad-Hoc|iPhone.ActiveCfg = Release|Any CPU
		{434103D0-497E-491D-BA7A-73B18BF3AC6A}.Ad-Hoc|iPhone.Build.0 = Release|Any CPU
		{434103D0-497E-491D-BA7A-73B18BF3AC6A}.Ad-Hoc|iPhoneSimulator.ActiveCfg = Release|Any CPU
		{434103D0-497E-491D-BA7A-73B18BF3AC6A}.Ad-Hoc|iPhoneSimulator.Build.0 = Release|Any CPU
		{434103D0-497E-491D-BA7A-73B18BF3AC6A}.Ad-Hoc|x64.ActiveCfg = Release|Any CPU
		{434103D0-497E-491D-BA7A-73B18BF3AC6A}.Ad-Hoc|x64.Build.0 = Release|Any CPU
		{434103D0-497E-491D-BA7A-73B18BF3AC6A}.Ad-Hoc|x86.ActiveCfg = Release|Any CPU
		{434103D0-497E-491D-BA7A-73B18BF3AC6A}.Ad-Hoc|x86.Build.0 = Release|Any CPU
		{434103D0-497E-491D-BA7A-73B18BF3AC6A}.AppStore|Any CPU.ActiveCfg = Release|Any CPU
		{434103D0-497E-491D-BA7A-73B18BF3AC6A}.AppStore|Any CPU.Build.0 = Release|Any CPU
		{434103D0-497E-491D-BA7A-73B18BF3AC6A}.AppStore|ARM.ActiveCfg = Release|Any CPU
		{434103D0-497E-491D-BA7A-73B18BF3AC6A}.AppStore|ARM.Build.0 = Release|Any CPU
		{434103D0-497E-491D-BA7A-73B18BF3AC6A}.AppStore|iPhone.ActiveCfg = Release|Any CPU
		{434103D0-497E-491D-BA7A-73B18BF3AC6A}.AppStore|iPhone.Build.0 = Release|Any CPU
		{434103D0-497E-491D-BA7A-73B18BF3AC6A}.AppStore|iPhoneSimulator.ActiveCfg = Release|Any CPU
		{434103D0-497E-491D-BA7A-73B18BF3AC6A}.AppStore|iPhoneSimulator.Build.0 = Release|Any CPU
		{434103D0-497E-491D-BA7A-73B18BF3AC6A}.AppStore|x64.ActiveCfg = Release|Any CPU
		{434103D0-497E-491D-BA7A-73B18BF3AC6A}.AppStore|x64.Build.0 = Release|Any CPU
		{434103D0-497E-491D-BA7A-73B18BF3AC6A}.AppStore|x86.ActiveCfg = Release|Any CPU
		{434103D0-497E-491D-BA7A-73B18BF3AC6A}.AppStore|x86.Build.0 = Release|Any CPU
		{434103D0-497E-491D-BA7A-73B18BF3AC6A}.Debug|Any CPU.ActiveCfg = Debug|Any CPU
		{434103D0-497E-491D-BA7A-73B18BF3AC6A}.Debug|Any CPU.Build.0 = Debug|Any CPU
		{434103D0-497E-491D-BA7A-73B18BF3AC6A}.Debug|ARM.ActiveCfg = Debug|Any CPU
		{434103D0-497E-491D-BA7A-73B18BF3AC6A}.Debug|ARM.Build.0 = Debug|Any CPU
		{434103D0-497E-491D-BA7A-73B18BF3AC6A}.Debug|iPhone.ActiveCfg = Debug|Any CPU
		{434103D0-497E-491D-BA7A-73B18BF3AC6A}.Debug|iPhone.Build.0 = Debug|Any CPU
		{434103D0-497E-491D-BA7A-73B18BF3AC6A}.Debug|iPhoneSimulator.ActiveCfg = Debug|Any CPU
		{434103D0-497E-491D-BA7A-73B18BF3AC6A}.Debug|iPhoneSimulator.Build.0 = Debug|Any CPU
		{434103D0-497E-491D-BA7A-73B18BF3AC6A}.Debug|x64.ActiveCfg = Debug|Any CPU
		{434103D0-497E-491D-BA7A-73B18BF3AC6A}.Debug|x64.Build.0 = Debug|Any CPU
		{434103D0-497E-491D-BA7A-73B18BF3AC6A}.Debug|x86.ActiveCfg = Debug|Any CPU
		{434103D0-497E-491D-BA7A-73B18BF3AC6A}.Debug|x86.Build.0 = Debug|Any CPU
		{434103D0-497E-491D-BA7A-73B18BF3AC6A}.Release|Any CPU.ActiveCfg = Release|Any CPU
		{434103D0-497E-491D-BA7A-73B18BF3AC6A}.Release|Any CPU.Build.0 = Release|Any CPU
		{434103D0-497E-491D-BA7A-73B18BF3AC6A}.Release|ARM.ActiveCfg = Release|Any CPU
		{434103D0-497E-491D-BA7A-73B18BF3AC6A}.Release|ARM.Build.0 = Release|Any CPU
		{434103D0-497E-491D-BA7A-73B18BF3AC6A}.Release|iPhone.ActiveCfg = Release|Any CPU
		{434103D0-497E-491D-BA7A-73B18BF3AC6A}.Release|iPhone.Build.0 = Release|Any CPU
		{434103D0-497E-491D-BA7A-73B18BF3AC6A}.Release|iPhoneSimulator.ActiveCfg = Release|Any CPU
		{434103D0-497E-491D-BA7A-73B18BF3AC6A}.Release|iPhoneSimulator.Build.0 = Release|Any CPU
		{434103D0-497E-491D-BA7A-73B18BF3AC6A}.Release|x64.ActiveCfg = Release|Any CPU
		{434103D0-497E-491D-BA7A-73B18BF3AC6A}.Release|x64.Build.0 = Release|Any CPU
		{434103D0-497E-491D-BA7A-73B18BF3AC6A}.Release|x86.ActiveCfg = Release|Any CPU
		{434103D0-497E-491D-BA7A-73B18BF3AC6A}.Release|x86.Build.0 = Release|Any CPU
	EndGlobalSection
	GlobalSection(SolutionProperties) = preSolution
		HideSolutionNode = FALSE
	EndGlobalSection
EndGlobal
