
Microsoft Visual Studio Solution File, Format Version 12.00
# Visual Studio 14
VisualStudioVersion = 14.0.25123.0
MinimumVisualStudioVersion = 10.0.40219.1
Project("{FAE04EC0-301F-11D3-BF4B-00C04F79EFBC}") = "XFWebSrv.Droid", "XFWebSrv\XFWebSrv.Droid\XFWebSrv.Droid.csproj", "{BDB030DC-21BD-473B-9ECD-196792B15482}"
EndProject
Project("{FAE04EC0-301F-11D3-BF4B-00C04F79EFBC}") = "XFWebSrv.iOS", "XFWebSrv\XFWebSrv.iOS\XFWebSrv.iOS.csproj", "{4E65E0DE-5DEF-45A7-AB4C-D9956BE7BFA6}"
EndProject
Project("{FAE04EC0-301F-11D3-BF4B-00C04F79EFBC}") = "XFWebSrv.WinPhone", "XFWebSrv\XFWebSrv.WinPhone\XFWebSrv.WinPhone.csproj", "{7DC7BB79-1F99-46E7-A5AA-C7684E264A5B}"
EndProject
Project("{FAE04EC0-301F-11D3-BF4B-00C04F79EFBC}") = "XFWebSrv.UWP", "XFWebSrv\XFWebSrv.UWP\XFWebSrv.UWP.csproj", "{835F9E5E-8BE8-4C33-B9E3-9B48265F4CA8}"
EndProject
Project("{FAE04EC0-301F-11D3-BF4B-00C04F79EFBC}") = "XFWebSrv.Windows", "XFWebSrv\XFWebSrv.Windows\XFWebSrv.Windows.csproj", "{6C7354C4-AA5E-4214-B66E-D49041E1EB19}"
EndProject
Project("{FAE04EC0-301F-11D3-BF4B-00C04F79EFBC}") = "XFWebSrv", "XFWebSrv\XFWebSrv\XFWebSrv.csproj", "{A451E918-5A6B-4A83-B212-D842789D0F8A}"
EndProject
Project("{FAE04EC0-301F-11D3-BF4B-00C04F79EFBC}") = "XFWCFPCL", "XFWCFPCL\XFWCFPCL.csproj", "{356DB51D-8046-4D81-AA4A-A32684759AA6}"
EndProject
Global
	GlobalSection(SolutionConfigurationPlatforms) = preSolution
		Ad-Hoc|Any CPU = Ad-Hoc|Any CPU
		Ad-Hoc|ARM = Ad-Hoc|ARM
		Ad-Hoc|iPhone = Ad-Hoc|iPhone
		Ad-Hoc|iPhoneSimulator = Ad-Hoc|iPhoneSimulator
		Ad-Hoc|x64 = Ad-Hoc|x64
		Ad-Hoc|x86 = Ad-Hoc|x86
		AppStore|Any CPU = AppStore|Any CPU
		AppStore|ARM = AppStore|ARM
		AppStore|iPhone = AppStore|iPhone
		AppStore|iPhoneSimulator = AppStore|iPhoneSimulator
		AppStore|x64 = AppStore|x64
		AppStore|x86 = AppStore|x86
		Debug|Any CPU = Debug|Any CPU
		Debug|ARM = Debug|ARM
		Debug|iPhone = Debug|iPhone
		Debug|iPhoneSimulator = Debug|iPhoneSimulator
		Debug|x64 = Debug|x64
		Debug|x86 = Debug|x86
		Release|Any CPU = Release|Any CPU
		Release|ARM = Release|ARM
		Release|iPhone = Release|iPhone
		Release|iPhoneSimulator = Release|iPhoneSimulator
		Release|x64 = Release|x64
		Release|x86 = Release|x86
	EndGlobalSection
	GlobalSection(ProjectConfigurationPlatforms) = postSolution
		{BDB030DC-21BD-473B-9ECD-196792B15482}.Ad-Hoc|Any CPU.ActiveCfg = Release|Any CPU
		{BDB030DC-21BD-473B-9ECD-196792B15482}.Ad-Hoc|Any CPU.Build.0 = Release|Any CPU
		{BDB030DC-21BD-473B-9ECD-196792B15482}.Ad-Hoc|Any CPU.Deploy.0 = Release|Any CPU
		{BDB030DC-21BD-473B-9ECD-196792B15482}.Ad-Hoc|ARM.ActiveCfg = Release|Any CPU
		{BDB030DC-21BD-473B-9ECD-196792B15482}.Ad-Hoc|ARM.Build.0 = Release|Any CPU
		{BDB030DC-21BD-473B-9ECD-196792B15482}.Ad-Hoc|ARM.Deploy.0 = Release|Any CPU
		{BDB030DC-21BD-473B-9ECD-196792B15482}.Ad-Hoc|iPhone.ActiveCfg = Release|Any CPU
		{BDB030DC-21BD-473B-9ECD-196792B15482}.Ad-Hoc|iPhone.Build.0 = Release|Any CPU
		{BDB030DC-21BD-473B-9ECD-196792B15482}.Ad-Hoc|iPhone.Deploy.0 = Release|Any CPU
		{BDB030DC-21BD-473B-9ECD-196792B15482}.Ad-Hoc|iPhoneSimulator.ActiveCfg = Release|Any CPU
		{BDB030DC-21BD-473B-9ECD-196792B15482}.Ad-Hoc|iPhoneSimulator.Build.0 = Release|Any CPU
		{BDB030DC-21BD-473B-9ECD-196792B15482}.Ad-Hoc|iPhoneSimulator.Deploy.0 = Release|Any CPU
		{BDB030DC-21BD-473B-9ECD-196792B15482}.Ad-Hoc|x64.ActiveCfg = Release|Any CPU
		{BDB030DC-21BD-473B-9ECD-196792B15482}.Ad-Hoc|x64.Build.0 = Release|Any CPU
		{BDB030DC-21BD-473B-9ECD-196792B15482}.Ad-Hoc|x64.Deploy.0 = Release|Any CPU
		{BDB030DC-21BD-473B-9ECD-196792B15482}.Ad-Hoc|x86.ActiveCfg = Release|Any CPU
		{BDB030DC-21BD-473B-9ECD-196792B15482}.Ad-Hoc|x86.Build.0 = Release|Any CPU
		{BDB030DC-21BD-473B-9ECD-196792B15482}.Ad-Hoc|x86.Deploy.0 = Release|Any CPU
		{BDB030DC-21BD-473B-9ECD-196792B15482}.AppStore|Any CPU.ActiveCfg = Release|Any CPU
		{BDB030DC-21BD-473B-9ECD-196792B15482}.AppStore|Any CPU.Build.0 = Release|Any CPU
		{BDB030DC-21BD-473B-9ECD-196792B15482}.AppStore|Any CPU.Deploy.0 = Release|Any CPU
		{BDB030DC-21BD-473B-9ECD-196792B15482}.AppStore|ARM.ActiveCfg = Release|Any CPU
		{BDB030DC-21BD-473B-9ECD-196792B15482}.AppStore|ARM.Build.0 = Release|Any CPU
		{BDB030DC-21BD-473B-9ECD-196792B15482}.AppStore|ARM.Deploy.0 = Release|Any CPU
		{BDB030DC-21BD-473B-9ECD-196792B15482}.AppStore|iPhone.ActiveCfg = Release|Any CPU
		{BDB030DC-21BD-473B-9ECD-196792B15482}.AppStore|iPhone.Build.0 = Release|Any CPU
		{BDB030DC-21BD-473B-9ECD-196792B15482}.AppStore|iPhone.Deploy.0 = Release|Any CPU
		{BDB030DC-21BD-473B-9ECD-196792B15482}.AppStore|iPhoneSimulator.ActiveCfg = Release|Any CPU
		{BDB030DC-21BD-473B-9ECD-196792B15482}.AppStore|iPhoneSimulator.Build.0 = Release|Any CPU
		{BDB030DC-21BD-473B-9ECD-196792B15482}.AppStore|iPhoneSimulator.Deploy.0 = Release|Any CPU
		{BDB030DC-21BD-473B-9ECD-196792B15482}.AppStore|x64.ActiveCfg = Release|Any CPU
		{BDB030DC-21BD-473B-9ECD-196792B15482}.AppStore|x64.Build.0 = Release|Any CPU
		{BDB030DC-21BD-473B-9ECD-196792B15482}.AppStore|x64.Deploy.0 = Release|Any CPU
		{BDB030DC-21BD-473B-9ECD-196792B15482}.AppStore|x86.ActiveCfg = Release|Any CPU
		{BDB030DC-21BD-473B-9ECD-196792B15482}.AppStore|x86.Build.0 = Release|Any CPU
		{BDB030DC-21BD-473B-9ECD-196792B15482}.AppStore|x86.Deploy.0 = Release|Any CPU
		{BDB030DC-21BD-473B-9ECD-196792B15482}.Debug|Any CPU.ActiveCfg = Debug|Any CPU
		{BDB030DC-21BD-473B-9ECD-196792B15482}.Debug|Any CPU.Build.0 = Debug|Any CPU
		{BDB030DC-21BD-473B-9ECD-196792B15482}.Debug|Any CPU.Deploy.0 = Debug|Any CPU
		{BDB030DC-21BD-473B-9ECD-196792B15482}.Debug|ARM.ActiveCfg = Debug|Any CPU
		{BDB030DC-21BD-473B-9ECD-196792B15482}.Debug|ARM.Build.0 = Debug|Any CPU
		{BDB030DC-21BD-473B-9ECD-196792B15482}.Debug|ARM.Deploy.0 = Debug|Any CPU
		{BDB030DC-21BD-473B-9ECD-196792B15482}.Debug|iPhone.ActiveCfg = Debug|Any CPU
		{BDB030DC-21BD-473B-9ECD-196792B15482}.Debug|iPhone.Build.0 = Debug|Any CPU
		{BDB030DC-21BD-473B-9ECD-196792B15482}.Debug|iPhone.Deploy.0 = Debug|Any CPU
		{BDB030DC-21BD-473B-9ECD-196792B15482}.Debug|iPhoneSimulator.ActiveCfg = Debug|Any CPU
		{BDB030DC-21BD-473B-9ECD-196792B15482}.Debug|iPhoneSimulator.Build.0 = Debug|Any CPU
		{BDB030DC-21BD-473B-9ECD-196792B15482}.Debug|iPhoneSimulator.Deploy.0 = Debug|Any CPU
		{BDB030DC-21BD-473B-9ECD-196792B15482}.Debug|x64.ActiveCfg = Debug|Any CPU
		{BDB030DC-21BD-473B-9ECD-196792B15482}.Debug|x64.Build.0 = Debug|Any CPU
		{BDB030DC-21BD-473B-9ECD-196792B15482}.Debug|x64.Deploy.0 = Debug|Any CPU
		{BDB030DC-21BD-473B-9ECD-196792B15482}.Debug|x86.ActiveCfg = Debug|Any CPU
		{BDB030DC-21BD-473B-9ECD-196792B15482}.Debug|x86.Build.0 = Debug|Any CPU
		{BDB030DC-21BD-473B-9ECD-196792B15482}.Debug|x86.Deploy.0 = Debug|Any CPU
		{BDB030DC-21BD-473B-9ECD-196792B15482}.Release|Any CPU.ActiveCfg = Release|Any CPU
		{BDB030DC-21BD-473B-9ECD-196792B15482}.Release|Any CPU.Build.0 = Release|Any CPU
		{BDB030DC-21BD-473B-9ECD-196792B15482}.Release|Any CPU.Deploy.0 = Release|Any CPU
		{BDB030DC-21BD-473B-9ECD-196792B15482}.Release|ARM.ActiveCfg = Release|Any CPU
		{BDB030DC-21BD-473B-9ECD-196792B15482}.Release|ARM.Build.0 = Release|Any CPU
		{BDB030DC-21BD-473B-9ECD-196792B15482}.Release|ARM.Deploy.0 = Release|Any CPU
		{BDB030DC-21BD-473B-9ECD-196792B15482}.Release|iPhone.ActiveCfg = Release|Any CPU
		{BDB030DC-21BD-473B-9ECD-196792B15482}.Release|iPhone.Build.0 = Release|Any CPU
		{BDB030DC-21BD-473B-9ECD-196792B15482}.Release|iPhone.Deploy.0 = Release|Any CPU
		{BDB030DC-21BD-473B-9ECD-196792B15482}.Release|iPhoneSimulator.ActiveCfg = Release|Any CPU
		{BDB030DC-21BD-473B-9ECD-196792B15482}.Release|iPhoneSimulator.Build.0 = Release|Any CPU
		{BDB030DC-21BD-473B-9ECD-196792B15482}.Release|iPhoneSimulator.Deploy.0 = Release|Any CPU
		{BDB030DC-21BD-473B-9ECD-196792B15482}.Release|x64.ActiveCfg = Release|Any CPU
		{BDB030DC-21BD-473B-9ECD-196792B15482}.Release|x64.Build.0 = Release|Any CPU
		{BDB030DC-21BD-473B-9ECD-196792B15482}.Release|x64.Deploy.0 = Release|Any CPU
		{BDB030DC-21BD-473B-9ECD-196792B15482}.Release|x86.ActiveCfg = Release|Any CPU
		{BDB030DC-21BD-473B-9ECD-196792B15482}.Release|x86.Build.0 = Release|Any CPU
		{BDB030DC-21BD-473B-9ECD-196792B15482}.Release|x86.Deploy.0 = Release|Any CPU
		{4E65E0DE-5DEF-45A7-AB4C-D9956BE7BFA6}.Ad-Hoc|Any CPU.ActiveCfg = Ad-Hoc|iPhone
		{4E65E0DE-5DEF-45A7-AB4C-D9956BE7BFA6}.Ad-Hoc|ARM.ActiveCfg = Ad-Hoc|iPhone
		{4E65E0DE-5DEF-45A7-AB4C-D9956BE7BFA6}.Ad-Hoc|iPhone.ActiveCfg = Ad-Hoc|iPhone
		{4E65E0DE-5DEF-45A7-AB4C-D9956BE7BFA6}.Ad-Hoc|iPhone.Build.0 = Ad-Hoc|iPhone
		{4E65E0DE-5DEF-45A7-AB4C-D9956BE7BFA6}.Ad-Hoc|iPhoneSimulator.ActiveCfg = Ad-Hoc|iPhoneSimulator
		{4E65E0DE-5DEF-45A7-AB4C-D9956BE7BFA6}.Ad-Hoc|iPhoneSimulator.Build.0 = Ad-Hoc|iPhoneSimulator
		{4E65E0DE-5DEF-45A7-AB4C-D9956BE7BFA6}.Ad-Hoc|x64.ActiveCfg = Ad-Hoc|iPhone
		{4E65E0DE-5DEF-45A7-AB4C-D9956BE7BFA6}.Ad-Hoc|x86.ActiveCfg = Ad-Hoc|iPhone
		{4E65E0DE-5DEF-45A7-AB4C-D9956BE7BFA6}.AppStore|Any CPU.ActiveCfg = AppStore|iPhone
		{4E65E0DE-5DEF-45A7-AB4C-D9956BE7BFA6}.AppStore|ARM.ActiveCfg = AppStore|iPhone
		{4E65E0DE-5DEF-45A7-AB4C-D9956BE7BFA6}.AppStore|iPhone.ActiveCfg = AppStore|iPhone
		{4E65E0DE-5DEF-45A7-AB4C-D9956BE7BFA6}.AppStore|iPhone.Build.0 = AppStore|iPhone
		{4E65E0DE-5DEF-45A7-AB4C-D9956BE7BFA6}.AppStore|iPhoneSimulator.ActiveCfg = AppStore|iPhoneSimulator
		{4E65E0DE-5DEF-45A7-AB4C-D9956BE7BFA6}.AppStore|iPhoneSimulator.Build.0 = AppStore|iPhoneSimulator
		{4E65E0DE-5DEF-45A7-AB4C-D9956BE7BFA6}.AppStore|x64.ActiveCfg = AppStore|iPhone
		{4E65E0DE-5DEF-45A7-AB4C-D9956BE7BFA6}.AppStore|x86.ActiveCfg = AppStore|iPhone
		{4E65E0DE-5DEF-45A7-AB4C-D9956BE7BFA6}.Debug|Any CPU.ActiveCfg = Debug|iPhone
		{4E65E0DE-5DEF-45A7-AB4C-D9956BE7BFA6}.Debug|ARM.ActiveCfg = Debug|iPhone
		{4E65E0DE-5DEF-45A7-AB4C-D9956BE7BFA6}.Debug|iPhone.ActiveCfg = Debug|iPhone
		{4E65E0DE-5DEF-45A7-AB4C-D9956BE7BFA6}.Debug|iPhone.Build.0 = Debug|iPhone
		{4E65E0DE-5DEF-45A7-AB4C-D9956BE7BFA6}.Debug|iPhoneSimulator.ActiveCfg = Debug|iPhoneSimulator
		{4E65E0DE-5DEF-45A7-AB4C-D9956BE7BFA6}.Debug|iPhoneSimulator.Build.0 = Debug|iPhoneSimulator
		{4E65E0DE-5DEF-45A7-AB4C-D9956BE7BFA6}.Debug|x64.ActiveCfg = Debug|iPhone
		{4E65E0DE-5DEF-45A7-AB4C-D9956BE7BFA6}.Debug|x86.ActiveCfg = Debug|iPhone
		{4E65E0DE-5DEF-45A7-AB4C-D9956BE7BFA6}.Release|Any CPU.ActiveCfg = Release|iPhone
		{4E65E0DE-5DEF-45A7-AB4C-D9956BE7BFA6}.Release|ARM.ActiveCfg = Release|iPhone
		{4E65E0DE-5DEF-45A7-AB4C-D9956BE7BFA6}.Release|iPhone.ActiveCfg = Release|iPhone
		{4E65E0DE-5DEF-45A7-AB4C-D9956BE7BFA6}.Release|iPhone.Build.0 = Release|iPhone
		{4E65E0DE-5DEF-45A7-AB4C-D9956BE7BFA6}.Release|iPhoneSimulator.ActiveCfg = Release|iPhoneSimulator
		{4E65E0DE-5DEF-45A7-AB4C-D9956BE7BFA6}.Release|iPhoneSimulator.Build.0 = Release|iPhoneSimulator
		{4E65E0DE-5DEF-45A7-AB4C-D9956BE7BFA6}.Release|x64.ActiveCfg = Release|iPhone
		{4E65E0DE-5DEF-45A7-AB4C-D9956BE7BFA6}.Release|x86.ActiveCfg = Release|iPhone
		{7DC7BB79-1F99-46E7-A5AA-C7684E264A5B}.Ad-Hoc|Any CPU.ActiveCfg = Release|Any CPU
		{7DC7BB79-1F99-46E7-A5AA-C7684E264A5B}.Ad-Hoc|Any CPU.Build.0 = Release|Any CPU
		{7DC7BB79-1F99-46E7-A5AA-C7684E264A5B}.Ad-Hoc|Any CPU.Deploy.0 = Release|Any CPU
		{7DC7BB79-1F99-46E7-A5AA-C7684E264A5B}.Ad-Hoc|ARM.ActiveCfg = Release|ARM
		{7DC7BB79-1F99-46E7-A5AA-C7684E264A5B}.Ad-Hoc|ARM.Build.0 = Release|ARM
		{7DC7BB79-1F99-46E7-A5AA-C7684E264A5B}.Ad-Hoc|ARM.Deploy.0 = Release|ARM
		{7DC7BB79-1F99-46E7-A5AA-C7684E264A5B}.Ad-Hoc|iPhone.ActiveCfg = Release|Any CPU
		{7DC7BB79-1F99-46E7-A5AA-C7684E264A5B}.Ad-Hoc|iPhone.Build.0 = Release|Any CPU
		{7DC7BB79-1F99-46E7-A5AA-C7684E264A5B}.Ad-Hoc|iPhone.Deploy.0 = Release|Any CPU
		{7DC7BB79-1F99-46E7-A5AA-C7684E264A5B}.Ad-Hoc|iPhoneSimulator.ActiveCfg = Release|Any CPU
		{7DC7BB79-1F99-46E7-A5AA-C7684E264A5B}.Ad-Hoc|iPhoneSimulator.Build.0 = Release|Any CPU
		{7DC7BB79-1F99-46E7-A5AA-C7684E264A5B}.Ad-Hoc|iPhoneSimulator.Deploy.0 = Release|Any CPU
		{7DC7BB79-1F99-46E7-A5AA-C7684E264A5B}.Ad-Hoc|x64.ActiveCfg = Release|Any CPU
		{7DC7BB79-1F99-46E7-A5AA-C7684E264A5B}.Ad-Hoc|x64.Build.0 = Release|Any CPU
		{7DC7BB79-1F99-46E7-A5AA-C7684E264A5B}.Ad-Hoc|x64.Deploy.0 = Release|Any CPU
		{7DC7BB79-1F99-46E7-A5AA-C7684E264A5B}.Ad-Hoc|x86.ActiveCfg = Release|x86
		{7DC7BB79-1F99-46E7-A5AA-C7684E264A5B}.Ad-Hoc|x86.Build.0 = Release|x86
		{7DC7BB79-1F99-46E7-A5AA-C7684E264A5B}.Ad-Hoc|x86.Deploy.0 = Release|x86
		{7DC7BB79-1F99-46E7-A5AA-C7684E264A5B}.AppStore|Any CPU.ActiveCfg = Release|Any CPU
		{7DC7BB79-1F99-46E7-A5AA-C7684E264A5B}.AppStore|Any CPU.Build.0 = Release|Any CPU
		{7DC7BB79-1F99-46E7-A5AA-C7684E264A5B}.AppStore|Any CPU.Deploy.0 = Release|Any CPU
		{7DC7BB79-1F99-46E7-A5AA-C7684E264A5B}.AppStore|ARM.ActiveCfg = Release|ARM
		{7DC7BB79-1F99-46E7-A5AA-C7684E264A5B}.AppStore|ARM.Build.0 = Release|ARM
		{7DC7BB79-1F99-46E7-A5AA-C7684E264A5B}.AppStore|ARM.Deploy.0 = Release|ARM
		{7DC7BB79-1F99-46E7-A5AA-C7684E264A5B}.AppStore|iPhone.ActiveCfg = Release|Any CPU
		{7DC7BB79-1F99-46E7-A5AA-C7684E264A5B}.AppStore|iPhone.Build.0 = Release|Any CPU
		{7DC7BB79-1F99-46E7-A5AA-C7684E264A5B}.AppStore|iPhone.Deploy.0 = Release|Any CPU
		{7DC7BB79-1F99-46E7-A5AA-C7684E264A5B}.AppStore|iPhoneSimulator.ActiveCfg = Release|Any CPU
		{7DC7BB79-1F99-46E7-A5AA-C7684E264A5B}.AppStore|iPhoneSimulator.Build.0 = Release|Any CPU
		{7DC7BB79-1F99-46E7-A5AA-C7684E264A5B}.AppStore|iPhoneSimulator.Deploy.0 = Release|Any CPU
		{7DC7BB79-1F99-46E7-A5AA-C7684E264A5B}.AppStore|x64.ActiveCfg = Release|Any CPU
		{7DC7BB79-1F99-46E7-A5AA-C7684E264A5B}.AppStore|x64.Build.0 = Release|Any CPU
		{7DC7BB79-1F99-46E7-A5AA-C7684E264A5B}.AppStore|x64.Deploy.0 = Release|Any CPU
		{7DC7BB79-1F99-46E7-A5AA-C7684E264A5B}.AppStore|x86.ActiveCfg = Release|x86
		{7DC7BB79-1F99-46E7-A5AA-C7684E264A5B}.AppStore|x86.Build.0 = Release|x86
		{7DC7BB79-1F99-46E7-A5AA-C7684E264A5B}.AppStore|x86.Deploy.0 = Release|x86
		{7DC7BB79-1F99-46E7-A5AA-C7684E264A5B}.Debug|Any CPU.ActiveCfg = Debug|Any CPU
		{7DC7BB79-1F99-46E7-A5AA-C7684E264A5B}.Debug|Any CPU.Build.0 = Debug|Any CPU
		{7DC7BB79-1F99-46E7-A5AA-C7684E264A5B}.Debug|Any CPU.Deploy.0 = Debug|Any CPU
		{7DC7BB79-1F99-46E7-A5AA-C7684E264A5B}.Debug|ARM.ActiveCfg = Debug|ARM
		{7DC7BB79-1F99-46E7-A5AA-C7684E264A5B}.Debug|ARM.Build.0 = Debug|ARM
		{7DC7BB79-1F99-46E7-A5AA-C7684E264A5B}.Debug|ARM.Deploy.0 = Debug|ARM
		{7DC7BB79-1F99-46E7-A5AA-C7684E264A5B}.Debug|iPhone.ActiveCfg = Debug|Any CPU
		{7DC7BB79-1F99-46E7-A5AA-C7684E264A5B}.Debug|iPhone.Build.0 = Debug|Any CPU
		{7DC7BB79-1F99-46E7-A5AA-C7684E264A5B}.Debug|iPhone.Deploy.0 = Debug|Any CPU
		{7DC7BB79-1F99-46E7-A5AA-C7684E264A5B}.Debug|iPhoneSimulator.ActiveCfg = Debug|Any CPU
		{7DC7BB79-1F99-46E7-A5AA-C7684E264A5B}.Debug|iPhoneSimulator.Build.0 = Debug|Any CPU
		{7DC7BB79-1F99-46E7-A5AA-C7684E264A5B}.Debug|iPhoneSimulator.Deploy.0 = Debug|Any CPU
		{7DC7BB79-1F99-46E7-A5AA-C7684E264A5B}.Debug|x64.ActiveCfg = Debug|Any CPU
		{7DC7BB79-1F99-46E7-A5AA-C7684E264A5B}.Debug|x64.Build.0 = Debug|Any CPU
		{7DC7BB79-1F99-46E7-A5AA-C7684E264A5B}.Debug|x64.Deploy.0 = Debug|Any CPU
		{7DC7BB79-1F99-46E7-A5AA-C7684E264A5B}.Debug|x86.ActiveCfg = Debug|x86
		{7DC7BB79-1F99-46E7-A5AA-C7684E264A5B}.Debug|x86.Build.0 = Debug|x86
		{7DC7BB79-1F99-46E7-A5AA-C7684E264A5B}.Debug|x86.Deploy.0 = Debug|x86
		{7DC7BB79-1F99-46E7-A5AA-C7684E264A5B}.Release|Any CPU.ActiveCfg = Release|Any CPU
		{7DC7BB79-1F99-46E7-A5AA-C7684E264A5B}.Release|Any CPU.Build.0 = Release|Any CPU
		{7DC7BB79-1F99-46E7-A5AA-C7684E264A5B}.Release|Any CPU.Deploy.0 = Release|Any CPU
		{7DC7BB79-1F99-46E7-A5AA-C7684E264A5B}.Release|ARM.ActiveCfg = Release|ARM
		{7DC7BB79-1F99-46E7-A5AA-C7684E264A5B}.Release|ARM.Build.0 = Release|ARM
		{7DC7BB79-1F99-46E7-A5AA-C7684E264A5B}.Release|ARM.Deploy.0 = Release|ARM
		{7DC7BB79-1F99-46E7-A5AA-C7684E264A5B}.Release|iPhone.ActiveCfg = Release|Any CPU
		{7DC7BB79-1F99-46E7-A5AA-C7684E264A5B}.Release|iPhone.Build.0 = Release|Any CPU
		{7DC7BB79-1F99-46E7-A5AA-C7684E264A5B}.Release|iPhone.Deploy.0 = Release|Any CPU
		{7DC7BB79-1F99-46E7-A5AA-C7684E264A5B}.Release|iPhoneSimulator.ActiveCfg = Release|Any CPU
		{7DC7BB79-1F99-46E7-A5AA-C7684E264A5B}.Release|iPhoneSimulator.Build.0 = Release|Any CPU
		{7DC7BB79-1F99-46E7-A5AA-C7684E264A5B}.Release|iPhoneSimulator.Deploy.0 = Release|Any CPU
		{7DC7BB79-1F99-46E7-A5AA-C7684E264A5B}.Release|x64.ActiveCfg = Release|Any CPU
		{7DC7BB79-1F99-46E7-A5AA-C7684E264A5B}.Release|x64.Build.0 = Release|Any CPU
		{7DC7BB79-1F99-46E7-A5AA-C7684E264A5B}.Release|x64.Deploy.0 = Release|Any CPU
		{7DC7BB79-1F99-46E7-A5AA-C7684E264A5B}.Release|x86.ActiveCfg = Release|x86
		{7DC7BB79-1F99-46E7-A5AA-C7684E264A5B}.Release|x86.Build.0 = Release|x86
		{7DC7BB79-1F99-46E7-A5AA-C7684E264A5B}.Release|x86.Deploy.0 = Release|x86
		{835F9E5E-8BE8-4C33-B9E3-9B48265F4CA8}.Ad-Hoc|Any CPU.ActiveCfg = Release|x86
		{835F9E5E-8BE8-4C33-B9E3-9B48265F4CA8}.Ad-Hoc|Any CPU.Build.0 = Release|x86
		{835F9E5E-8BE8-4C33-B9E3-9B48265F4CA8}.Ad-Hoc|Any CPU.Deploy.0 = Release|x86
		{835F9E5E-8BE8-4C33-B9E3-9B48265F4CA8}.Ad-Hoc|ARM.ActiveCfg = Release|ARM
		{835F9E5E-8BE8-4C33-B9E3-9B48265F4CA8}.Ad-Hoc|ARM.Build.0 = Release|ARM
		{835F9E5E-8BE8-4C33-B9E3-9B48265F4CA8}.Ad-Hoc|ARM.Deploy.0 = Release|ARM
		{835F9E5E-8BE8-4C33-B9E3-9B48265F4CA8}.Ad-Hoc|iPhone.ActiveCfg = Release|x86
		{835F9E5E-8BE8-4C33-B9E3-9B48265F4CA8}.Ad-Hoc|iPhone.Build.0 = Release|x86
		{835F9E5E-8BE8-4C33-B9E3-9B48265F4CA8}.Ad-Hoc|iPhone.Deploy.0 = Release|x86
		{835F9E5E-8BE8-4C33-B9E3-9B48265F4CA8}.Ad-Hoc|iPhoneSimulator.ActiveCfg = Release|x86
		{835F9E5E-8BE8-4C33-B9E3-9B48265F4CA8}.Ad-Hoc|iPhoneSimulator.Build.0 = Release|x86
		{835F9E5E-8BE8-4C33-B9E3-9B48265F4CA8}.Ad-Hoc|iPhoneSimulator.Deploy.0 = Release|x86
		{835F9E5E-8BE8-4C33-B9E3-9B48265F4CA8}.Ad-Hoc|x64.ActiveCfg = Release|x64
		{835F9E5E-8BE8-4C33-B9E3-9B48265F4CA8}.Ad-Hoc|x64.Build.0 = Release|x64
		{835F9E5E-8BE8-4C33-B9E3-9B48265F4CA8}.Ad-Hoc|x64.Deploy.0 = Release|x64
		{835F9E5E-8BE8-4C33-B9E3-9B48265F4CA8}.Ad-Hoc|x86.ActiveCfg = Release|x86
		{835F9E5E-8BE8-4C33-B9E3-9B48265F4CA8}.Ad-Hoc|x86.Build.0 = Release|x86
		{835F9E5E-8BE8-4C33-B9E3-9B48265F4CA8}.Ad-Hoc|x86.Deploy.0 = Release|x86
		{835F9E5E-8BE8-4C33-B9E3-9B48265F4CA8}.AppStore|Any CPU.ActiveCfg = Release|x86
		{835F9E5E-8BE8-4C33-B9E3-9B48265F4CA8}.AppStore|Any CPU.Build.0 = Release|x86
		{835F9E5E-8BE8-4C33-B9E3-9B48265F4CA8}.AppStore|Any CPU.Deploy.0 = Release|x86
		{835F9E5E-8BE8-4C33-B9E3-9B48265F4CA8}.AppStore|ARM.ActiveCfg = Release|ARM
		{835F9E5E-8BE8-4C33-B9E3-9B48265F4CA8}.AppStore|ARM.Build.0 = Release|ARM
		{835F9E5E-8BE8-4C33-B9E3-9B48265F4CA8}.AppStore|ARM.Deploy.0 = Release|ARM
		{835F9E5E-8BE8-4C33-B9E3-9B48265F4CA8}.AppStore|iPhone.ActiveCfg = Release|x86
		{835F9E5E-8BE8-4C33-B9E3-9B48265F4CA8}.AppStore|iPhone.Build.0 = Release|x86
		{835F9E5E-8BE8-4C33-B9E3-9B48265F4CA8}.AppStore|iPhone.Deploy.0 = Release|x86
		{835F9E5E-8BE8-4C33-B9E3-9B48265F4CA8}.AppStore|iPhoneSimulator.ActiveCfg = Release|x86
		{835F9E5E-8BE8-4C33-B9E3-9B48265F4CA8}.AppStore|iPhoneSimulator.Build.0 = Release|x86
		{835F9E5E-8BE8-4C33-B9E3-9B48265F4CA8}.AppStore|iPhoneSimulator.Deploy.0 = Release|x86
		{835F9E5E-8BE8-4C33-B9E3-9B48265F4CA8}.AppStore|x64.ActiveCfg = Release|x64
		{835F9E5E-8BE8-4C33-B9E3-9B48265F4CA8}.AppStore|x64.Build.0 = Release|x64
		{835F9E5E-8BE8-4C33-B9E3-9B48265F4CA8}.AppStore|x64.Deploy.0 = Release|x64
		{835F9E5E-8BE8-4C33-B9E3-9B48265F4CA8}.AppStore|x86.ActiveCfg = Release|x86
		{835F9E5E-8BE8-4C33-B9E3-9B48265F4CA8}.AppStore|x86.Build.0 = Release|x86
		{835F9E5E-8BE8-4C33-B9E3-9B48265F4CA8}.AppStore|x86.Deploy.0 = Release|x86
		{835F9E5E-8BE8-4C33-B9E3-9B48265F4CA8}.Debug|Any CPU.ActiveCfg = Debug|x86
		{835F9E5E-8BE8-4C33-B9E3-9B48265F4CA8}.Debug|ARM.ActiveCfg = Debug|ARM
		{835F9E5E-8BE8-4C33-B9E3-9B48265F4CA8}.Debug|ARM.Build.0 = Debug|ARM
		{835F9E5E-8BE8-4C33-B9E3-9B48265F4CA8}.Debug|ARM.Deploy.0 = Debug|ARM
		{835F9E5E-8BE8-4C33-B9E3-9B48265F4CA8}.Debug|iPhone.ActiveCfg = Debug|x86
		{835F9E5E-8BE8-4C33-B9E3-9B48265F4CA8}.Debug|iPhoneSimulator.ActiveCfg = Debug|x86
		{835F9E5E-8BE8-4C33-B9E3-9B48265F4CA8}.Debug|x64.ActiveCfg = Debug|x64
		{835F9E5E-8BE8-4C33-B9E3-9B48265F4CA8}.Debug|x64.Build.0 = Debug|x64
		{835F9E5E-8BE8-4C33-B9E3-9B48265F4CA8}.Debug|x64.Deploy.0 = Debug|x64
		{835F9E5E-8BE8-4C33-B9E3-9B48265F4CA8}.Debug|x86.ActiveCfg = Debug|x86
		{835F9E5E-8BE8-4C33-B9E3-9B48265F4CA8}.Debug|x86.Build.0 = Debug|x86
		{835F9E5E-8BE8-4C33-B9E3-9B48265F4CA8}.Debug|x86.Deploy.0 = Debug|x86
		{835F9E5E-8BE8-4C33-B9E3-9B48265F4CA8}.Release|Any CPU.ActiveCfg = Release|x86
		{835F9E5E-8BE8-4C33-B9E3-9B48265F4CA8}.Release|ARM.ActiveCfg = Release|ARM
		{835F9E5E-8BE8-4C33-B9E3-9B48265F4CA8}.Release|ARM.Build.0 = Release|ARM
		{835F9E5E-8BE8-4C33-B9E3-9B48265F4CA8}.Release|ARM.Deploy.0 = Release|ARM
		{835F9E5E-8BE8-4C33-B9E3-9B48265F4CA8}.Release|iPhone.ActiveCfg = Release|x86
		{835F9E5E-8BE8-4C33-B9E3-9B48265F4CA8}.Release|iPhoneSimulator.ActiveCfg = Release|x86
		{835F9E5E-8BE8-4C33-B9E3-9B48265F4CA8}.Release|x64.ActiveCfg = Release|x64
		{835F9E5E-8BE8-4C33-B9E3-9B48265F4CA8}.Release|x64.Build.0 = Release|x64
		{835F9E5E-8BE8-4C33-B9E3-9B48265F4CA8}.Release|x64.Deploy.0 = Release|x64
		{835F9E5E-8BE8-4C33-B9E3-9B48265F4CA8}.Release|x86.ActiveCfg = Release|x86
		{835F9E5E-8BE8-4C33-B9E3-9B48265F4CA8}.Release|x86.Build.0 = Release|x86
		{835F9E5E-8BE8-4C33-B9E3-9B48265F4CA8}.Release|x86.Deploy.0 = Release|x86
		{6C7354C4-AA5E-4214-B66E-D49041E1EB19}.Ad-Hoc|Any CPU.ActiveCfg = Release|Any CPU
		{6C7354C4-AA5E-4214-B66E-D49041E1EB19}.Ad-Hoc|Any CPU.Build.0 = Release|Any CPU
		{6C7354C4-AA5E-4214-B66E-D49041E1EB19}.Ad-Hoc|Any CPU.Deploy.0 = Release|Any CPU
		{6C7354C4-AA5E-4214-B66E-D49041E1EB19}.Ad-Hoc|ARM.ActiveCfg = Release|ARM
		{6C7354C4-AA5E-4214-B66E-D49041E1EB19}.Ad-Hoc|ARM.Build.0 = Release|ARM
		{6C7354C4-AA5E-4214-B66E-D49041E1EB19}.Ad-Hoc|ARM.Deploy.0 = Release|ARM
		{6C7354C4-AA5E-4214-B66E-D49041E1EB19}.Ad-Hoc|iPhone.ActiveCfg = Release|Any CPU
		{6C7354C4-AA5E-4214-B66E-D49041E1EB19}.Ad-Hoc|iPhone.Build.0 = Release|Any CPU
		{6C7354C4-AA5E-4214-B66E-D49041E1EB19}.Ad-Hoc|iPhone.Deploy.0 = Release|Any CPU
		{6C7354C4-AA5E-4214-B66E-D49041E1EB19}.Ad-Hoc|iPhoneSimulator.ActiveCfg = Release|Any CPU
		{6C7354C4-AA5E-4214-B66E-D49041E1EB19}.Ad-Hoc|iPhoneSimulator.Build.0 = Release|Any CPU
		{6C7354C4-AA5E-4214-B66E-D49041E1EB19}.Ad-Hoc|iPhoneSimulator.Deploy.0 = Release|Any CPU
		{6C7354C4-AA5E-4214-B66E-D49041E1EB19}.Ad-Hoc|x64.ActiveCfg = Release|x64
		{6C7354C4-AA5E-4214-B66E-D49041E1EB19}.Ad-Hoc|x64.Build.0 = Release|x64
		{6C7354C4-AA5E-4214-B66E-D49041E1EB19}.Ad-Hoc|x64.Deploy.0 = Release|x64
		{6C7354C4-AA5E-4214-B66E-D49041E1EB19}.Ad-Hoc|x86.ActiveCfg = Release|x86
		{6C7354C4-AA5E-4214-B66E-D49041E1EB19}.Ad-Hoc|x86.Build.0 = Release|x86
		{6C7354C4-AA5E-4214-B66E-D49041E1EB19}.Ad-Hoc|x86.Deploy.0 = Release|x86
		{6C7354C4-AA5E-4214-B66E-D49041E1EB19}.AppStore|Any CPU.ActiveCfg = Release|Any CPU
		{6C7354C4-AA5E-4214-B66E-D49041E1EB19}.AppStore|Any CPU.Build.0 = Release|Any CPU
		{6C7354C4-AA5E-4214-B66E-D49041E1EB19}.AppStore|Any CPU.Deploy.0 = Release|Any CPU
		{6C7354C4-AA5E-4214-B66E-D49041E1EB19}.AppStore|ARM.ActiveCfg = Release|ARM
		{6C7354C4-AA5E-4214-B66E-D49041E1EB19}.AppStore|ARM.Build.0 = Release|ARM
		{6C7354C4-AA5E-4214-B66E-D49041E1EB19}.AppStore|ARM.Deploy.0 = Release|ARM
		{6C7354C4-AA5E-4214-B66E-D49041E1EB19}.AppStore|iPhone.ActiveCfg = Release|Any CPU
		{6C7354C4-AA5E-4214-B66E-D49041E1EB19}.AppStore|iPhone.Build.0 = Release|Any CPU
		{6C7354C4-AA5E-4214-B66E-D49041E1EB19}.AppStore|iPhone.Deploy.0 = Release|Any CPU
		{6C7354C4-AA5E-4214-B66E-D49041E1EB19}.AppStore|iPhoneSimulator.ActiveCfg = Release|Any CPU
		{6C7354C4-AA5E-4214-B66E-D49041E1EB19}.AppStore|iPhoneSimulator.Build.0 = Release|Any CPU
		{6C7354C4-AA5E-4214-B66E-D49041E1EB19}.AppStore|iPhoneSimulator.Deploy.0 = Release|Any CPU
		{6C7354C4-AA5E-4214-B66E-D49041E1EB19}.AppStore|x64.ActiveCfg = Release|x64
		{6C7354C4-AA5E-4214-B66E-D49041E1EB19}.AppStore|x64.Build.0 = Release|x64
		{6C7354C4-AA5E-4214-B66E-D49041E1EB19}.AppStore|x64.Deploy.0 = Release|x64
		{6C7354C4-AA5E-4214-B66E-D49041E1EB19}.AppStore|x86.ActiveCfg = Release|x86
		{6C7354C4-AA5E-4214-B66E-D49041E1EB19}.AppStore|x86.Build.0 = Release|x86
		{6C7354C4-AA5E-4214-B66E-D49041E1EB19}.AppStore|x86.Deploy.0 = Release|x86
		{6C7354C4-AA5E-4214-B66E-D49041E1EB19}.Debug|Any CPU.ActiveCfg = Debug|Any CPU
		{6C7354C4-AA5E-4214-B66E-D49041E1EB19}.Debug|Any CPU.Build.0 = Debug|Any CPU
		{6C7354C4-AA5E-4214-B66E-D49041E1EB19}.Debug|Any CPU.Deploy.0 = Debug|Any CPU
		{6C7354C4-AA5E-4214-B66E-D49041E1EB19}.Debug|ARM.ActiveCfg = Debug|ARM
		{6C7354C4-AA5E-4214-B66E-D49041E1EB19}.Debug|ARM.Build.0 = Debug|ARM
		{6C7354C4-AA5E-4214-B66E-D49041E1EB19}.Debug|ARM.Deploy.0 = Debug|ARM
		{6C7354C4-AA5E-4214-B66E-D49041E1EB19}.Debug|iPhone.ActiveCfg = Debug|Any CPU
		{6C7354C4-AA5E-4214-B66E-D49041E1EB19}.Debug|iPhone.Build.0 = Debug|Any CPU
		{6C7354C4-AA5E-4214-B66E-D49041E1EB19}.Debug|iPhone.Deploy.0 = Debug|Any CPU
		{6C7354C4-AA5E-4214-B66E-D49041E1EB19}.Debug|iPhoneSimulator.ActiveCfg = Debug|Any CPU
		{6C7354C4-AA5E-4214-B66E-D49041E1EB19}.Debug|iPhoneSimulator.Build.0 = Debug|Any CPU
		{6C7354C4-AA5E-4214-B66E-D49041E1EB19}.Debug|iPhoneSimulator.Deploy.0 = Debug|Any CPU
		{6C7354C4-AA5E-4214-B66E-D49041E1EB19}.Debug|x64.ActiveCfg = Debug|x64
		{6C7354C4-AA5E-4214-B66E-D49041E1EB19}.Debug|x64.Build.0 = Debug|x64
		{6C7354C4-AA5E-4214-B66E-D49041E1EB19}.Debug|x64.Deploy.0 = Debug|x64
		{6C7354C4-AA5E-4214-B66E-D49041E1EB19}.Debug|x86.ActiveCfg = Debug|x86
		{6C7354C4-AA5E-4214-B66E-D49041E1EB19}.Debug|x86.Build.0 = Debug|x86
		{6C7354C4-AA5E-4214-B66E-D49041E1EB19}.Debug|x86.Deploy.0 = Debug|x86
		{6C7354C4-AA5E-4214-B66E-D49041E1EB19}.Release|Any CPU.ActiveCfg = Release|Any CPU
		{6C7354C4-AA5E-4214-B66E-D49041E1EB19}.Release|Any CPU.Build.0 = Release|Any CPU
		{6C7354C4-AA5E-4214-B66E-D49041E1EB19}.Release|Any CPU.Deploy.0 = Release|Any CPU
		{6C7354C4-AA5E-4214-B66E-D49041E1EB19}.Release|ARM.ActiveCfg = Release|ARM
		{6C7354C4-AA5E-4214-B66E-D49041E1EB19}.Release|ARM.Build.0 = Release|ARM
		{6C7354C4-AA5E-4214-B66E-D49041E1EB19}.Release|ARM.Deploy.0 = Release|ARM
		{6C7354C4-AA5E-4214-B66E-D49041E1EB19}.Release|iPhone.ActiveCfg = Release|Any CPU
		{6C7354C4-AA5E-4214-B66E-D49041E1EB19}.Release|iPhone.Build.0 = Release|Any CPU
		{6C7354C4-AA5E-4214-B66E-D49041E1EB19}.Release|iPhone.Deploy.0 = Release|Any CPU
		{6C7354C4-AA5E-4214-B66E-D49041E1EB19}.Release|iPhoneSimulator.ActiveCfg = Release|Any CPU
		{6C7354C4-AA5E-4214-B66E-D49041E1EB19}.Release|iPhoneSimulator.Build.0 = Release|Any CPU
		{6C7354C4-AA5E-4214-B66E-D49041E1EB19}.Release|iPhoneSimulator.Deploy.0 = Release|Any CPU
		{6C7354C4-AA5E-4214-B66E-D49041E1EB19}.Release|x64.ActiveCfg = Release|x64
		{6C7354C4-AA5E-4214-B66E-D49041E1EB19}.Release|x64.Build.0 = Release|x64
		{6C7354C4-AA5E-4214-B66E-D49041E1EB19}.Release|x64.Deploy.0 = Release|x64
		{6C7354C4-AA5E-4214-B66E-D49041E1EB19}.Release|x86.ActiveCfg = Release|x86
		{6C7354C4-AA5E-4214-B66E-D49041E1EB19}.Release|x86.Build.0 = Release|x86
		{6C7354C4-AA5E-4214-B66E-D49041E1EB19}.Release|x86.Deploy.0 = Release|x86
		{A451E918-5A6B-4A83-B212-D842789D0F8A}.Ad-Hoc|Any CPU.ActiveCfg = Release|Any CPU
		{A451E918-5A6B-4A83-B212-D842789D0F8A}.Ad-Hoc|Any CPU.Build.0 = Release|Any CPU
		{A451E918-5A6B-4A83-B212-D842789D0F8A}.Ad-Hoc|ARM.ActiveCfg = Release|Any CPU
		{A451E918-5A6B-4A83-B212-D842789D0F8A}.Ad-Hoc|ARM.Build.0 = Release|Any CPU
		{A451E918-5A6B-4A83-B212-D842789D0F8A}.Ad-Hoc|iPhone.ActiveCfg = Release|Any CPU
		{A451E918-5A6B-4A83-B212-D842789D0F8A}.Ad-Hoc|iPhone.Build.0 = Release|Any CPU
		{A451E918-5A6B-4A83-B212-D842789D0F8A}.Ad-Hoc|iPhoneSimulator.ActiveCfg = Release|Any CPU
		{A451E918-5A6B-4A83-B212-D842789D0F8A}.Ad-Hoc|iPhoneSimulator.Build.0 = Release|Any CPU
		{A451E918-5A6B-4A83-B212-D842789D0F8A}.Ad-Hoc|x64.ActiveCfg = Release|Any CPU
		{A451E918-5A6B-4A83-B212-D842789D0F8A}.Ad-Hoc|x64.Build.0 = Release|Any CPU
		{A451E918-5A6B-4A83-B212-D842789D0F8A}.Ad-Hoc|x86.ActiveCfg = Release|Any CPU
		{A451E918-5A6B-4A83-B212-D842789D0F8A}.Ad-Hoc|x86.Build.0 = Release|Any CPU
		{A451E918-5A6B-4A83-B212-D842789D0F8A}.AppStore|Any CPU.ActiveCfg = Release|Any CPU
		{A451E918-5A6B-4A83-B212-D842789D0F8A}.AppStore|Any CPU.Build.0 = Release|Any CPU
		{A451E918-5A6B-4A83-B212-D842789D0F8A}.AppStore|ARM.ActiveCfg = Release|Any CPU
		{A451E918-5A6B-4A83-B212-D842789D0F8A}.AppStore|ARM.Build.0 = Release|Any CPU
		{A451E918-5A6B-4A83-B212-D842789D0F8A}.AppStore|iPhone.ActiveCfg = Release|Any CPU
		{A451E918-5A6B-4A83-B212-D842789D0F8A}.AppStore|iPhone.Build.0 = Release|Any CPU
		{A451E918-5A6B-4A83-B212-D842789D0F8A}.AppStore|iPhoneSimulator.ActiveCfg = Release|Any CPU
		{A451E918-5A6B-4A83-B212-D842789D0F8A}.AppStore|iPhoneSimulator.Build.0 = Release|Any CPU
		{A451E918-5A6B-4A83-B212-D842789D0F8A}.AppStore|x64.ActiveCfg = Release|Any CPU
		{A451E918-5A6B-4A83-B212-D842789D0F8A}.AppStore|x64.Build.0 = Release|Any CPU
		{A451E918-5A6B-4A83-B212-D842789D0F8A}.AppStore|x86.ActiveCfg = Release|Any CPU
		{A451E918-5A6B-4A83-B212-D842789D0F8A}.AppStore|x86.Build.0 = Release|Any CPU
		{A451E918-5A6B-4A83-B212-D842789D0F8A}.Debug|Any CPU.ActiveCfg = Debug|Any CPU
		{A451E918-5A6B-4A83-B212-D842789D0F8A}.Debug|Any CPU.Build.0 = Debug|Any CPU
		{A451E918-5A6B-4A83-B212-D842789D0F8A}.Debug|ARM.ActiveCfg = Debug|Any CPU
		{A451E918-5A6B-4A83-B212-D842789D0F8A}.Debug|ARM.Build.0 = Debug|Any CPU
		{A451E918-5A6B-4A83-B212-D842789D0F8A}.Debug|iPhone.ActiveCfg = Debug|Any CPU
		{A451E918-5A6B-4A83-B212-D842789D0F8A}.Debug|iPhone.Build.0 = Debug|Any CPU
		{A451E918-5A6B-4A83-B212-D842789D0F8A}.Debug|iPhoneSimulator.ActiveCfg = Debug|Any CPU
		{A451E918-5A6B-4A83-B212-D842789D0F8A}.Debug|iPhoneSimulator.Build.0 = Debug|Any CPU
		{A451E918-5A6B-4A83-B212-D842789D0F8A}.Debug|x64.ActiveCfg = Debug|Any CPU
		{A451E918-5A6B-4A83-B212-D842789D0F8A}.Debug|x64.Build.0 = Debug|Any CPU
		{A451E918-5A6B-4A83-B212-D842789D0F8A}.Debug|x86.ActiveCfg = Debug|Any CPU
		{A451E918-5A6B-4A83-B212-D842789D0F8A}.Debug|x86.Build.0 = Debug|Any CPU
		{A451E918-5A6B-4A83-B212-D842789D0F8A}.Release|Any CPU.ActiveCfg = Release|Any CPU
		{A451E918-5A6B-4A83-B212-D842789D0F8A}.Release|Any CPU.Build.0 = Release|Any CPU
		{A451E918-5A6B-4A83-B212-D842789D0F8A}.Release|ARM.ActiveCfg = Release|Any CPU
		{A451E918-5A6B-4A83-B212-D842789D0F8A}.Release|ARM.Build.0 = Release|Any CPU
		{A451E918-5A6B-4A83-B212-D842789D0F8A}.Release|iPhone.ActiveCfg = Release|Any CPU
		{A451E918-5A6B-4A83-B212-D842789D0F8A}.Release|iPhone.Build.0 = Release|Any CPU
		{A451E918-5A6B-4A83-B212-D842789D0F8A}.Release|iPhoneSimulator.ActiveCfg = Release|Any CPU
		{A451E918-5A6B-4A83-B212-D842789D0F8A}.Release|iPhoneSimulator.Build.0 = Release|Any CPU
		{A451E918-5A6B-4A83-B212-D842789D0F8A}.Release|x64.ActiveCfg = Release|Any CPU
		{A451E918-5A6B-4A83-B212-D842789D0F8A}.Release|x64.Build.0 = Release|Any CPU
		{A451E918-5A6B-4A83-B212-D842789D0F8A}.Release|x86.ActiveCfg = Release|Any CPU
		{A451E918-5A6B-4A83-B212-D842789D0F8A}.Release|x86.Build.0 = Release|Any CPU
		{356DB51D-8046-4D81-AA4A-A32684759AA6}.Ad-Hoc|Any CPU.ActiveCfg = Release|Any CPU
		{356DB51D-8046-4D81-AA4A-A32684759AA6}.Ad-Hoc|Any CPU.Build.0 = Release|Any CPU
		{356DB51D-8046-4D81-AA4A-A32684759AA6}.Ad-Hoc|ARM.ActiveCfg = Release|Any CPU
		{356DB51D-8046-4D81-AA4A-A32684759AA6}.Ad-Hoc|ARM.Build.0 = Release|Any CPU
		{356DB51D-8046-4D81-AA4A-A32684759AA6}.Ad-Hoc|iPhone.ActiveCfg = Release|Any CPU
		{356DB51D-8046-4D81-AA4A-A32684759AA6}.Ad-Hoc|iPhone.Build.0 = Release|Any CPU
		{356DB51D-8046-4D81-AA4A-A32684759AA6}.Ad-Hoc|iPhoneSimulator.ActiveCfg = Release|Any CPU
		{356DB51D-8046-4D81-AA4A-A32684759AA6}.Ad-Hoc|iPhoneSimulator.Build.0 = Release|Any CPU
		{356DB51D-8046-4D81-AA4A-A32684759AA6}.Ad-Hoc|x64.ActiveCfg = Release|Any CPU
		{356DB51D-8046-4D81-AA4A-A32684759AA6}.Ad-Hoc|x64.Build.0 = Release|Any CPU
		{356DB51D-8046-4D81-AA4A-A32684759AA6}.Ad-Hoc|x86.ActiveCfg = Release|Any CPU
		{356DB51D-8046-4D81-AA4A-A32684759AA6}.Ad-Hoc|x86.Build.0 = Release|Any CPU
		{356DB51D-8046-4D81-AA4A-A32684759AA6}.AppStore|Any CPU.ActiveCfg = Release|Any CPU
		{356DB51D-8046-4D81-AA4A-A32684759AA6}.AppStore|Any CPU.Build.0 = Release|Any CPU
		{356DB51D-8046-4D81-AA4A-A32684759AA6}.AppStore|ARM.ActiveCfg = Release|Any CPU
		{356DB51D-8046-4D81-AA4A-A32684759AA6}.AppStore|ARM.Build.0 = Release|Any CPU
		{356DB51D-8046-4D81-AA4A-A32684759AA6}.AppStore|iPhone.ActiveCfg = Release|Any CPU
		{356DB51D-8046-4D81-AA4A-A32684759AA6}.AppStore|iPhone.Build.0 = Release|Any CPU
		{356DB51D-8046-4D81-AA4A-A32684759AA6}.AppStore|iPhoneSimulator.ActiveCfg = Release|Any CPU
		{356DB51D-8046-4D81-AA4A-A32684759AA6}.AppStore|iPhoneSimulator.Build.0 = Release|Any CPU
		{356DB51D-8046-4D81-AA4A-A32684759AA6}.AppStore|x64.ActiveCfg = Release|Any CPU
		{356DB51D-8046-4D81-AA4A-A32684759AA6}.AppStore|x64.Build.0 = Release|Any CPU
		{356DB51D-8046-4D81-AA4A-A32684759AA6}.AppStore|x86.ActiveCfg = Release|Any CPU
		{356DB51D-8046-4D81-AA4A-A32684759AA6}.AppStore|x86.Build.0 = Release|Any CPU
		{356DB51D-8046-4D81-AA4A-A32684759AA6}.Debug|Any CPU.ActiveCfg = Debug|Any CPU
		{356DB51D-8046-4D81-AA4A-A32684759AA6}.Debug|Any CPU.Build.0 = Debug|Any CPU
		{356DB51D-8046-4D81-AA4A-A32684759AA6}.Debug|ARM.ActiveCfg = Debug|Any CPU
		{356DB51D-8046-4D81-AA4A-A32684759AA6}.Debug|ARM.Build.0 = Debug|Any CPU
		{356DB51D-8046-4D81-AA4A-A32684759AA6}.Debug|iPhone.ActiveCfg = Debug|Any CPU
		{356DB51D-8046-4D81-AA4A-A32684759AA6}.Debug|iPhone.Build.0 = Debug|Any CPU
		{356DB51D-8046-4D81-AA4A-A32684759AA6}.Debug|iPhoneSimulator.ActiveCfg = Debug|Any CPU
		{356DB51D-8046-4D81-AA4A-A32684759AA6}.Debug|iPhoneSimulator.Build.0 = Debug|Any CPU
		{356DB51D-8046-4D81-AA4A-A32684759AA6}.Debug|x64.ActiveCfg = Debug|Any CPU
		{356DB51D-8046-4D81-AA4A-A32684759AA6}.Debug|x64.Build.0 = Debug|Any CPU
		{356DB51D-8046-4D81-AA4A-A32684759AA6}.Debug|x86.ActiveCfg = Debug|Any CPU
		{356DB51D-8046-4D81-AA4A-A32684759AA6}.Debug|x86.Build.0 = Debug|Any CPU
		{356DB51D-8046-4D81-AA4A-A32684759AA6}.Release|Any CPU.ActiveCfg = Release|Any CPU
		{356DB51D-8046-4D81-AA4A-A32684759AA6}.Release|Any CPU.Build.0 = Release|Any CPU
		{356DB51D-8046-4D81-AA4A-A32684759AA6}.Release|ARM.ActiveCfg = Release|Any CPU
		{356DB51D-8046-4D81-AA4A-A32684759AA6}.Release|ARM.Build.0 = Release|Any CPU
		{356DB51D-8046-4D81-AA4A-A32684759AA6}.Release|iPhone.ActiveCfg = Release|Any CPU
		{356DB51D-8046-4D81-AA4A-A32684759AA6}.Release|iPhone.Build.0 = Release|Any CPU
		{356DB51D-8046-4D81-AA4A-A32684759AA6}.Release|iPhoneSimulator.ActiveCfg = Release|Any CPU
		{356DB51D-8046-4D81-AA4A-A32684759AA6}.Release|iPhoneSimulator.Build.0 = Release|Any CPU
		{356DB51D-8046-4D81-AA4A-A32684759AA6}.Release|x64.ActiveCfg = Release|Any CPU
		{356DB51D-8046-4D81-AA4A-A32684759AA6}.Release|x64.Build.0 = Release|Any CPU
		{356DB51D-8046-4D81-AA4A-A32684759AA6}.Release|x86.ActiveCfg = Release|Any CPU
		{356DB51D-8046-4D81-AA4A-A32684759AA6}.Release|x86.Build.0 = Release|Any CPU
	EndGlobalSection
	GlobalSection(SolutionProperties) = preSolution
		HideSolutionNode = FALSE
	EndGlobalSection
EndGlobal
