
Microsoft Visual Studio Solution File, Format Version 12.00
# Visual Studio 14
VisualStudioVersion = 14.0.25123.0
MinimumVisualStudioVersion = 10.0.40219.1
Project("{FAE04EC0-301F-11D3-BF4B-00C04F79EFBC}") = "XFMessage.Droid", "XFMessage\XFMessage.Droid\XFMessage.Droid.csproj", "{63529A1F-D25B-44AE-A4CC-41A10DAA3506}"
EndProject
Project("{FAE04EC0-301F-11D3-BF4B-00C04F79EFBC}") = "XFMessage.iOS", "XFMessage\XFMessage.iOS\XFMessage.iOS.csproj", "{F5C568A7-EA3C-471E-B87B-E91C4381D861}"
EndProject
Project("{FAE04EC0-301F-11D3-BF4B-00C04F79EFBC}") = "XFMessage.WinPhone", "XFMessage\XFMessage.WinPhone\XFMessage.WinPhone.csproj", "{BADABDC0-AAE5-4C85-9C00-126AA855C617}"
EndProject
Project("{FAE04EC0-301F-11D3-BF4B-00C04F79EFBC}") = "XFMessage.UWP", "XFMessage\XFMessage.UWP\XFMessage.UWP.csproj", "{0EEA995C-BAA1-4156-BCDE-6748A86D5D73}"
EndProject
Project("{FAE04EC0-301F-11D3-BF4B-00C04F79EFBC}") = "XFMessage.Windows", "XFMessage\XFMessage.Windows\XFMessage.Windows.csproj", "{7CC32D5F-176F-4A44-B4A6-9E07F96BC449}"
EndProject
Project("{FAE04EC0-301F-11D3-BF4B-00C04F79EFBC}") = "XFMessage", "XFMessage\XFMessage\XFMessage.csproj", "{2B289BC4-9BD2-4D42-8760-EED98126CF8C}"
EndProject
Global
	GlobalSection(SolutionConfigurationPlatforms) = preSolution
		Ad-Hoc|Any CPU = Ad-Hoc|Any CPU
		Ad-Hoc|ARM = Ad-Hoc|ARM
		Ad-Hoc|iPhone = Ad-Hoc|iPhone
		Ad-Hoc|iPhoneSimulator = Ad-Hoc|iPhoneSimulator
		Ad-Hoc|x64 = Ad-Hoc|x64
		Ad-Hoc|x86 = Ad-Hoc|x86
		AppStore|Any CPU = AppStore|Any CPU
		AppStore|ARM = AppStore|ARM
		AppStore|iPhone = AppStore|iPhone
		AppStore|iPhoneSimulator = AppStore|iPhoneSimulator
		AppStore|x64 = AppStore|x64
		AppStore|x86 = AppStore|x86
		Debug|Any CPU = Debug|Any CPU
		Debug|ARM = Debug|ARM
		Debug|iPhone = Debug|iPhone
		Debug|iPhoneSimulator = Debug|iPhoneSimulator
		Debug|x64 = Debug|x64
		Debug|x86 = Debug|x86
		Release|Any CPU = Release|Any CPU
		Release|ARM = Release|ARM
		Release|iPhone = Release|iPhone
		Release|iPhoneSimulator = Release|iPhoneSimulator
		Release|x64 = Release|x64
		Release|x86 = Release|x86
	EndGlobalSection
	GlobalSection(ProjectConfigurationPlatforms) = postSolution
		{63529A1F-D25B-44AE-A4CC-41A10DAA3506}.Ad-Hoc|Any CPU.ActiveCfg = Release|Any CPU
		{63529A1F-D25B-44AE-A4CC-41A10DAA3506}.Ad-Hoc|Any CPU.Build.0 = Release|Any CPU
		{63529A1F-D25B-44AE-A4CC-41A10DAA3506}.Ad-Hoc|Any CPU.Deploy.0 = Release|Any CPU
		{63529A1F-D25B-44AE-A4CC-41A10DAA3506}.Ad-Hoc|ARM.ActiveCfg = Release|Any CPU
		{63529A1F-D25B-44AE-A4CC-41A10DAA3506}.Ad-Hoc|ARM.Build.0 = Release|Any CPU
		{63529A1F-D25B-44AE-A4CC-41A10DAA3506}.Ad-Hoc|ARM.Deploy.0 = Release|Any CPU
		{63529A1F-D25B-44AE-A4CC-41A10DAA3506}.Ad-Hoc|iPhone.ActiveCfg = Release|Any CPU
		{63529A1F-D25B-44AE-A4CC-41A10DAA3506}.Ad-Hoc|iPhone.Build.0 = Release|Any CPU
		{63529A1F-D25B-44AE-A4CC-41A10DAA3506}.Ad-Hoc|iPhone.Deploy.0 = Release|Any CPU
		{63529A1F-D25B-44AE-A4CC-41A10DAA3506}.Ad-Hoc|iPhoneSimulator.ActiveCfg = Release|Any CPU
		{63529A1F-D25B-44AE-A4CC-41A10DAA3506}.Ad-Hoc|iPhoneSimulator.Build.0 = Release|Any CPU
		{63529A1F-D25B-44AE-A4CC-41A10DAA3506}.Ad-Hoc|iPhoneSimulator.Deploy.0 = Release|Any CPU
		{63529A1F-D25B-44AE-A4CC-41A10DAA3506}.Ad-Hoc|x64.ActiveCfg = Release|Any CPU
		{63529A1F-D25B-44AE-A4CC-41A10DAA3506}.Ad-Hoc|x64.Build.0 = Release|Any CPU
		{63529A1F-D25B-44AE-A4CC-41A10DAA3506}.Ad-Hoc|x64.Deploy.0 = Release|Any CPU
		{63529A1F-D25B-44AE-A4CC-41A10DAA3506}.Ad-Hoc|x86.ActiveCfg = Release|Any CPU
		{63529A1F-D25B-44AE-A4CC-41A10DAA3506}.Ad-Hoc|x86.Build.0 = Release|Any CPU
		{63529A1F-D25B-44AE-A4CC-41A10DAA3506}.Ad-Hoc|x86.Deploy.0 = Release|Any CPU
		{63529A1F-D25B-44AE-A4CC-41A10DAA3506}.AppStore|Any CPU.ActiveCfg = Release|Any CPU
		{63529A1F-D25B-44AE-A4CC-41A10DAA3506}.AppStore|Any CPU.Build.0 = Release|Any CPU
		{63529A1F-D25B-44AE-A4CC-41A10DAA3506}.AppStore|Any CPU.Deploy.0 = Release|Any CPU
		{63529A1F-D25B-44AE-A4CC-41A10DAA3506}.AppStore|ARM.ActiveCfg = Release|Any CPU
		{63529A1F-D25B-44AE-A4CC-41A10DAA3506}.AppStore|ARM.Build.0 = Release|Any CPU
		{63529A1F-D25B-44AE-A4CC-41A10DAA3506}.AppStore|ARM.Deploy.0 = Release|Any CPU
		{63529A1F-D25B-44AE-A4CC-41A10DAA3506}.AppStore|iPhone.ActiveCfg = Release|Any CPU
		{63529A1F-D25B-44AE-A4CC-41A10DAA3506}.AppStore|iPhone.Build.0 = Release|Any CPU
		{63529A1F-D25B-44AE-A4CC-41A10DAA3506}.AppStore|iPhone.Deploy.0 = Release|Any CPU
		{63529A1F-D25B-44AE-A4CC-41A10DAA3506}.AppStore|iPhoneSimulator.ActiveCfg = Release|Any CPU
		{63529A1F-D25B-44AE-A4CC-41A10DAA3506}.AppStore|iPhoneSimulator.Build.0 = Release|Any CPU
		{63529A1F-D25B-44AE-A4CC-41A10DAA3506}.AppStore|iPhoneSimulator.Deploy.0 = Release|Any CPU
		{63529A1F-D25B-44AE-A4CC-41A10DAA3506}.AppStore|x64.ActiveCfg = Release|Any CPU
		{63529A1F-D25B-44AE-A4CC-41A10DAA3506}.AppStore|x64.Build.0 = Release|Any CPU
		{63529A1F-D25B-44AE-A4CC-41A10DAA3506}.AppStore|x64.Deploy.0 = Release|Any CPU
		{63529A1F-D25B-44AE-A4CC-41A10DAA3506}.AppStore|x86.ActiveCfg = Release|Any CPU
		{63529A1F-D25B-44AE-A4CC-41A10DAA3506}.AppStore|x86.Build.0 = Release|Any CPU
		{63529A1F-D25B-44AE-A4CC-41A10DAA3506}.AppStore|x86.Deploy.0 = Release|Any CPU
		{63529A1F-D25B-44AE-A4CC-41A10DAA3506}.Debug|Any CPU.ActiveCfg = Debug|Any CPU
		{63529A1F-D25B-44AE-A4CC-41A10DAA3506}.Debug|Any CPU.Build.0 = Debug|Any CPU
		{63529A1F-D25B-44AE-A4CC-41A10DAA3506}.Debug|Any CPU.Deploy.0 = Debug|Any CPU
		{63529A1F-D25B-44AE-A4CC-41A10DAA3506}.Debug|ARM.ActiveCfg = Debug|Any CPU
		{63529A1F-D25B-44AE-A4CC-41A10DAA3506}.Debug|ARM.Build.0 = Debug|Any CPU
		{63529A1F-D25B-44AE-A4CC-41A10DAA3506}.Debug|ARM.Deploy.0 = Debug|Any CPU
		{63529A1F-D25B-44AE-A4CC-41A10DAA3506}.Debug|iPhone.ActiveCfg = Debug|Any CPU
		{63529A1F-D25B-44AE-A4CC-41A10DAA3506}.Debug|iPhone.Build.0 = Debug|Any CPU
		{63529A1F-D25B-44AE-A4CC-41A10DAA3506}.Debug|iPhone.Deploy.0 = Debug|Any CPU
		{63529A1F-D25B-44AE-A4CC-41A10DAA3506}.Debug|iPhoneSimulator.ActiveCfg = Debug|Any CPU
		{63529A1F-D25B-44AE-A4CC-41A10DAA3506}.Debug|iPhoneSimulator.Build.0 = Debug|Any CPU
		{63529A1F-D25B-44AE-A4CC-41A10DAA3506}.Debug|iPhoneSimulator.Deploy.0 = Debug|Any CPU
		{63529A1F-D25B-44AE-A4CC-41A10DAA3506}.Debug|x64.ActiveCfg = Debug|Any CPU
		{63529A1F-D25B-44AE-A4CC-41A10DAA3506}.Debug|x64.Build.0 = Debug|Any CPU
		{63529A1F-D25B-44AE-A4CC-41A10DAA3506}.Debug|x64.Deploy.0 = Debug|Any CPU
		{63529A1F-D25B-44AE-A4CC-41A10DAA3506}.Debug|x86.ActiveCfg = Debug|Any CPU
		{63529A1F-D25B-44AE-A4CC-41A10DAA3506}.Debug|x86.Build.0 = Debug|Any CPU
		{63529A1F-D25B-44AE-A4CC-41A10DAA3506}.Debug|x86.Deploy.0 = Debug|Any CPU
		{63529A1F-D25B-44AE-A4CC-41A10DAA3506}.Release|Any CPU.ActiveCfg = Release|Any CPU
		{63529A1F-D25B-44AE-A4CC-41A10DAA3506}.Release|Any CPU.Build.0 = Release|Any CPU
		{63529A1F-D25B-44AE-A4CC-41A10DAA3506}.Release|Any CPU.Deploy.0 = Release|Any CPU
		{63529A1F-D25B-44AE-A4CC-41A10DAA3506}.Release|ARM.ActiveCfg = Release|Any CPU
		{63529A1F-D25B-44AE-A4CC-41A10DAA3506}.Release|ARM.Build.0 = Release|Any CPU
		{63529A1F-D25B-44AE-A4CC-41A10DAA3506}.Release|ARM.Deploy.0 = Release|Any CPU
		{63529A1F-D25B-44AE-A4CC-41A10DAA3506}.Release|iPhone.ActiveCfg = Release|Any CPU
		{63529A1F-D25B-44AE-A4CC-41A10DAA3506}.Release|iPhone.Build.0 = Release|Any CPU
		{63529A1F-D25B-44AE-A4CC-41A10DAA3506}.Release|iPhone.Deploy.0 = Release|Any CPU
		{63529A1F-D25B-44AE-A4CC-41A10DAA3506}.Release|iPhoneSimulator.ActiveCfg = Release|Any CPU
		{63529A1F-D25B-44AE-A4CC-41A10DAA3506}.Release|iPhoneSimulator.Build.0 = Release|Any CPU
		{63529A1F-D25B-44AE-A4CC-41A10DAA3506}.Release|iPhoneSimulator.Deploy.0 = Release|Any CPU
		{63529A1F-D25B-44AE-A4CC-41A10DAA3506}.Release|x64.ActiveCfg = Release|Any CPU
		{63529A1F-D25B-44AE-A4CC-41A10DAA3506}.Release|x64.Build.0 = Release|Any CPU
		{63529A1F-D25B-44AE-A4CC-41A10DAA3506}.Release|x64.Deploy.0 = Release|Any CPU
		{63529A1F-D25B-44AE-A4CC-41A10DAA3506}.Release|x86.ActiveCfg = Release|Any CPU
		{63529A1F-D25B-44AE-A4CC-41A10DAA3506}.Release|x86.Build.0 = Release|Any CPU
		{63529A1F-D25B-44AE-A4CC-41A10DAA3506}.Release|x86.Deploy.0 = Release|Any CPU
		{F5C568A7-EA3C-471E-B87B-E91C4381D861}.Ad-Hoc|Any CPU.ActiveCfg = Ad-Hoc|iPhone
		{F5C568A7-EA3C-471E-B87B-E91C4381D861}.Ad-Hoc|ARM.ActiveCfg = Ad-Hoc|iPhone
		{F5C568A7-EA3C-471E-B87B-E91C4381D861}.Ad-Hoc|iPhone.ActiveCfg = Ad-Hoc|iPhone
		{F5C568A7-EA3C-471E-B87B-E91C4381D861}.Ad-Hoc|iPhone.Build.0 = Ad-Hoc|iPhone
		{F5C568A7-EA3C-471E-B87B-E91C4381D861}.Ad-Hoc|iPhoneSimulator.ActiveCfg = Ad-Hoc|iPhoneSimulator
		{F5C568A7-EA3C-471E-B87B-E91C4381D861}.Ad-Hoc|iPhoneSimulator.Build.0 = Ad-Hoc|iPhoneSimulator
		{F5C568A7-EA3C-471E-B87B-E91C4381D861}.Ad-Hoc|x64.ActiveCfg = Ad-Hoc|iPhone
		{F5C568A7-EA3C-471E-B87B-E91C4381D861}.Ad-Hoc|x86.ActiveCfg = Ad-Hoc|iPhone
		{F5C568A7-EA3C-471E-B87B-E91C4381D861}.AppStore|Any CPU.ActiveCfg = AppStore|iPhone
		{F5C568A7-EA3C-471E-B87B-E91C4381D861}.AppStore|ARM.ActiveCfg = AppStore|iPhone
		{F5C568A7-EA3C-471E-B87B-E91C4381D861}.AppStore|iPhone.ActiveCfg = AppStore|iPhone
		{F5C568A7-EA3C-471E-B87B-E91C4381D861}.AppStore|iPhone.Build.0 = AppStore|iPhone
		{F5C568A7-EA3C-471E-B87B-E91C4381D861}.AppStore|iPhoneSimulator.ActiveCfg = AppStore|iPhoneSimulator
		{F5C568A7-EA3C-471E-B87B-E91C4381D861}.AppStore|iPhoneSimulator.Build.0 = AppStore|iPhoneSimulator
		{F5C568A7-EA3C-471E-B87B-E91C4381D861}.AppStore|x64.ActiveCfg = AppStore|iPhone
		{F5C568A7-EA3C-471E-B87B-E91C4381D861}.AppStore|x86.ActiveCfg = AppStore|iPhone
		{F5C568A7-EA3C-471E-B87B-E91C4381D861}.Debug|Any CPU.ActiveCfg = Debug|iPhone
		{F5C568A7-EA3C-471E-B87B-E91C4381D861}.Debug|ARM.ActiveCfg = Debug|iPhone
		{F5C568A7-EA3C-471E-B87B-E91C4381D861}.Debug|iPhone.ActiveCfg = Debug|iPhone
		{F5C568A7-EA3C-471E-B87B-E91C4381D861}.Debug|iPhone.Build.0 = Debug|iPhone
		{F5C568A7-EA3C-471E-B87B-E91C4381D861}.Debug|iPhoneSimulator.ActiveCfg = Debug|iPhoneSimulator
		{F5C568A7-EA3C-471E-B87B-E91C4381D861}.Debug|iPhoneSimulator.Build.0 = Debug|iPhoneSimulator
		{F5C568A7-EA3C-471E-B87B-E91C4381D861}.Debug|x64.ActiveCfg = Debug|iPhone
		{F5C568A7-EA3C-471E-B87B-E91C4381D861}.Debug|x86.ActiveCfg = Debug|iPhone
		{F5C568A7-EA3C-471E-B87B-E91C4381D861}.Release|Any CPU.ActiveCfg = Release|iPhone
		{F5C568A7-EA3C-471E-B87B-E91C4381D861}.Release|ARM.ActiveCfg = Release|iPhone
		{F5C568A7-EA3C-471E-B87B-E91C4381D861}.Release|iPhone.ActiveCfg = Release|iPhone
		{F5C568A7-EA3C-471E-B87B-E91C4381D861}.Release|iPhone.Build.0 = Release|iPhone
		{F5C568A7-EA3C-471E-B87B-E91C4381D861}.Release|iPhoneSimulator.ActiveCfg = Release|iPhoneSimulator
		{F5C568A7-EA3C-471E-B87B-E91C4381D861}.Release|iPhoneSimulator.Build.0 = Release|iPhoneSimulator
		{F5C568A7-EA3C-471E-B87B-E91C4381D861}.Release|x64.ActiveCfg = Release|iPhone
		{F5C568A7-EA3C-471E-B87B-E91C4381D861}.Release|x86.ActiveCfg = Release|iPhone
		{BADABDC0-AAE5-4C85-9C00-126AA855C617}.Ad-Hoc|Any CPU.ActiveCfg = Release|Any CPU
		{BADABDC0-AAE5-4C85-9C00-126AA855C617}.Ad-Hoc|Any CPU.Build.0 = Release|Any CPU
		{BADABDC0-AAE5-4C85-9C00-126AA855C617}.Ad-Hoc|Any CPU.Deploy.0 = Release|Any CPU
		{BADABDC0-AAE5-4C85-9C00-126AA855C617}.Ad-Hoc|ARM.ActiveCfg = Release|ARM
		{BADABDC0-AAE5-4C85-9C00-126AA855C617}.Ad-Hoc|ARM.Build.0 = Release|ARM
		{BADABDC0-AAE5-4C85-9C00-126AA855C617}.Ad-Hoc|ARM.Deploy.0 = Release|ARM
		{BADABDC0-AAE5-4C85-9C00-126AA855C617}.Ad-Hoc|iPhone.ActiveCfg = Release|Any CPU
		{BADABDC0-AAE5-4C85-9C00-126AA855C617}.Ad-Hoc|iPhone.Build.0 = Release|Any CPU
		{BADABDC0-AAE5-4C85-9C00-126AA855C617}.Ad-Hoc|iPhone.Deploy.0 = Release|Any CPU
		{BADABDC0-AAE5-4C85-9C00-126AA855C617}.Ad-Hoc|iPhoneSimulator.ActiveCfg = Release|Any CPU
		{BADABDC0-AAE5-4C85-9C00-126AA855C617}.Ad-Hoc|iPhoneSimulator.Build.0 = Release|Any CPU
		{BADABDC0-AAE5-4C85-9C00-126AA855C617}.Ad-Hoc|iPhoneSimulator.Deploy.0 = Release|Any CPU
		{BADABDC0-AAE5-4C85-9C00-126AA855C617}.Ad-Hoc|x64.ActiveCfg = Release|Any CPU
		{BADABDC0-AAE5-4C85-9C00-126AA855C617}.Ad-Hoc|x64.Build.0 = Release|Any CPU
		{BADABDC0-AAE5-4C85-9C00-126AA855C617}.Ad-Hoc|x64.Deploy.0 = Release|Any CPU
		{BADABDC0-AAE5-4C85-9C00-126AA855C617}.Ad-Hoc|x86.ActiveCfg = Release|x86
		{BADABDC0-AAE5-4C85-9C00-126AA855C617}.Ad-Hoc|x86.Build.0 = Release|x86
		{BADABDC0-AAE5-4C85-9C00-126AA855C617}.Ad-Hoc|x86.Deploy.0 = Release|x86
		{BADABDC0-AAE5-4C85-9C00-126AA855C617}.AppStore|Any CPU.ActiveCfg = Release|Any CPU
		{BADABDC0-AAE5-4C85-9C00-126AA855C617}.AppStore|Any CPU.Build.0 = Release|Any CPU
		{BADABDC0-AAE5-4C85-9C00-126AA855C617}.AppStore|Any CPU.Deploy.0 = Release|Any CPU
		{BADABDC0-AAE5-4C85-9C00-126AA855C617}.AppStore|ARM.ActiveCfg = Release|ARM
		{BADABDC0-AAE5-4C85-9C00-126AA855C617}.AppStore|ARM.Build.0 = Release|ARM
		{BADABDC0-AAE5-4C85-9C00-126AA855C617}.AppStore|ARM.Deploy.0 = Release|ARM
		{BADABDC0-AAE5-4C85-9C00-126AA855C617}.AppStore|iPhone.ActiveCfg = Release|Any CPU
		{BADABDC0-AAE5-4C85-9C00-126AA855C617}.AppStore|iPhone.Build.0 = Release|Any CPU
		{BADABDC0-AAE5-4C85-9C00-126AA855C617}.AppStore|iPhone.Deploy.0 = Release|Any CPU
		{BADABDC0-AAE5-4C85-9C00-126AA855C617}.AppStore|iPhoneSimulator.ActiveCfg = Release|Any CPU
		{BADABDC0-AAE5-4C85-9C00-126AA855C617}.AppStore|iPhoneSimulator.Build.0 = Release|Any CPU
		{BADABDC0-AAE5-4C85-9C00-126AA855C617}.AppStore|iPhoneSimulator.Deploy.0 = Release|Any CPU
		{BADABDC0-AAE5-4C85-9C00-126AA855C617}.AppStore|x64.ActiveCfg = Release|Any CPU
		{BADABDC0-AAE5-4C85-9C00-126AA855C617}.AppStore|x64.Build.0 = Release|Any CPU
		{BADABDC0-AAE5-4C85-9C00-126AA855C617}.AppStore|x64.Deploy.0 = Release|Any CPU
		{BADABDC0-AAE5-4C85-9C00-126AA855C617}.AppStore|x86.ActiveCfg = Release|x86
		{BADABDC0-AAE5-4C85-9C00-126AA855C617}.AppStore|x86.Build.0 = Release|x86
		{BADABDC0-AAE5-4C85-9C00-126AA855C617}.AppStore|x86.Deploy.0 = Release|x86
		{BADABDC0-AAE5-4C85-9C00-126AA855C617}.Debug|Any CPU.ActiveCfg = Debug|Any CPU
		{BADABDC0-AAE5-4C85-9C00-126AA855C617}.Debug|Any CPU.Build.0 = Debug|Any CPU
		{BADABDC0-AAE5-4C85-9C00-126AA855C617}.Debug|Any CPU.Deploy.0 = Debug|Any CPU
		{BADABDC0-AAE5-4C85-9C00-126AA855C617}.Debug|ARM.ActiveCfg = Debug|ARM
		{BADABDC0-AAE5-4C85-9C00-126AA855C617}.Debug|ARM.Build.0 = Debug|ARM
		{BADABDC0-AAE5-4C85-9C00-126AA855C617}.Debug|ARM.Deploy.0 = Debug|ARM
		{BADABDC0-AAE5-4C85-9C00-126AA855C617}.Debug|iPhone.ActiveCfg = Debug|Any CPU
		{BADABDC0-AAE5-4C85-9C00-126AA855C617}.Debug|iPhone.Build.0 = Debug|Any CPU
		{BADABDC0-AAE5-4C85-9C00-126AA855C617}.Debug|iPhone.Deploy.0 = Debug|Any CPU
		{BADABDC0-AAE5-4C85-9C00-126AA855C617}.Debug|iPhoneSimulator.ActiveCfg = Debug|Any CPU
		{BADABDC0-AAE5-4C85-9C00-126AA855C617}.Debug|iPhoneSimulator.Build.0 = Debug|Any CPU
		{BADABDC0-AAE5-4C85-9C00-126AA855C617}.Debug|iPhoneSimulator.Deploy.0 = Debug|Any CPU
		{BADABDC0-AAE5-4C85-9C00-126AA855C617}.Debug|x64.ActiveCfg = Debug|Any CPU
		{BADABDC0-AAE5-4C85-9C00-126AA855C617}.Debug|x64.Build.0 = Debug|Any CPU
		{BADABDC0-AAE5-4C85-9C00-126AA855C617}.Debug|x64.Deploy.0 = Debug|Any CPU
		{BADABDC0-AAE5-4C85-9C00-126AA855C617}.Debug|x86.ActiveCfg = Debug|x86
		{BADABDC0-AAE5-4C85-9C00-126AA855C617}.Debug|x86.Build.0 = Debug|x86
		{BADABDC0-AAE5-4C85-9C00-126AA855C617}.Debug|x86.Deploy.0 = Debug|x86
		{BADABDC0-AAE5-4C85-9C00-126AA855C617}.Release|Any CPU.ActiveCfg = Release|Any CPU
		{BADABDC0-AAE5-4C85-9C00-126AA855C617}.Release|Any CPU.Build.0 = Release|Any CPU
		{BADABDC0-AAE5-4C85-9C00-126AA855C617}.Release|Any CPU.Deploy.0 = Release|Any CPU
		{BADABDC0-AAE5-4C85-9C00-126AA855C617}.Release|ARM.ActiveCfg = Release|ARM
		{BADABDC0-AAE5-4C85-9C00-126AA855C617}.Release|ARM.Build.0 = Release|ARM
		{BADABDC0-AAE5-4C85-9C00-126AA855C617}.Release|ARM.Deploy.0 = Release|ARM
		{BADABDC0-AAE5-4C85-9C00-126AA855C617}.Release|iPhone.ActiveCfg = Release|Any CPU
		{BADABDC0-AAE5-4C85-9C00-126AA855C617}.Release|iPhone.Build.0 = Release|Any CPU
		{BADABDC0-AAE5-4C85-9C00-126AA855C617}.Release|iPhone.Deploy.0 = Release|Any CPU
		{BADABDC0-AAE5-4C85-9C00-126AA855C617}.Release|iPhoneSimulator.ActiveCfg = Release|Any CPU
		{BADABDC0-AAE5-4C85-9C00-126AA855C617}.Release|iPhoneSimulator.Build.0 = Release|Any CPU
		{BADABDC0-AAE5-4C85-9C00-126AA855C617}.Release|iPhoneSimulator.Deploy.0 = Release|Any CPU
		{BADABDC0-AAE5-4C85-9C00-126AA855C617}.Release|x64.ActiveCfg = Release|Any CPU
		{BADABDC0-AAE5-4C85-9C00-126AA855C617}.Release|x64.Build.0 = Release|Any CPU
		{BADABDC0-AAE5-4C85-9C00-126AA855C617}.Release|x64.Deploy.0 = Release|Any CPU
		{BADABDC0-AAE5-4C85-9C00-126AA855C617}.Release|x86.ActiveCfg = Release|x86
		{BADABDC0-AAE5-4C85-9C00-126AA855C617}.Release|x86.Build.0 = Release|x86
		{BADABDC0-AAE5-4C85-9C00-126AA855C617}.Release|x86.Deploy.0 = Release|x86
		{0EEA995C-BAA1-4156-BCDE-6748A86D5D73}.Ad-Hoc|Any CPU.ActiveCfg = Release|x86
		{0EEA995C-BAA1-4156-BCDE-6748A86D5D73}.Ad-Hoc|Any CPU.Build.0 = Release|x86
		{0EEA995C-BAA1-4156-BCDE-6748A86D5D73}.Ad-Hoc|Any CPU.Deploy.0 = Release|x86
		{0EEA995C-BAA1-4156-BCDE-6748A86D5D73}.Ad-Hoc|ARM.ActiveCfg = Release|ARM
		{0EEA995C-BAA1-4156-BCDE-6748A86D5D73}.Ad-Hoc|ARM.Build.0 = Release|ARM
		{0EEA995C-BAA1-4156-BCDE-6748A86D5D73}.Ad-Hoc|ARM.Deploy.0 = Release|ARM
		{0EEA995C-BAA1-4156-BCDE-6748A86D5D73}.Ad-Hoc|iPhone.ActiveCfg = Release|x86
		{0EEA995C-BAA1-4156-BCDE-6748A86D5D73}.Ad-Hoc|iPhone.Build.0 = Release|x86
		{0EEA995C-BAA1-4156-BCDE-6748A86D5D73}.Ad-Hoc|iPhone.Deploy.0 = Release|x86
		{0EEA995C-BAA1-4156-BCDE-6748A86D5D73}.Ad-Hoc|iPhoneSimulator.ActiveCfg = Release|x86
		{0EEA995C-BAA1-4156-BCDE-6748A86D5D73}.Ad-Hoc|iPhoneSimulator.Build.0 = Release|x86
		{0EEA995C-BAA1-4156-BCDE-6748A86D5D73}.Ad-Hoc|iPhoneSimulator.Deploy.0 = Release|x86
		{0EEA995C-BAA1-4156-BCDE-6748A86D5D73}.Ad-Hoc|x64.ActiveCfg = Release|x64
		{0EEA995C-BAA1-4156-BCDE-6748A86D5D73}.Ad-Hoc|x64.Build.0 = Release|x64
		{0EEA995C-BAA1-4156-BCDE-6748A86D5D73}.Ad-Hoc|x64.Deploy.0 = Release|x64
		{0EEA995C-BAA1-4156-BCDE-6748A86D5D73}.Ad-Hoc|x86.ActiveCfg = Release|x86
		{0EEA995C-BAA1-4156-BCDE-6748A86D5D73}.Ad-Hoc|x86.Build.0 = Release|x86
		{0EEA995C-BAA1-4156-BCDE-6748A86D5D73}.Ad-Hoc|x86.Deploy.0 = Release|x86
		{0EEA995C-BAA1-4156-BCDE-6748A86D5D73}.AppStore|Any CPU.ActiveCfg = Release|x86
		{0EEA995C-BAA1-4156-BCDE-6748A86D5D73}.AppStore|Any CPU.Build.0 = Release|x86
		{0EEA995C-BAA1-4156-BCDE-6748A86D5D73}.AppStore|Any CPU.Deploy.0 = Release|x86
		{0EEA995C-BAA1-4156-BCDE-6748A86D5D73}.AppStore|ARM.ActiveCfg = Release|ARM
		{0EEA995C-BAA1-4156-BCDE-6748A86D5D73}.AppStore|ARM.Build.0 = Release|ARM
		{0EEA995C-BAA1-4156-BCDE-6748A86D5D73}.AppStore|ARM.Deploy.0 = Release|ARM
		{0EEA995C-BAA1-4156-BCDE-6748A86D5D73}.AppStore|iPhone.ActiveCfg = Release|x86
		{0EEA995C-BAA1-4156-BCDE-6748A86D5D73}.AppStore|iPhone.Build.0 = Release|x86
		{0EEA995C-BAA1-4156-BCDE-6748A86D5D73}.AppStore|iPhone.Deploy.0 = Release|x86
		{0EEA995C-BAA1-4156-BCDE-6748A86D5D73}.AppStore|iPhoneSimulator.ActiveCfg = Release|x86
		{0EEA995C-BAA1-4156-BCDE-6748A86D5D73}.AppStore|iPhoneSimulator.Build.0 = Release|x86
		{0EEA995C-BAA1-4156-BCDE-6748A86D5D73}.AppStore|iPhoneSimulator.Deploy.0 = Release|x86
		{0EEA995C-BAA1-4156-BCDE-6748A86D5D73}.AppStore|x64.ActiveCfg = Release|x64
		{0EEA995C-BAA1-4156-BCDE-6748A86D5D73}.AppStore|x64.Build.0 = Release|x64
		{0EEA995C-BAA1-4156-BCDE-6748A86D5D73}.AppStore|x64.Deploy.0 = Release|x64
		{0EEA995C-BAA1-4156-BCDE-6748A86D5D73}.AppStore|x86.ActiveCfg = Release|x86
		{0EEA995C-BAA1-4156-BCDE-6748A86D5D73}.AppStore|x86.Build.0 = Release|x86
		{0EEA995C-BAA1-4156-BCDE-6748A86D5D73}.AppStore|x86.Deploy.0 = Release|x86
		{0EEA995C-BAA1-4156-BCDE-6748A86D5D73}.Debug|Any CPU.ActiveCfg = Debug|x86
		{0EEA995C-BAA1-4156-BCDE-6748A86D5D73}.Debug|ARM.ActiveCfg = Debug|ARM
		{0EEA995C-BAA1-4156-BCDE-6748A86D5D73}.Debug|ARM.Build.0 = Debug|ARM
		{0EEA995C-BAA1-4156-BCDE-6748A86D5D73}.Debug|ARM.Deploy.0 = Debug|ARM
		{0EEA995C-BAA1-4156-BCDE-6748A86D5D73}.Debug|iPhone.ActiveCfg = Debug|x86
		{0EEA995C-BAA1-4156-BCDE-6748A86D5D73}.Debug|iPhoneSimulator.ActiveCfg = Debug|x86
		{0EEA995C-BAA1-4156-BCDE-6748A86D5D73}.Debug|x64.ActiveCfg = Debug|x64
		{0EEA995C-BAA1-4156-BCDE-6748A86D5D73}.Debug|x64.Build.0 = Debug|x64
		{0EEA995C-BAA1-4156-BCDE-6748A86D5D73}.Debug|x64.Deploy.0 = Debug|x64
		{0EEA995C-BAA1-4156-BCDE-6748A86D5D73}.Debug|x86.ActiveCfg = Debug|x86
		{0EEA995C-BAA1-4156-BCDE-6748A86D5D73}.Debug|x86.Build.0 = Debug|x86
		{0EEA995C-BAA1-4156-BCDE-6748A86D5D73}.Debug|x86.Deploy.0 = Debug|x86
		{0EEA995C-BAA1-4156-BCDE-6748A86D5D73}.Release|Any CPU.ActiveCfg = Release|x86
		{0EEA995C-BAA1-4156-BCDE-6748A86D5D73}.Release|ARM.ActiveCfg = Release|ARM
		{0EEA995C-BAA1-4156-BCDE-6748A86D5D73}.Release|ARM.Build.0 = Release|ARM
		{0EEA995C-BAA1-4156-BCDE-6748A86D5D73}.Release|ARM.Deploy.0 = Release|ARM
		{0EEA995C-BAA1-4156-BCDE-6748A86D5D73}.Release|iPhone.ActiveCfg = Release|x86
		{0EEA995C-BAA1-4156-BCDE-6748A86D5D73}.Release|iPhoneSimulator.ActiveCfg = Release|x86
		{0EEA995C-BAA1-4156-BCDE-6748A86D5D73}.Release|x64.ActiveCfg = Release|x64
		{0EEA995C-BAA1-4156-BCDE-6748A86D5D73}.Release|x64.Build.0 = Release|x64
		{0EEA995C-BAA1-4156-BCDE-6748A86D5D73}.Release|x64.Deploy.0 = Release|x64
		{0EEA995C-BAA1-4156-BCDE-6748A86D5D73}.Release|x86.ActiveCfg = Release|x86
		{0EEA995C-BAA1-4156-BCDE-6748A86D5D73}.Release|x86.Build.0 = Release|x86
		{0EEA995C-BAA1-4156-BCDE-6748A86D5D73}.Release|x86.Deploy.0 = Release|x86
		{7CC32D5F-176F-4A44-B4A6-9E07F96BC449}.Ad-Hoc|Any CPU.ActiveCfg = Release|Any CPU
		{7CC32D5F-176F-4A44-B4A6-9E07F96BC449}.Ad-Hoc|Any CPU.Build.0 = Release|Any CPU
		{7CC32D5F-176F-4A44-B4A6-9E07F96BC449}.Ad-Hoc|Any CPU.Deploy.0 = Release|Any CPU
		{7CC32D5F-176F-4A44-B4A6-9E07F96BC449}.Ad-Hoc|ARM.ActiveCfg = Release|ARM
		{7CC32D5F-176F-4A44-B4A6-9E07F96BC449}.Ad-Hoc|ARM.Build.0 = Release|ARM
		{7CC32D5F-176F-4A44-B4A6-9E07F96BC449}.Ad-Hoc|ARM.Deploy.0 = Release|ARM
		{7CC32D5F-176F-4A44-B4A6-9E07F96BC449}.Ad-Hoc|iPhone.ActiveCfg = Release|Any CPU
		{7CC32D5F-176F-4A44-B4A6-9E07F96BC449}.Ad-Hoc|iPhone.Build.0 = Release|Any CPU
		{7CC32D5F-176F-4A44-B4A6-9E07F96BC449}.Ad-Hoc|iPhone.Deploy.0 = Release|Any CPU
		{7CC32D5F-176F-4A44-B4A6-9E07F96BC449}.Ad-Hoc|iPhoneSimulator.ActiveCfg = Release|Any CPU
		{7CC32D5F-176F-4A44-B4A6-9E07F96BC449}.Ad-Hoc|iPhoneSimulator.Build.0 = Release|Any CPU
		{7CC32D5F-176F-4A44-B4A6-9E07F96BC449}.Ad-Hoc|iPhoneSimulator.Deploy.0 = Release|Any CPU
		{7CC32D5F-176F-4A44-B4A6-9E07F96BC449}.Ad-Hoc|x64.ActiveCfg = Release|x64
		{7CC32D5F-176F-4A44-B4A6-9E07F96BC449}.Ad-Hoc|x64.Build.0 = Release|x64
		{7CC32D5F-176F-4A44-B4A6-9E07F96BC449}.Ad-Hoc|x64.Deploy.0 = Release|x64
		{7CC32D5F-176F-4A44-B4A6-9E07F96BC449}.Ad-Hoc|x86.ActiveCfg = Release|x86
		{7CC32D5F-176F-4A44-B4A6-9E07F96BC449}.Ad-Hoc|x86.Build.0 = Release|x86
		{7CC32D5F-176F-4A44-B4A6-9E07F96BC449}.Ad-Hoc|x86.Deploy.0 = Release|x86
		{7CC32D5F-176F-4A44-B4A6-9E07F96BC449}.AppStore|Any CPU.ActiveCfg = Release|Any CPU
		{7CC32D5F-176F-4A44-B4A6-9E07F96BC449}.AppStore|Any CPU.Build.0 = Release|Any CPU
		{7CC32D5F-176F-4A44-B4A6-9E07F96BC449}.AppStore|Any CPU.Deploy.0 = Release|Any CPU
		{7CC32D5F-176F-4A44-B4A6-9E07F96BC449}.AppStore|ARM.ActiveCfg = Release|ARM
		{7CC32D5F-176F-4A44-B4A6-9E07F96BC449}.AppStore|ARM.Build.0 = Release|ARM
		{7CC32D5F-176F-4A44-B4A6-9E07F96BC449}.AppStore|ARM.Deploy.0 = Release|ARM
		{7CC32D5F-176F-4A44-B4A6-9E07F96BC449}.AppStore|iPhone.ActiveCfg = Release|Any CPU
		{7CC32D5F-176F-4A44-B4A6-9E07F96BC449}.AppStore|iPhone.Build.0 = Release|Any CPU
		{7CC32D5F-176F-4A44-B4A6-9E07F96BC449}.AppStore|iPhone.Deploy.0 = Release|Any CPU
		{7CC32D5F-176F-4A44-B4A6-9E07F96BC449}.AppStore|iPhoneSimulator.ActiveCfg = Release|Any CPU
		{7CC32D5F-176F-4A44-B4A6-9E07F96BC449}.AppStore|iPhoneSimulator.Build.0 = Release|Any CPU
		{7CC32D5F-176F-4A44-B4A6-9E07F96BC449}.AppStore|iPhoneSimulator.Deploy.0 = Release|Any CPU
		{7CC32D5F-176F-4A44-B4A6-9E07F96BC449}.AppStore|x64.ActiveCfg = Release|x64
		{7CC32D5F-176F-4A44-B4A6-9E07F96BC449}.AppStore|x64.Build.0 = Release|x64
		{7CC32D5F-176F-4A44-B4A6-9E07F96BC449}.AppStore|x64.Deploy.0 = Release|x64
		{7CC32D5F-176F-4A44-B4A6-9E07F96BC449}.AppStore|x86.ActiveCfg = Release|x86
		{7CC32D5F-176F-4A44-B4A6-9E07F96BC449}.AppStore|x86.Build.0 = Release|x86
		{7CC32D5F-176F-4A44-B4A6-9E07F96BC449}.AppStore|x86.Deploy.0 = Release|x86
		{7CC32D5F-176F-4A44-B4A6-9E07F96BC449}.Debug|Any CPU.ActiveCfg = Debug|Any CPU
		{7CC32D5F-176F-4A44-B4A6-9E07F96BC449}.Debug|Any CPU.Build.0 = Debug|Any CPU
		{7CC32D5F-176F-4A44-B4A6-9E07F96BC449}.Debug|Any CPU.Deploy.0 = Debug|Any CPU
		{7CC32D5F-176F-4A44-B4A6-9E07F96BC449}.Debug|ARM.ActiveCfg = Debug|ARM
		{7CC32D5F-176F-4A44-B4A6-9E07F96BC449}.Debug|ARM.Build.0 = Debug|ARM
		{7CC32D5F-176F-4A44-B4A6-9E07F96BC449}.Debug|ARM.Deploy.0 = Debug|ARM
		{7CC32D5F-176F-4A44-B4A6-9E07F96BC449}.Debug|iPhone.ActiveCfg = Debug|Any CPU
		{7CC32D5F-176F-4A44-B4A6-9E07F96BC449}.Debug|iPhone.Build.0 = Debug|Any CPU
		{7CC32D5F-176F-4A44-B4A6-9E07F96BC449}.Debug|iPhone.Deploy.0 = Debug|Any CPU
		{7CC32D5F-176F-4A44-B4A6-9E07F96BC449}.Debug|iPhoneSimulator.ActiveCfg = Debug|Any CPU
		{7CC32D5F-176F-4A44-B4A6-9E07F96BC449}.Debug|iPhoneSimulator.Build.0 = Debug|Any CPU
		{7CC32D5F-176F-4A44-B4A6-9E07F96BC449}.Debug|iPhoneSimulator.Deploy.0 = Debug|Any CPU
		{7CC32D5F-176F-4A44-B4A6-9E07F96BC449}.Debug|x64.ActiveCfg = Debug|x64
		{7CC32D5F-176F-4A44-B4A6-9E07F96BC449}.Debug|x64.Build.0 = Debug|x64
		{7CC32D5F-176F-4A44-B4A6-9E07F96BC449}.Debug|x64.Deploy.0 = Debug|x64
		{7CC32D5F-176F-4A44-B4A6-9E07F96BC449}.Debug|x86.ActiveCfg = Debug|x86
		{7CC32D5F-176F-4A44-B4A6-9E07F96BC449}.Debug|x86.Build.0 = Debug|x86
		{7CC32D5F-176F-4A44-B4A6-9E07F96BC449}.Debug|x86.Deploy.0 = Debug|x86
		{7CC32D5F-176F-4A44-B4A6-9E07F96BC449}.Release|Any CPU.ActiveCfg = Release|Any CPU
		{7CC32D5F-176F-4A44-B4A6-9E07F96BC449}.Release|Any CPU.Build.0 = Release|Any CPU
		{7CC32D5F-176F-4A44-B4A6-9E07F96BC449}.Release|Any CPU.Deploy.0 = Release|Any CPU
		{7CC32D5F-176F-4A44-B4A6-9E07F96BC449}.Release|ARM.ActiveCfg = Release|ARM
		{7CC32D5F-176F-4A44-B4A6-9E07F96BC449}.Release|ARM.Build.0 = Release|ARM
		{7CC32D5F-176F-4A44-B4A6-9E07F96BC449}.Release|ARM.Deploy.0 = Release|ARM
		{7CC32D5F-176F-4A44-B4A6-9E07F96BC449}.Release|iPhone.ActiveCfg = Release|Any CPU
		{7CC32D5F-176F-4A44-B4A6-9E07F96BC449}.Release|iPhone.Build.0 = Release|Any CPU
		{7CC32D5F-176F-4A44-B4A6-9E07F96BC449}.Release|iPhone.Deploy.0 = Release|Any CPU
		{7CC32D5F-176F-4A44-B4A6-9E07F96BC449}.Release|iPhoneSimulator.ActiveCfg = Release|Any CPU
		{7CC32D5F-176F-4A44-B4A6-9E07F96BC449}.Release|iPhoneSimulator.Build.0 = Release|Any CPU
		{7CC32D5F-176F-4A44-B4A6-9E07F96BC449}.Release|iPhoneSimulator.Deploy.0 = Release|Any CPU
		{7CC32D5F-176F-4A44-B4A6-9E07F96BC449}.Release|x64.ActiveCfg = Release|x64
		{7CC32D5F-176F-4A44-B4A6-9E07F96BC449}.Release|x64.Build.0 = Release|x64
		{7CC32D5F-176F-4A44-B4A6-9E07F96BC449}.Release|x64.Deploy.0 = Release|x64
		{7CC32D5F-176F-4A44-B4A6-9E07F96BC449}.Release|x86.ActiveCfg = Release|x86
		{7CC32D5F-176F-4A44-B4A6-9E07F96BC449}.Release|x86.Build.0 = Release|x86
		{7CC32D5F-176F-4A44-B4A6-9E07F96BC449}.Release|x86.Deploy.0 = Release|x86
		{2B289BC4-9BD2-4D42-8760-EED98126CF8C}.Ad-Hoc|Any CPU.ActiveCfg = Release|Any CPU
		{2B289BC4-9BD2-4D42-8760-EED98126CF8C}.Ad-Hoc|Any CPU.Build.0 = Release|Any CPU
		{2B289BC4-9BD2-4D42-8760-EED98126CF8C}.Ad-Hoc|ARM.ActiveCfg = Release|Any CPU
		{2B289BC4-9BD2-4D42-8760-EED98126CF8C}.Ad-Hoc|ARM.Build.0 = Release|Any CPU
		{2B289BC4-9BD2-4D42-8760-EED98126CF8C}.Ad-Hoc|iPhone.ActiveCfg = Release|Any CPU
		{2B289BC4-9BD2-4D42-8760-EED98126CF8C}.Ad-Hoc|iPhone.Build.0 = Release|Any CPU
		{2B289BC4-9BD2-4D42-8760-EED98126CF8C}.Ad-Hoc|iPhoneSimulator.ActiveCfg = Release|Any CPU
		{2B289BC4-9BD2-4D42-8760-EED98126CF8C}.Ad-Hoc|iPhoneSimulator.Build.0 = Release|Any CPU
		{2B289BC4-9BD2-4D42-8760-EED98126CF8C}.Ad-Hoc|x64.ActiveCfg = Release|Any CPU
		{2B289BC4-9BD2-4D42-8760-EED98126CF8C}.Ad-Hoc|x64.Build.0 = Release|Any CPU
		{2B289BC4-9BD2-4D42-8760-EED98126CF8C}.Ad-Hoc|x86.ActiveCfg = Release|Any CPU
		{2B289BC4-9BD2-4D42-8760-EED98126CF8C}.Ad-Hoc|x86.Build.0 = Release|Any CPU
		{2B289BC4-9BD2-4D42-8760-EED98126CF8C}.AppStore|Any CPU.ActiveCfg = Release|Any CPU
		{2B289BC4-9BD2-4D42-8760-EED98126CF8C}.AppStore|Any CPU.Build.0 = Release|Any CPU
		{2B289BC4-9BD2-4D42-8760-EED98126CF8C}.AppStore|ARM.ActiveCfg = Release|Any CPU
		{2B289BC4-9BD2-4D42-8760-EED98126CF8C}.AppStore|ARM.Build.0 = Release|Any CPU
		{2B289BC4-9BD2-4D42-8760-EED98126CF8C}.AppStore|iPhone.ActiveCfg = Release|Any CPU
		{2B289BC4-9BD2-4D42-8760-EED98126CF8C}.AppStore|iPhone.Build.0 = Release|Any CPU
		{2B289BC4-9BD2-4D42-8760-EED98126CF8C}.AppStore|iPhoneSimulator.ActiveCfg = Release|Any CPU
		{2B289BC4-9BD2-4D42-8760-EED98126CF8C}.AppStore|iPhoneSimulator.Build.0 = Release|Any CPU
		{2B289BC4-9BD2-4D42-8760-EED98126CF8C}.AppStore|x64.ActiveCfg = Release|Any CPU
		{2B289BC4-9BD2-4D42-8760-EED98126CF8C}.AppStore|x64.Build.0 = Release|Any CPU
		{2B289BC4-9BD2-4D42-8760-EED98126CF8C}.AppStore|x86.ActiveCfg = Release|Any CPU
		{2B289BC4-9BD2-4D42-8760-EED98126CF8C}.AppStore|x86.Build.0 = Release|Any CPU
		{2B289BC4-9BD2-4D42-8760-EED98126CF8C}.Debug|Any CPU.ActiveCfg = Debug|Any CPU
		{2B289BC4-9BD2-4D42-8760-EED98126CF8C}.Debug|Any CPU.Build.0 = Debug|Any CPU
		{2B289BC4-9BD2-4D42-8760-EED98126CF8C}.Debug|ARM.ActiveCfg = Debug|Any CPU
		{2B289BC4-9BD2-4D42-8760-EED98126CF8C}.Debug|ARM.Build.0 = Debug|Any CPU
		{2B289BC4-9BD2-4D42-8760-EED98126CF8C}.Debug|iPhone.ActiveCfg = Debug|Any CPU
		{2B289BC4-9BD2-4D42-8760-EED98126CF8C}.Debug|iPhone.Build.0 = Debug|Any CPU
		{2B289BC4-9BD2-4D42-8760-EED98126CF8C}.Debug|iPhoneSimulator.ActiveCfg = Debug|Any CPU
		{2B289BC4-9BD2-4D42-8760-EED98126CF8C}.Debug|iPhoneSimulator.Build.0 = Debug|Any CPU
		{2B289BC4-9BD2-4D42-8760-EED98126CF8C}.Debug|x64.ActiveCfg = Debug|Any CPU
		{2B289BC4-9BD2-4D42-8760-EED98126CF8C}.Debug|x64.Build.0 = Debug|Any CPU
		{2B289BC4-9BD2-4D42-8760-EED98126CF8C}.Debug|x86.ActiveCfg = Debug|Any CPU
		{2B289BC4-9BD2-4D42-8760-EED98126CF8C}.Debug|x86.Build.0 = Debug|Any CPU
		{2B289BC4-9BD2-4D42-8760-EED98126CF8C}.Release|Any CPU.ActiveCfg = Release|Any CPU
		{2B289BC4-9BD2-4D42-8760-EED98126CF8C}.Release|Any CPU.Build.0 = Release|Any CPU
		{2B289BC4-9BD2-4D42-8760-EED98126CF8C}.Release|ARM.ActiveCfg = Release|Any CPU
		{2B289BC4-9BD2-4D42-8760-EED98126CF8C}.Release|ARM.Build.0 = Release|Any CPU
		{2B289BC4-9BD2-4D42-8760-EED98126CF8C}.Release|iPhone.ActiveCfg = Release|Any CPU
		{2B289BC4-9BD2-4D42-8760-EED98126CF8C}.Release|iPhone.Build.0 = Release|Any CPU
		{2B289BC4-9BD2-4D42-8760-EED98126CF8C}.Release|iPhoneSimulator.ActiveCfg = Release|Any CPU
		{2B289BC4-9BD2-4D42-8760-EED98126CF8C}.Release|iPhoneSimulator.Build.0 = Release|Any CPU
		{2B289BC4-9BD2-4D42-8760-EED98126CF8C}.Release|x64.ActiveCfg = Release|Any CPU
		{2B289BC4-9BD2-4D42-8760-EED98126CF8C}.Release|x64.Build.0 = Release|Any CPU
		{2B289BC4-9BD2-4D42-8760-EED98126CF8C}.Release|x86.ActiveCfg = Release|Any CPU
		{2B289BC4-9BD2-4D42-8760-EED98126CF8C}.Release|x86.Build.0 = Release|Any CPU
	EndGlobalSection
	GlobalSection(SolutionProperties) = preSolution
		HideSolutionNode = FALSE
	EndGlobalSection
EndGlobal
