
Microsoft Visual Studio Solution File, Format Version 12.00
# Visual Studio 14
VisualStudioVersion = 14.0.25123.0
MinimumVisualStudioVersion = 10.0.40219.1
Project("{FAE04EC0-301F-11D3-BF4B-00C04F79EFBC}") = "XFAzureMA.Droid", "XFAzureMA\XFAzureMA.Droid\XFAzureMA.Droid.csproj", "{FC895E24-D0CE-4089-BB52-5F4400FAC8DA}"
EndProject
Project("{FAE04EC0-301F-11D3-BF4B-00C04F79EFBC}") = "XFAzureMA.iOS", "XFAzureMA\XFAzureMA.iOS\XFAzureMA.iOS.csproj", "{6A9B3FC6-44F6-4E55-9632-7CDB9FB967F2}"
EndProject
Project("{FAE04EC0-301F-11D3-BF4B-00C04F79EFBC}") = "XFAzureMA.WinPhone", "XFAzureMA\XFAzureMA.WinPhone\XFAzureMA.WinPhone.csproj", "{98DA2461-BDB2-44B6-8EC6-31F94AEDBF6E}"
EndProject
Project("{FAE04EC0-301F-11D3-BF4B-00C04F79EFBC}") = "XFAzureMA.UWP", "XFAzureMA\XFAzureMA.UWP\XFAzureMA.UWP.csproj", "{D6C23116-B88B-444E-9AC1-D6C7FFD43075}"
EndProject
Project("{FAE04EC0-301F-11D3-BF4B-00C04F79EFBC}") = "XFAzureMA.Windows", "XFAzureMA\XFAzureMA.Windows\XFAzureMA.Windows.csproj", "{04112D3F-A2D7-4BFF-BB91-02CEFAA41CC5}"
EndProject
Project("{FAE04EC0-301F-11D3-BF4B-00C04F79EFBC}") = "XFAzureMA", "XFAzureMA\XFAzureMA\XFAzureMA.csproj", "{148986D2-FE47-4A22-B4AE-8DE9EDA206B3}"
EndProject
Global
	GlobalSection(SolutionConfigurationPlatforms) = preSolution
		Ad-Hoc|Any CPU = Ad-Hoc|Any CPU
		Ad-Hoc|ARM = Ad-Hoc|ARM
		Ad-Hoc|iPhone = Ad-Hoc|iPhone
		Ad-Hoc|iPhoneSimulator = Ad-Hoc|iPhoneSimulator
		Ad-Hoc|x64 = Ad-Hoc|x64
		Ad-Hoc|x86 = Ad-Hoc|x86
		AppStore|Any CPU = AppStore|Any CPU
		AppStore|ARM = AppStore|ARM
		AppStore|iPhone = AppStore|iPhone
		AppStore|iPhoneSimulator = AppStore|iPhoneSimulator
		AppStore|x64 = AppStore|x64
		AppStore|x86 = AppStore|x86
		Debug|Any CPU = Debug|Any CPU
		Debug|ARM = Debug|ARM
		Debug|iPhone = Debug|iPhone
		Debug|iPhoneSimulator = Debug|iPhoneSimulator
		Debug|x64 = Debug|x64
		Debug|x86 = Debug|x86
		Release|Any CPU = Release|Any CPU
		Release|ARM = Release|ARM
		Release|iPhone = Release|iPhone
		Release|iPhoneSimulator = Release|iPhoneSimulator
		Release|x64 = Release|x64
		Release|x86 = Release|x86
	EndGlobalSection
	GlobalSection(ProjectConfigurationPlatforms) = postSolution
		{FC895E24-D0CE-4089-BB52-5F4400FAC8DA}.Ad-Hoc|Any CPU.ActiveCfg = Release|Any CPU
		{FC895E24-D0CE-4089-BB52-5F4400FAC8DA}.Ad-Hoc|Any CPU.Build.0 = Release|Any CPU
		{FC895E24-D0CE-4089-BB52-5F4400FAC8DA}.Ad-Hoc|Any CPU.Deploy.0 = Release|Any CPU
		{FC895E24-D0CE-4089-BB52-5F4400FAC8DA}.Ad-Hoc|ARM.ActiveCfg = Release|Any CPU
		{FC895E24-D0CE-4089-BB52-5F4400FAC8DA}.Ad-Hoc|ARM.Build.0 = Release|Any CPU
		{FC895E24-D0CE-4089-BB52-5F4400FAC8DA}.Ad-Hoc|ARM.Deploy.0 = Release|Any CPU
		{FC895E24-D0CE-4089-BB52-5F4400FAC8DA}.Ad-Hoc|iPhone.ActiveCfg = Release|Any CPU
		{FC895E24-D0CE-4089-BB52-5F4400FAC8DA}.Ad-Hoc|iPhone.Build.0 = Release|Any CPU
		{FC895E24-D0CE-4089-BB52-5F4400FAC8DA}.Ad-Hoc|iPhone.Deploy.0 = Release|Any CPU
		{FC895E24-D0CE-4089-BB52-5F4400FAC8DA}.Ad-Hoc|iPhoneSimulator.ActiveCfg = Release|Any CPU
		{FC895E24-D0CE-4089-BB52-5F4400FAC8DA}.Ad-Hoc|iPhoneSimulator.Build.0 = Release|Any CPU
		{FC895E24-D0CE-4089-BB52-5F4400FAC8DA}.Ad-Hoc|iPhoneSimulator.Deploy.0 = Release|Any CPU
		{FC895E24-D0CE-4089-BB52-5F4400FAC8DA}.Ad-Hoc|x64.ActiveCfg = Release|Any CPU
		{FC895E24-D0CE-4089-BB52-5F4400FAC8DA}.Ad-Hoc|x64.Build.0 = Release|Any CPU
		{FC895E24-D0CE-4089-BB52-5F4400FAC8DA}.Ad-Hoc|x64.Deploy.0 = Release|Any CPU
		{FC895E24-D0CE-4089-BB52-5F4400FAC8DA}.Ad-Hoc|x86.ActiveCfg = Release|Any CPU
		{FC895E24-D0CE-4089-BB52-5F4400FAC8DA}.Ad-Hoc|x86.Build.0 = Release|Any CPU
		{FC895E24-D0CE-4089-BB52-5F4400FAC8DA}.Ad-Hoc|x86.Deploy.0 = Release|Any CPU
		{FC895E24-D0CE-4089-BB52-5F4400FAC8DA}.AppStore|Any CPU.ActiveCfg = Release|Any CPU
		{FC895E24-D0CE-4089-BB52-5F4400FAC8DA}.AppStore|Any CPU.Build.0 = Release|Any CPU
		{FC895E24-D0CE-4089-BB52-5F4400FAC8DA}.AppStore|Any CPU.Deploy.0 = Release|Any CPU
		{FC895E24-D0CE-4089-BB52-5F4400FAC8DA}.AppStore|ARM.ActiveCfg = Release|Any CPU
		{FC895E24-D0CE-4089-BB52-5F4400FAC8DA}.AppStore|ARM.Build.0 = Release|Any CPU
		{FC895E24-D0CE-4089-BB52-5F4400FAC8DA}.AppStore|ARM.Deploy.0 = Release|Any CPU
		{FC895E24-D0CE-4089-BB52-5F4400FAC8DA}.AppStore|iPhone.ActiveCfg = Release|Any CPU
		{FC895E24-D0CE-4089-BB52-5F4400FAC8DA}.AppStore|iPhone.Build.0 = Release|Any CPU
		{FC895E24-D0CE-4089-BB52-5F4400FAC8DA}.AppStore|iPhone.Deploy.0 = Release|Any CPU
		{FC895E24-D0CE-4089-BB52-5F4400FAC8DA}.AppStore|iPhoneSimulator.ActiveCfg = Release|Any CPU
		{FC895E24-D0CE-4089-BB52-5F4400FAC8DA}.AppStore|iPhoneSimulator.Build.0 = Release|Any CPU
		{FC895E24-D0CE-4089-BB52-5F4400FAC8DA}.AppStore|iPhoneSimulator.Deploy.0 = Release|Any CPU
		{FC895E24-D0CE-4089-BB52-5F4400FAC8DA}.AppStore|x64.ActiveCfg = Release|Any CPU
		{FC895E24-D0CE-4089-BB52-5F4400FAC8DA}.AppStore|x64.Build.0 = Release|Any CPU
		{FC895E24-D0CE-4089-BB52-5F4400FAC8DA}.AppStore|x64.Deploy.0 = Release|Any CPU
		{FC895E24-D0CE-4089-BB52-5F4400FAC8DA}.AppStore|x86.ActiveCfg = Release|Any CPU
		{FC895E24-D0CE-4089-BB52-5F4400FAC8DA}.AppStore|x86.Build.0 = Release|Any CPU
		{FC895E24-D0CE-4089-BB52-5F4400FAC8DA}.AppStore|x86.Deploy.0 = Release|Any CPU
		{FC895E24-D0CE-4089-BB52-5F4400FAC8DA}.Debug|Any CPU.ActiveCfg = Debug|Any CPU
		{FC895E24-D0CE-4089-BB52-5F4400FAC8DA}.Debug|Any CPU.Build.0 = Debug|Any CPU
		{FC895E24-D0CE-4089-BB52-5F4400FAC8DA}.Debug|Any CPU.Deploy.0 = Debug|Any CPU
		{FC895E24-D0CE-4089-BB52-5F4400FAC8DA}.Debug|ARM.ActiveCfg = Debug|Any CPU
		{FC895E24-D0CE-4089-BB52-5F4400FAC8DA}.Debug|ARM.Build.0 = Debug|Any CPU
		{FC895E24-D0CE-4089-BB52-5F4400FAC8DA}.Debug|ARM.Deploy.0 = Debug|Any CPU
		{FC895E24-D0CE-4089-BB52-5F4400FAC8DA}.Debug|iPhone.ActiveCfg = Debug|Any CPU
		{FC895E24-D0CE-4089-BB52-5F4400FAC8DA}.Debug|iPhone.Build.0 = Debug|Any CPU
		{FC895E24-D0CE-4089-BB52-5F4400FAC8DA}.Debug|iPhone.Deploy.0 = Debug|Any CPU
		{FC895E24-D0CE-4089-BB52-5F4400FAC8DA}.Debug|iPhoneSimulator.ActiveCfg = Debug|Any CPU
		{FC895E24-D0CE-4089-BB52-5F4400FAC8DA}.Debug|iPhoneSimulator.Build.0 = Debug|Any CPU
		{FC895E24-D0CE-4089-BB52-5F4400FAC8DA}.Debug|iPhoneSimulator.Deploy.0 = Debug|Any CPU
		{FC895E24-D0CE-4089-BB52-5F4400FAC8DA}.Debug|x64.ActiveCfg = Debug|Any CPU
		{FC895E24-D0CE-4089-BB52-5F4400FAC8DA}.Debug|x64.Build.0 = Debug|Any CPU
		{FC895E24-D0CE-4089-BB52-5F4400FAC8DA}.Debug|x64.Deploy.0 = Debug|Any CPU
		{FC895E24-D0CE-4089-BB52-5F4400FAC8DA}.Debug|x86.ActiveCfg = Debug|Any CPU
		{FC895E24-D0CE-4089-BB52-5F4400FAC8DA}.Debug|x86.Build.0 = Debug|Any CPU
		{FC895E24-D0CE-4089-BB52-5F4400FAC8DA}.Debug|x86.Deploy.0 = Debug|Any CPU
		{FC895E24-D0CE-4089-BB52-5F4400FAC8DA}.Release|Any CPU.ActiveCfg = Release|Any CPU
		{FC895E24-D0CE-4089-BB52-5F4400FAC8DA}.Release|Any CPU.Build.0 = Release|Any CPU
		{FC895E24-D0CE-4089-BB52-5F4400FAC8DA}.Release|Any CPU.Deploy.0 = Release|Any CPU
		{FC895E24-D0CE-4089-BB52-5F4400FAC8DA}.Release|ARM.ActiveCfg = Release|Any CPU
		{FC895E24-D0CE-4089-BB52-5F4400FAC8DA}.Release|ARM.Build.0 = Release|Any CPU
		{FC895E24-D0CE-4089-BB52-5F4400FAC8DA}.Release|ARM.Deploy.0 = Release|Any CPU
		{FC895E24-D0CE-4089-BB52-5F4400FAC8DA}.Release|iPhone.ActiveCfg = Release|Any CPU
		{FC895E24-D0CE-4089-BB52-5F4400FAC8DA}.Release|iPhone.Build.0 = Release|Any CPU
		{FC895E24-D0CE-4089-BB52-5F4400FAC8DA}.Release|iPhone.Deploy.0 = Release|Any CPU
		{FC895E24-D0CE-4089-BB52-5F4400FAC8DA}.Release|iPhoneSimulator.ActiveCfg = Release|Any CPU
		{FC895E24-D0CE-4089-BB52-5F4400FAC8DA}.Release|iPhoneSimulator.Build.0 = Release|Any CPU
		{FC895E24-D0CE-4089-BB52-5F4400FAC8DA}.Release|iPhoneSimulator.Deploy.0 = Release|Any CPU
		{FC895E24-D0CE-4089-BB52-5F4400FAC8DA}.Release|x64.ActiveCfg = Release|Any CPU
		{FC895E24-D0CE-4089-BB52-5F4400FAC8DA}.Release|x64.Build.0 = Release|Any CPU
		{FC895E24-D0CE-4089-BB52-5F4400FAC8DA}.Release|x64.Deploy.0 = Release|Any CPU
		{FC895E24-D0CE-4089-BB52-5F4400FAC8DA}.Release|x86.ActiveCfg = Release|Any CPU
		{FC895E24-D0CE-4089-BB52-5F4400FAC8DA}.Release|x86.Build.0 = Release|Any CPU
		{FC895E24-D0CE-4089-BB52-5F4400FAC8DA}.Release|x86.Deploy.0 = Release|Any CPU
		{6A9B3FC6-44F6-4E55-9632-7CDB9FB967F2}.Ad-Hoc|Any CPU.ActiveCfg = Ad-Hoc|iPhone
		{6A9B3FC6-44F6-4E55-9632-7CDB9FB967F2}.Ad-Hoc|ARM.ActiveCfg = Ad-Hoc|iPhone
		{6A9B3FC6-44F6-4E55-9632-7CDB9FB967F2}.Ad-Hoc|iPhone.ActiveCfg = Ad-Hoc|iPhone
		{6A9B3FC6-44F6-4E55-9632-7CDB9FB967F2}.Ad-Hoc|iPhone.Build.0 = Ad-Hoc|iPhone
		{6A9B3FC6-44F6-4E55-9632-7CDB9FB967F2}.Ad-Hoc|iPhoneSimulator.ActiveCfg = Ad-Hoc|iPhoneSimulator
		{6A9B3FC6-44F6-4E55-9632-7CDB9FB967F2}.Ad-Hoc|iPhoneSimulator.Build.0 = Ad-Hoc|iPhoneSimulator
		{6A9B3FC6-44F6-4E55-9632-7CDB9FB967F2}.Ad-Hoc|x64.ActiveCfg = Ad-Hoc|iPhone
		{6A9B3FC6-44F6-4E55-9632-7CDB9FB967F2}.Ad-Hoc|x86.ActiveCfg = Ad-Hoc|iPhone
		{6A9B3FC6-44F6-4E55-9632-7CDB9FB967F2}.AppStore|Any CPU.ActiveCfg = AppStore|iPhone
		{6A9B3FC6-44F6-4E55-9632-7CDB9FB967F2}.AppStore|ARM.ActiveCfg = AppStore|iPhone
		{6A9B3FC6-44F6-4E55-9632-7CDB9FB967F2}.AppStore|iPhone.ActiveCfg = AppStore|iPhone
		{6A9B3FC6-44F6-4E55-9632-7CDB9FB967F2}.AppStore|iPhone.Build.0 = AppStore|iPhone
		{6A9B3FC6-44F6-4E55-9632-7CDB9FB967F2}.AppStore|iPhoneSimulator.ActiveCfg = AppStore|iPhoneSimulator
		{6A9B3FC6-44F6-4E55-9632-7CDB9FB967F2}.AppStore|iPhoneSimulator.Build.0 = AppStore|iPhoneSimulator
		{6A9B3FC6-44F6-4E55-9632-7CDB9FB967F2}.AppStore|x64.ActiveCfg = AppStore|iPhone
		{6A9B3FC6-44F6-4E55-9632-7CDB9FB967F2}.AppStore|x86.ActiveCfg = AppStore|iPhone
		{6A9B3FC6-44F6-4E55-9632-7CDB9FB967F2}.Debug|Any CPU.ActiveCfg = Debug|iPhone
		{6A9B3FC6-44F6-4E55-9632-7CDB9FB967F2}.Debug|ARM.ActiveCfg = Debug|iPhone
		{6A9B3FC6-44F6-4E55-9632-7CDB9FB967F2}.Debug|iPhone.ActiveCfg = Debug|iPhone
		{6A9B3FC6-44F6-4E55-9632-7CDB9FB967F2}.Debug|iPhone.Build.0 = Debug|iPhone
		{6A9B3FC6-44F6-4E55-9632-7CDB9FB967F2}.Debug|iPhoneSimulator.ActiveCfg = Debug|iPhoneSimulator
		{6A9B3FC6-44F6-4E55-9632-7CDB9FB967F2}.Debug|iPhoneSimulator.Build.0 = Debug|iPhoneSimulator
		{6A9B3FC6-44F6-4E55-9632-7CDB9FB967F2}.Debug|x64.ActiveCfg = Debug|iPhone
		{6A9B3FC6-44F6-4E55-9632-7CDB9FB967F2}.Debug|x86.ActiveCfg = Debug|iPhone
		{6A9B3FC6-44F6-4E55-9632-7CDB9FB967F2}.Release|Any CPU.ActiveCfg = Release|iPhone
		{6A9B3FC6-44F6-4E55-9632-7CDB9FB967F2}.Release|ARM.ActiveCfg = Release|iPhone
		{6A9B3FC6-44F6-4E55-9632-7CDB9FB967F2}.Release|iPhone.ActiveCfg = Release|iPhone
		{6A9B3FC6-44F6-4E55-9632-7CDB9FB967F2}.Release|iPhone.Build.0 = Release|iPhone
		{6A9B3FC6-44F6-4E55-9632-7CDB9FB967F2}.Release|iPhoneSimulator.ActiveCfg = Release|iPhoneSimulator
		{6A9B3FC6-44F6-4E55-9632-7CDB9FB967F2}.Release|iPhoneSimulator.Build.0 = Release|iPhoneSimulator
		{6A9B3FC6-44F6-4E55-9632-7CDB9FB967F2}.Release|x64.ActiveCfg = Release|iPhone
		{6A9B3FC6-44F6-4E55-9632-7CDB9FB967F2}.Release|x86.ActiveCfg = Release|iPhone
		{98DA2461-BDB2-44B6-8EC6-31F94AEDBF6E}.Ad-Hoc|Any CPU.ActiveCfg = Release|Any CPU
		{98DA2461-BDB2-44B6-8EC6-31F94AEDBF6E}.Ad-Hoc|Any CPU.Build.0 = Release|Any CPU
		{98DA2461-BDB2-44B6-8EC6-31F94AEDBF6E}.Ad-Hoc|Any CPU.Deploy.0 = Release|Any CPU
		{98DA2461-BDB2-44B6-8EC6-31F94AEDBF6E}.Ad-Hoc|ARM.ActiveCfg = Release|ARM
		{98DA2461-BDB2-44B6-8EC6-31F94AEDBF6E}.Ad-Hoc|ARM.Build.0 = Release|ARM
		{98DA2461-BDB2-44B6-8EC6-31F94AEDBF6E}.Ad-Hoc|ARM.Deploy.0 = Release|ARM
		{98DA2461-BDB2-44B6-8EC6-31F94AEDBF6E}.Ad-Hoc|iPhone.ActiveCfg = Release|Any CPU
		{98DA2461-BDB2-44B6-8EC6-31F94AEDBF6E}.Ad-Hoc|iPhone.Build.0 = Release|Any CPU
		{98DA2461-BDB2-44B6-8EC6-31F94AEDBF6E}.Ad-Hoc|iPhone.Deploy.0 = Release|Any CPU
		{98DA2461-BDB2-44B6-8EC6-31F94AEDBF6E}.Ad-Hoc|iPhoneSimulator.ActiveCfg = Release|Any CPU
		{98DA2461-BDB2-44B6-8EC6-31F94AEDBF6E}.Ad-Hoc|iPhoneSimulator.Build.0 = Release|Any CPU
		{98DA2461-BDB2-44B6-8EC6-31F94AEDBF6E}.Ad-Hoc|iPhoneSimulator.Deploy.0 = Release|Any CPU
		{98DA2461-BDB2-44B6-8EC6-31F94AEDBF6E}.Ad-Hoc|x64.ActiveCfg = Release|Any CPU
		{98DA2461-BDB2-44B6-8EC6-31F94AEDBF6E}.Ad-Hoc|x64.Build.0 = Release|Any CPU
		{98DA2461-BDB2-44B6-8EC6-31F94AEDBF6E}.Ad-Hoc|x64.Deploy.0 = Release|Any CPU
		{98DA2461-BDB2-44B6-8EC6-31F94AEDBF6E}.Ad-Hoc|x86.ActiveCfg = Release|x86
		{98DA2461-BDB2-44B6-8EC6-31F94AEDBF6E}.Ad-Hoc|x86.Build.0 = Release|x86
		{98DA2461-BDB2-44B6-8EC6-31F94AEDBF6E}.Ad-Hoc|x86.Deploy.0 = Release|x86
		{98DA2461-BDB2-44B6-8EC6-31F94AEDBF6E}.AppStore|Any CPU.ActiveCfg = Release|Any CPU
		{98DA2461-BDB2-44B6-8EC6-31F94AEDBF6E}.AppStore|Any CPU.Build.0 = Release|Any CPU
		{98DA2461-BDB2-44B6-8EC6-31F94AEDBF6E}.AppStore|Any CPU.Deploy.0 = Release|Any CPU
		{98DA2461-BDB2-44B6-8EC6-31F94AEDBF6E}.AppStore|ARM.ActiveCfg = Release|ARM
		{98DA2461-BDB2-44B6-8EC6-31F94AEDBF6E}.AppStore|ARM.Build.0 = Release|ARM
		{98DA2461-BDB2-44B6-8EC6-31F94AEDBF6E}.AppStore|ARM.Deploy.0 = Release|ARM
		{98DA2461-BDB2-44B6-8EC6-31F94AEDBF6E}.AppStore|iPhone.ActiveCfg = Release|Any CPU
		{98DA2461-BDB2-44B6-8EC6-31F94AEDBF6E}.AppStore|iPhone.Build.0 = Release|Any CPU
		{98DA2461-BDB2-44B6-8EC6-31F94AEDBF6E}.AppStore|iPhone.Deploy.0 = Release|Any CPU
		{98DA2461-BDB2-44B6-8EC6-31F94AEDBF6E}.AppStore|iPhoneSimulator.ActiveCfg = Release|Any CPU
		{98DA2461-BDB2-44B6-8EC6-31F94AEDBF6E}.AppStore|iPhoneSimulator.Build.0 = Release|Any CPU
		{98DA2461-BDB2-44B6-8EC6-31F94AEDBF6E}.AppStore|iPhoneSimulator.Deploy.0 = Release|Any CPU
		{98DA2461-BDB2-44B6-8EC6-31F94AEDBF6E}.AppStore|x64.ActiveCfg = Release|Any CPU
		{98DA2461-BDB2-44B6-8EC6-31F94AEDBF6E}.AppStore|x64.Build.0 = Release|Any CPU
		{98DA2461-BDB2-44B6-8EC6-31F94AEDBF6E}.AppStore|x64.Deploy.0 = Release|Any CPU
		{98DA2461-BDB2-44B6-8EC6-31F94AEDBF6E}.AppStore|x86.ActiveCfg = Release|x86
		{98DA2461-BDB2-44B6-8EC6-31F94AEDBF6E}.AppStore|x86.Build.0 = Release|x86
		{98DA2461-BDB2-44B6-8EC6-31F94AEDBF6E}.AppStore|x86.Deploy.0 = Release|x86
		{98DA2461-BDB2-44B6-8EC6-31F94AEDBF6E}.Debug|Any CPU.ActiveCfg = Debug|Any CPU
		{98DA2461-BDB2-44B6-8EC6-31F94AEDBF6E}.Debug|Any CPU.Build.0 = Debug|Any CPU
		{98DA2461-BDB2-44B6-8EC6-31F94AEDBF6E}.Debug|Any CPU.Deploy.0 = Debug|Any CPU
		{98DA2461-BDB2-44B6-8EC6-31F94AEDBF6E}.Debug|ARM.ActiveCfg = Debug|ARM
		{98DA2461-BDB2-44B6-8EC6-31F94AEDBF6E}.Debug|ARM.Build.0 = Debug|ARM
		{98DA2461-BDB2-44B6-8EC6-31F94AEDBF6E}.Debug|ARM.Deploy.0 = Debug|ARM
		{98DA2461-BDB2-44B6-8EC6-31F94AEDBF6E}.Debug|iPhone.ActiveCfg = Debug|Any CPU
		{98DA2461-BDB2-44B6-8EC6-31F94AEDBF6E}.Debug|iPhone.Build.0 = Debug|Any CPU
		{98DA2461-BDB2-44B6-8EC6-31F94AEDBF6E}.Debug|iPhone.Deploy.0 = Debug|Any CPU
		{98DA2461-BDB2-44B6-8EC6-31F94AEDBF6E}.Debug|iPhoneSimulator.ActiveCfg = Debug|Any CPU
		{98DA2461-BDB2-44B6-8EC6-31F94AEDBF6E}.Debug|iPhoneSimulator.Build.0 = Debug|Any CPU
		{98DA2461-BDB2-44B6-8EC6-31F94AEDBF6E}.Debug|iPhoneSimulator.Deploy.0 = Debug|Any CPU
		{98DA2461-BDB2-44B6-8EC6-31F94AEDBF6E}.Debug|x64.ActiveCfg = Debug|Any CPU
		{98DA2461-BDB2-44B6-8EC6-31F94AEDBF6E}.Debug|x64.Build.0 = Debug|Any CPU
		{98DA2461-BDB2-44B6-8EC6-31F94AEDBF6E}.Debug|x64.Deploy.0 = Debug|Any CPU
		{98DA2461-BDB2-44B6-8EC6-31F94AEDBF6E}.Debug|x86.ActiveCfg = Debug|x86
		{98DA2461-BDB2-44B6-8EC6-31F94AEDBF6E}.Debug|x86.Build.0 = Debug|x86
		{98DA2461-BDB2-44B6-8EC6-31F94AEDBF6E}.Debug|x86.Deploy.0 = Debug|x86
		{98DA2461-BDB2-44B6-8EC6-31F94AEDBF6E}.Release|Any CPU.ActiveCfg = Release|Any CPU
		{98DA2461-BDB2-44B6-8EC6-31F94AEDBF6E}.Release|Any CPU.Build.0 = Release|Any CPU
		{98DA2461-BDB2-44B6-8EC6-31F94AEDBF6E}.Release|Any CPU.Deploy.0 = Release|Any CPU
		{98DA2461-BDB2-44B6-8EC6-31F94AEDBF6E}.Release|ARM.ActiveCfg = Release|ARM
		{98DA2461-BDB2-44B6-8EC6-31F94AEDBF6E}.Release|ARM.Build.0 = Release|ARM
		{98DA2461-BDB2-44B6-8EC6-31F94AEDBF6E}.Release|ARM.Deploy.0 = Release|ARM
		{98DA2461-BDB2-44B6-8EC6-31F94AEDBF6E}.Release|iPhone.ActiveCfg = Release|Any CPU
		{98DA2461-BDB2-44B6-8EC6-31F94AEDBF6E}.Release|iPhone.Build.0 = Release|Any CPU
		{98DA2461-BDB2-44B6-8EC6-31F94AEDBF6E}.Release|iPhone.Deploy.0 = Release|Any CPU
		{98DA2461-BDB2-44B6-8EC6-31F94AEDBF6E}.Release|iPhoneSimulator.ActiveCfg = Release|Any CPU
		{98DA2461-BDB2-44B6-8EC6-31F94AEDBF6E}.Release|iPhoneSimulator.Build.0 = Release|Any CPU
		{98DA2461-BDB2-44B6-8EC6-31F94AEDBF6E}.Release|iPhoneSimulator.Deploy.0 = Release|Any CPU
		{98DA2461-BDB2-44B6-8EC6-31F94AEDBF6E}.Release|x64.ActiveCfg = Release|Any CPU
		{98DA2461-BDB2-44B6-8EC6-31F94AEDBF6E}.Release|x64.Build.0 = Release|Any CPU
		{98DA2461-BDB2-44B6-8EC6-31F94AEDBF6E}.Release|x64.Deploy.0 = Release|Any CPU
		{98DA2461-BDB2-44B6-8EC6-31F94AEDBF6E}.Release|x86.ActiveCfg = Release|x86
		{98DA2461-BDB2-44B6-8EC6-31F94AEDBF6E}.Release|x86.Build.0 = Release|x86
		{98DA2461-BDB2-44B6-8EC6-31F94AEDBF6E}.Release|x86.Deploy.0 = Release|x86
		{D6C23116-B88B-444E-9AC1-D6C7FFD43075}.Ad-Hoc|Any CPU.ActiveCfg = Release|x86
		{D6C23116-B88B-444E-9AC1-D6C7FFD43075}.Ad-Hoc|Any CPU.Build.0 = Release|x86
		{D6C23116-B88B-444E-9AC1-D6C7FFD43075}.Ad-Hoc|Any CPU.Deploy.0 = Release|x86
		{D6C23116-B88B-444E-9AC1-D6C7FFD43075}.Ad-Hoc|ARM.ActiveCfg = Release|ARM
		{D6C23116-B88B-444E-9AC1-D6C7FFD43075}.Ad-Hoc|ARM.Build.0 = Release|ARM
		{D6C23116-B88B-444E-9AC1-D6C7FFD43075}.Ad-Hoc|ARM.Deploy.0 = Release|ARM
		{D6C23116-B88B-444E-9AC1-D6C7FFD43075}.Ad-Hoc|iPhone.ActiveCfg = Release|x86
		{D6C23116-B88B-444E-9AC1-D6C7FFD43075}.Ad-Hoc|iPhone.Build.0 = Release|x86
		{D6C23116-B88B-444E-9AC1-D6C7FFD43075}.Ad-Hoc|iPhone.Deploy.0 = Release|x86
		{D6C23116-B88B-444E-9AC1-D6C7FFD43075}.Ad-Hoc|iPhoneSimulator.ActiveCfg = Release|x86
		{D6C23116-B88B-444E-9AC1-D6C7FFD43075}.Ad-Hoc|iPhoneSimulator.Build.0 = Release|x86
		{D6C23116-B88B-444E-9AC1-D6C7FFD43075}.Ad-Hoc|iPhoneSimulator.Deploy.0 = Release|x86
		{D6C23116-B88B-444E-9AC1-D6C7FFD43075}.Ad-Hoc|x64.ActiveCfg = Release|x64
		{D6C23116-B88B-444E-9AC1-D6C7FFD43075}.Ad-Hoc|x64.Build.0 = Release|x64
		{D6C23116-B88B-444E-9AC1-D6C7FFD43075}.Ad-Hoc|x64.Deploy.0 = Release|x64
		{D6C23116-B88B-444E-9AC1-D6C7FFD43075}.Ad-Hoc|x86.ActiveCfg = Release|x86
		{D6C23116-B88B-444E-9AC1-D6C7FFD43075}.Ad-Hoc|x86.Build.0 = Release|x86
		{D6C23116-B88B-444E-9AC1-D6C7FFD43075}.Ad-Hoc|x86.Deploy.0 = Release|x86
		{D6C23116-B88B-444E-9AC1-D6C7FFD43075}.AppStore|Any CPU.ActiveCfg = Release|x86
		{D6C23116-B88B-444E-9AC1-D6C7FFD43075}.AppStore|Any CPU.Build.0 = Release|x86
		{D6C23116-B88B-444E-9AC1-D6C7FFD43075}.AppStore|Any CPU.Deploy.0 = Release|x86
		{D6C23116-B88B-444E-9AC1-D6C7FFD43075}.AppStore|ARM.ActiveCfg = Release|ARM
		{D6C23116-B88B-444E-9AC1-D6C7FFD43075}.AppStore|ARM.Build.0 = Release|ARM
		{D6C23116-B88B-444E-9AC1-D6C7FFD43075}.AppStore|ARM.Deploy.0 = Release|ARM
		{D6C23116-B88B-444E-9AC1-D6C7FFD43075}.AppStore|iPhone.ActiveCfg = Release|x86
		{D6C23116-B88B-444E-9AC1-D6C7FFD43075}.AppStore|iPhone.Build.0 = Release|x86
		{D6C23116-B88B-444E-9AC1-D6C7FFD43075}.AppStore|iPhone.Deploy.0 = Release|x86
		{D6C23116-B88B-444E-9AC1-D6C7FFD43075}.AppStore|iPhoneSimulator.ActiveCfg = Release|x86
		{D6C23116-B88B-444E-9AC1-D6C7FFD43075}.AppStore|iPhoneSimulator.Build.0 = Release|x86
		{D6C23116-B88B-444E-9AC1-D6C7FFD43075}.AppStore|iPhoneSimulator.Deploy.0 = Release|x86
		{D6C23116-B88B-444E-9AC1-D6C7FFD43075}.AppStore|x64.ActiveCfg = Release|x64
		{D6C23116-B88B-444E-9AC1-D6C7FFD43075}.AppStore|x64.Build.0 = Release|x64
		{D6C23116-B88B-444E-9AC1-D6C7FFD43075}.AppStore|x64.Deploy.0 = Release|x64
		{D6C23116-B88B-444E-9AC1-D6C7FFD43075}.AppStore|x86.ActiveCfg = Release|x86
		{D6C23116-B88B-444E-9AC1-D6C7FFD43075}.AppStore|x86.Build.0 = Release|x86
		{D6C23116-B88B-444E-9AC1-D6C7FFD43075}.AppStore|x86.Deploy.0 = Release|x86
		{D6C23116-B88B-444E-9AC1-D6C7FFD43075}.Debug|Any CPU.ActiveCfg = Debug|x86
		{D6C23116-B88B-444E-9AC1-D6C7FFD43075}.Debug|ARM.ActiveCfg = Debug|ARM
		{D6C23116-B88B-444E-9AC1-D6C7FFD43075}.Debug|ARM.Build.0 = Debug|ARM
		{D6C23116-B88B-444E-9AC1-D6C7FFD43075}.Debug|ARM.Deploy.0 = Debug|ARM
		{D6C23116-B88B-444E-9AC1-D6C7FFD43075}.Debug|iPhone.ActiveCfg = Debug|x86
		{D6C23116-B88B-444E-9AC1-D6C7FFD43075}.Debug|iPhoneSimulator.ActiveCfg = Debug|x86
		{D6C23116-B88B-444E-9AC1-D6C7FFD43075}.Debug|x64.ActiveCfg = Debug|x64
		{D6C23116-B88B-444E-9AC1-D6C7FFD43075}.Debug|x64.Build.0 = Debug|x64
		{D6C23116-B88B-444E-9AC1-D6C7FFD43075}.Debug|x64.Deploy.0 = Debug|x64
		{D6C23116-B88B-444E-9AC1-D6C7FFD43075}.Debug|x86.ActiveCfg = Debug|x86
		{D6C23116-B88B-444E-9AC1-D6C7FFD43075}.Debug|x86.Build.0 = Debug|x86
		{D6C23116-B88B-444E-9AC1-D6C7FFD43075}.Debug|x86.Deploy.0 = Debug|x86
		{D6C23116-B88B-444E-9AC1-D6C7FFD43075}.Release|Any CPU.ActiveCfg = Release|x86
		{D6C23116-B88B-444E-9AC1-D6C7FFD43075}.Release|ARM.ActiveCfg = Release|ARM
		{D6C23116-B88B-444E-9AC1-D6C7FFD43075}.Release|ARM.Build.0 = Release|ARM
		{D6C23116-B88B-444E-9AC1-D6C7FFD43075}.Release|ARM.Deploy.0 = Release|ARM
		{D6C23116-B88B-444E-9AC1-D6C7FFD43075}.Release|iPhone.ActiveCfg = Release|x86
		{D6C23116-B88B-444E-9AC1-D6C7FFD43075}.Release|iPhoneSimulator.ActiveCfg = Release|x86
		{D6C23116-B88B-444E-9AC1-D6C7FFD43075}.Release|x64.ActiveCfg = Release|x64
		{D6C23116-B88B-444E-9AC1-D6C7FFD43075}.Release|x64.Build.0 = Release|x64
		{D6C23116-B88B-444E-9AC1-D6C7FFD43075}.Release|x64.Deploy.0 = Release|x64
		{D6C23116-B88B-444E-9AC1-D6C7FFD43075}.Release|x86.ActiveCfg = Release|x86
		{D6C23116-B88B-444E-9AC1-D6C7FFD43075}.Release|x86.Build.0 = Release|x86
		{D6C23116-B88B-444E-9AC1-D6C7FFD43075}.Release|x86.Deploy.0 = Release|x86
		{04112D3F-A2D7-4BFF-BB91-02CEFAA41CC5}.Ad-Hoc|Any CPU.ActiveCfg = Release|Any CPU
		{04112D3F-A2D7-4BFF-BB91-02CEFAA41CC5}.Ad-Hoc|Any CPU.Build.0 = Release|Any CPU
		{04112D3F-A2D7-4BFF-BB91-02CEFAA41CC5}.Ad-Hoc|Any CPU.Deploy.0 = Release|Any CPU
		{04112D3F-A2D7-4BFF-BB91-02CEFAA41CC5}.Ad-Hoc|ARM.ActiveCfg = Release|ARM
		{04112D3F-A2D7-4BFF-BB91-02CEFAA41CC5}.Ad-Hoc|ARM.Build.0 = Release|ARM
		{04112D3F-A2D7-4BFF-BB91-02CEFAA41CC5}.Ad-Hoc|ARM.Deploy.0 = Release|ARM
		{04112D3F-A2D7-4BFF-BB91-02CEFAA41CC5}.Ad-Hoc|iPhone.ActiveCfg = Release|Any CPU
		{04112D3F-A2D7-4BFF-BB91-02CEFAA41CC5}.Ad-Hoc|iPhone.Build.0 = Release|Any CPU
		{04112D3F-A2D7-4BFF-BB91-02CEFAA41CC5}.Ad-Hoc|iPhone.Deploy.0 = Release|Any CPU
		{04112D3F-A2D7-4BFF-BB91-02CEFAA41CC5}.Ad-Hoc|iPhoneSimulator.ActiveCfg = Release|Any CPU
		{04112D3F-A2D7-4BFF-BB91-02CEFAA41CC5}.Ad-Hoc|iPhoneSimulator.Build.0 = Release|Any CPU
		{04112D3F-A2D7-4BFF-BB91-02CEFAA41CC5}.Ad-Hoc|iPhoneSimulator.Deploy.0 = Release|Any CPU
		{04112D3F-A2D7-4BFF-BB91-02CEFAA41CC5}.Ad-Hoc|x64.ActiveCfg = Release|x64
		{04112D3F-A2D7-4BFF-BB91-02CEFAA41CC5}.Ad-Hoc|x64.Build.0 = Release|x64
		{04112D3F-A2D7-4BFF-BB91-02CEFAA41CC5}.Ad-Hoc|x64.Deploy.0 = Release|x64
		{04112D3F-A2D7-4BFF-BB91-02CEFAA41CC5}.Ad-Hoc|x86.ActiveCfg = Release|x86
		{04112D3F-A2D7-4BFF-BB91-02CEFAA41CC5}.Ad-Hoc|x86.Build.0 = Release|x86
		{04112D3F-A2D7-4BFF-BB91-02CEFAA41CC5}.Ad-Hoc|x86.Deploy.0 = Release|x86
		{04112D3F-A2D7-4BFF-BB91-02CEFAA41CC5}.AppStore|Any CPU.ActiveCfg = Release|Any CPU
		{04112D3F-A2D7-4BFF-BB91-02CEFAA41CC5}.AppStore|Any CPU.Build.0 = Release|Any CPU
		{04112D3F-A2D7-4BFF-BB91-02CEFAA41CC5}.AppStore|Any CPU.Deploy.0 = Release|Any CPU
		{04112D3F-A2D7-4BFF-BB91-02CEFAA41CC5}.AppStore|ARM.ActiveCfg = Release|ARM
		{04112D3F-A2D7-4BFF-BB91-02CEFAA41CC5}.AppStore|ARM.Build.0 = Release|ARM
		{04112D3F-A2D7-4BFF-BB91-02CEFAA41CC5}.AppStore|ARM.Deploy.0 = Release|ARM
		{04112D3F-A2D7-4BFF-BB91-02CEFAA41CC5}.AppStore|iPhone.ActiveCfg = Release|Any CPU
		{04112D3F-A2D7-4BFF-BB91-02CEFAA41CC5}.AppStore|iPhone.Build.0 = Release|Any CPU
		{04112D3F-A2D7-4BFF-BB91-02CEFAA41CC5}.AppStore|iPhone.Deploy.0 = Release|Any CPU
		{04112D3F-A2D7-4BFF-BB91-02CEFAA41CC5}.AppStore|iPhoneSimulator.ActiveCfg = Release|Any CPU
		{04112D3F-A2D7-4BFF-BB91-02CEFAA41CC5}.AppStore|iPhoneSimulator.Build.0 = Release|Any CPU
		{04112D3F-A2D7-4BFF-BB91-02CEFAA41CC5}.AppStore|iPhoneSimulator.Deploy.0 = Release|Any CPU
		{04112D3F-A2D7-4BFF-BB91-02CEFAA41CC5}.AppStore|x64.ActiveCfg = Release|x64
		{04112D3F-A2D7-4BFF-BB91-02CEFAA41CC5}.AppStore|x64.Build.0 = Release|x64
		{04112D3F-A2D7-4BFF-BB91-02CEFAA41CC5}.AppStore|x64.Deploy.0 = Release|x64
		{04112D3F-A2D7-4BFF-BB91-02CEFAA41CC5}.AppStore|x86.ActiveCfg = Release|x86
		{04112D3F-A2D7-4BFF-BB91-02CEFAA41CC5}.AppStore|x86.Build.0 = Release|x86
		{04112D3F-A2D7-4BFF-BB91-02CEFAA41CC5}.AppStore|x86.Deploy.0 = Release|x86
		{04112D3F-A2D7-4BFF-BB91-02CEFAA41CC5}.Debug|Any CPU.ActiveCfg = Debug|Any CPU
		{04112D3F-A2D7-4BFF-BB91-02CEFAA41CC5}.Debug|Any CPU.Build.0 = Debug|Any CPU
		{04112D3F-A2D7-4BFF-BB91-02CEFAA41CC5}.Debug|Any CPU.Deploy.0 = Debug|Any CPU
		{04112D3F-A2D7-4BFF-BB91-02CEFAA41CC5}.Debug|ARM.ActiveCfg = Debug|ARM
		{04112D3F-A2D7-4BFF-BB91-02CEFAA41CC5}.Debug|ARM.Build.0 = Debug|ARM
		{04112D3F-A2D7-4BFF-BB91-02CEFAA41CC5}.Debug|ARM.Deploy.0 = Debug|ARM
		{04112D3F-A2D7-4BFF-BB91-02CEFAA41CC5}.Debug|iPhone.ActiveCfg = Debug|Any CPU
		{04112D3F-A2D7-4BFF-BB91-02CEFAA41CC5}.Debug|iPhone.Build.0 = Debug|Any CPU
		{04112D3F-A2D7-4BFF-BB91-02CEFAA41CC5}.Debug|iPhone.Deploy.0 = Debug|Any CPU
		{04112D3F-A2D7-4BFF-BB91-02CEFAA41CC5}.Debug|iPhoneSimulator.ActiveCfg = Debug|Any CPU
		{04112D3F-A2D7-4BFF-BB91-02CEFAA41CC5}.Debug|iPhoneSimulator.Build.0 = Debug|Any CPU
		{04112D3F-A2D7-4BFF-BB91-02CEFAA41CC5}.Debug|iPhoneSimulator.Deploy.0 = Debug|Any CPU
		{04112D3F-A2D7-4BFF-BB91-02CEFAA41CC5}.Debug|x64.ActiveCfg = Debug|x64
		{04112D3F-A2D7-4BFF-BB91-02CEFAA41CC5}.Debug|x64.Build.0 = Debug|x64
		{04112D3F-A2D7-4BFF-BB91-02CEFAA41CC5}.Debug|x64.Deploy.0 = Debug|x64
		{04112D3F-A2D7-4BFF-BB91-02CEFAA41CC5}.Debug|x86.ActiveCfg = Debug|x86
		{04112D3F-A2D7-4BFF-BB91-02CEFAA41CC5}.Debug|x86.Build.0 = Debug|x86
		{04112D3F-A2D7-4BFF-BB91-02CEFAA41CC5}.Debug|x86.Deploy.0 = Debug|x86
		{04112D3F-A2D7-4BFF-BB91-02CEFAA41CC5}.Release|Any CPU.ActiveCfg = Release|Any CPU
		{04112D3F-A2D7-4BFF-BB91-02CEFAA41CC5}.Release|Any CPU.Build.0 = Release|Any CPU
		{04112D3F-A2D7-4BFF-BB91-02CEFAA41CC5}.Release|Any CPU.Deploy.0 = Release|Any CPU
		{04112D3F-A2D7-4BFF-BB91-02CEFAA41CC5}.Release|ARM.ActiveCfg = Release|ARM
		{04112D3F-A2D7-4BFF-BB91-02CEFAA41CC5}.Release|ARM.Build.0 = Release|ARM
		{04112D3F-A2D7-4BFF-BB91-02CEFAA41CC5}.Release|ARM.Deploy.0 = Release|ARM
		{04112D3F-A2D7-4BFF-BB91-02CEFAA41CC5}.Release|iPhone.ActiveCfg = Release|Any CPU
		{04112D3F-A2D7-4BFF-BB91-02CEFAA41CC5}.Release|iPhone.Build.0 = Release|Any CPU
		{04112D3F-A2D7-4BFF-BB91-02CEFAA41CC5}.Release|iPhone.Deploy.0 = Release|Any CPU
		{04112D3F-A2D7-4BFF-BB91-02CEFAA41CC5}.Release|iPhoneSimulator.ActiveCfg = Release|Any CPU
		{04112D3F-A2D7-4BFF-BB91-02CEFAA41CC5}.Release|iPhoneSimulator.Build.0 = Release|Any CPU
		{04112D3F-A2D7-4BFF-BB91-02CEFAA41CC5}.Release|iPhoneSimulator.Deploy.0 = Release|Any CPU
		{04112D3F-A2D7-4BFF-BB91-02CEFAA41CC5}.Release|x64.ActiveCfg = Release|x64
		{04112D3F-A2D7-4BFF-BB91-02CEFAA41CC5}.Release|x64.Build.0 = Release|x64
		{04112D3F-A2D7-4BFF-BB91-02CEFAA41CC5}.Release|x64.Deploy.0 = Release|x64
		{04112D3F-A2D7-4BFF-BB91-02CEFAA41CC5}.Release|x86.ActiveCfg = Release|x86
		{04112D3F-A2D7-4BFF-BB91-02CEFAA41CC5}.Release|x86.Build.0 = Release|x86
		{04112D3F-A2D7-4BFF-BB91-02CEFAA41CC5}.Release|x86.Deploy.0 = Release|x86
		{148986D2-FE47-4A22-B4AE-8DE9EDA206B3}.Ad-Hoc|Any CPU.ActiveCfg = Release|Any CPU
		{148986D2-FE47-4A22-B4AE-8DE9EDA206B3}.Ad-Hoc|Any CPU.Build.0 = Release|Any CPU
		{148986D2-FE47-4A22-B4AE-8DE9EDA206B3}.Ad-Hoc|ARM.ActiveCfg = Release|Any CPU
		{148986D2-FE47-4A22-B4AE-8DE9EDA206B3}.Ad-Hoc|ARM.Build.0 = Release|Any CPU
		{148986D2-FE47-4A22-B4AE-8DE9EDA206B3}.Ad-Hoc|iPhone.ActiveCfg = Release|Any CPU
		{148986D2-FE47-4A22-B4AE-8DE9EDA206B3}.Ad-Hoc|iPhone.Build.0 = Release|Any CPU
		{148986D2-FE47-4A22-B4AE-8DE9EDA206B3}.Ad-Hoc|iPhoneSimulator.ActiveCfg = Release|Any CPU
		{148986D2-FE47-4A22-B4AE-8DE9EDA206B3}.Ad-Hoc|iPhoneSimulator.Build.0 = Release|Any CPU
		{148986D2-FE47-4A22-B4AE-8DE9EDA206B3}.Ad-Hoc|x64.ActiveCfg = Release|Any CPU
		{148986D2-FE47-4A22-B4AE-8DE9EDA206B3}.Ad-Hoc|x64.Build.0 = Release|Any CPU
		{148986D2-FE47-4A22-B4AE-8DE9EDA206B3}.Ad-Hoc|x86.ActiveCfg = Release|Any CPU
		{148986D2-FE47-4A22-B4AE-8DE9EDA206B3}.Ad-Hoc|x86.Build.0 = Release|Any CPU
		{148986D2-FE47-4A22-B4AE-8DE9EDA206B3}.AppStore|Any CPU.ActiveCfg = Release|Any CPU
		{148986D2-FE47-4A22-B4AE-8DE9EDA206B3}.AppStore|Any CPU.Build.0 = Release|Any CPU
		{148986D2-FE47-4A22-B4AE-8DE9EDA206B3}.AppStore|ARM.ActiveCfg = Release|Any CPU
		{148986D2-FE47-4A22-B4AE-8DE9EDA206B3}.AppStore|ARM.Build.0 = Release|Any CPU
		{148986D2-FE47-4A22-B4AE-8DE9EDA206B3}.AppStore|iPhone.ActiveCfg = Release|Any CPU
		{148986D2-FE47-4A22-B4AE-8DE9EDA206B3}.AppStore|iPhone.Build.0 = Release|Any CPU
		{148986D2-FE47-4A22-B4AE-8DE9EDA206B3}.AppStore|iPhoneSimulator.ActiveCfg = Release|Any CPU
		{148986D2-FE47-4A22-B4AE-8DE9EDA206B3}.AppStore|iPhoneSimulator.Build.0 = Release|Any CPU
		{148986D2-FE47-4A22-B4AE-8DE9EDA206B3}.AppStore|x64.ActiveCfg = Release|Any CPU
		{148986D2-FE47-4A22-B4AE-8DE9EDA206B3}.AppStore|x64.Build.0 = Release|Any CPU
		{148986D2-FE47-4A22-B4AE-8DE9EDA206B3}.AppStore|x86.ActiveCfg = Release|Any CPU
		{148986D2-FE47-4A22-B4AE-8DE9EDA206B3}.AppStore|x86.Build.0 = Release|Any CPU
		{148986D2-FE47-4A22-B4AE-8DE9EDA206B3}.Debug|Any CPU.ActiveCfg = Debug|Any CPU
		{148986D2-FE47-4A22-B4AE-8DE9EDA206B3}.Debug|Any CPU.Build.0 = Debug|Any CPU
		{148986D2-FE47-4A22-B4AE-8DE9EDA206B3}.Debug|ARM.ActiveCfg = Debug|Any CPU
		{148986D2-FE47-4A22-B4AE-8DE9EDA206B3}.Debug|ARM.Build.0 = Debug|Any CPU
		{148986D2-FE47-4A22-B4AE-8DE9EDA206B3}.Debug|iPhone.ActiveCfg = Debug|Any CPU
		{148986D2-FE47-4A22-B4AE-8DE9EDA206B3}.Debug|iPhone.Build.0 = Debug|Any CPU
		{148986D2-FE47-4A22-B4AE-8DE9EDA206B3}.Debug|iPhoneSimulator.ActiveCfg = Debug|Any CPU
		{148986D2-FE47-4A22-B4AE-8DE9EDA206B3}.Debug|iPhoneSimulator.Build.0 = Debug|Any CPU
		{148986D2-FE47-4A22-B4AE-8DE9EDA206B3}.Debug|x64.ActiveCfg = Debug|Any CPU
		{148986D2-FE47-4A22-B4AE-8DE9EDA206B3}.Debug|x64.Build.0 = Debug|Any CPU
		{148986D2-FE47-4A22-B4AE-8DE9EDA206B3}.Debug|x86.ActiveCfg = Debug|Any CPU
		{148986D2-FE47-4A22-B4AE-8DE9EDA206B3}.Debug|x86.Build.0 = Debug|Any CPU
		{148986D2-FE47-4A22-B4AE-8DE9EDA206B3}.Release|Any CPU.ActiveCfg = Release|Any CPU
		{148986D2-FE47-4A22-B4AE-8DE9EDA206B3}.Release|Any CPU.Build.0 = Release|Any CPU
		{148986D2-FE47-4A22-B4AE-8DE9EDA206B3}.Release|ARM.ActiveCfg = Release|Any CPU
		{148986D2-FE47-4A22-B4AE-8DE9EDA206B3}.Release|ARM.Build.0 = Release|Any CPU
		{148986D2-FE47-4A22-B4AE-8DE9EDA206B3}.Release|iPhone.ActiveCfg = Release|Any CPU
		{148986D2-FE47-4A22-B4AE-8DE9EDA206B3}.Release|iPhone.Build.0 = Release|Any CPU
		{148986D2-FE47-4A22-B4AE-8DE9EDA206B3}.Release|iPhoneSimulator.ActiveCfg = Release|Any CPU
		{148986D2-FE47-4A22-B4AE-8DE9EDA206B3}.Release|iPhoneSimulator.Build.0 = Release|Any CPU
		{148986D2-FE47-4A22-B4AE-8DE9EDA206B3}.Release|x64.ActiveCfg = Release|Any CPU
		{148986D2-FE47-4A22-B4AE-8DE9EDA206B3}.Release|x64.Build.0 = Release|Any CPU
		{148986D2-FE47-4A22-B4AE-8DE9EDA206B3}.Release|x86.ActiveCfg = Release|Any CPU
		{148986D2-FE47-4A22-B4AE-8DE9EDA206B3}.Release|x86.Build.0 = Release|Any CPU
	EndGlobalSection
	GlobalSection(SolutionProperties) = preSolution
		HideSolutionNode = FALSE
	EndGlobalSection
EndGlobal
