
Microsoft Visual Studio Solution File, Format Version 12.00
# Visual Studio 14
VisualStudioVersion = 14.0.25123.0
MinimumVisualStudioVersion = 10.0.40219.1
Project("{FAE04EC0-301F-11D3-BF4B-00C04F79EFBC}") = "LayoutOp.Droid", "LayoutOp\LayoutOp.Droid\LayoutOp.Droid.csproj", "{98EDFB59-D939-43B6-9595-B4F825C61C4F}"
EndProject
Project("{FAE04EC0-301F-11D3-BF4B-00C04F79EFBC}") = "LayoutOp.iOS", "LayoutOp\LayoutOp.iOS\LayoutOp.iOS.csproj", "{6787EB6B-13FB-4EB0-8088-1688BA07C357}"
EndProject
Project("{FAE04EC0-301F-11D3-BF4B-00C04F79EFBC}") = "LayoutOp.WinPhone", "LayoutOp\LayoutOp.WinPhone\LayoutOp.WinPhone.csproj", "{76CDD06E-09EC-4674-A832-801AE80AB3CA}"
EndProject
Project("{FAE04EC0-301F-11D3-BF4B-00C04F79EFBC}") = "LayoutOp.UWP", "LayoutOp\LayoutOp.UWP\LayoutOp.UWP.csproj", "{635B8735-27D0-43AD-AAF0-94FD26530FB1}"
EndProject
Project("{FAE04EC0-301F-11D3-BF4B-00C04F79EFBC}") = "LayoutOp.Windows", "LayoutOp\LayoutOp.Windows\LayoutOp.Windows.csproj", "{BEDD8CB8-B858-45B7-9519-C7413E1B6233}"
EndProject
Project("{FAE04EC0-301F-11D3-BF4B-00C04F79EFBC}") = "LayoutOp", "LayoutOp\LayoutOp\LayoutOp.csproj", "{4766FB05-F666-4A13-BFDB-AD142935EA90}"
EndProject
Global
	GlobalSection(SolutionConfigurationPlatforms) = preSolution
		Ad-Hoc|Any CPU = Ad-Hoc|Any CPU
		Ad-Hoc|ARM = Ad-Hoc|ARM
		Ad-Hoc|iPhone = Ad-Hoc|iPhone
		Ad-Hoc|iPhoneSimulator = Ad-Hoc|iPhoneSimulator
		Ad-Hoc|x64 = Ad-Hoc|x64
		Ad-Hoc|x86 = Ad-Hoc|x86
		AppStore|Any CPU = AppStore|Any CPU
		AppStore|ARM = AppStore|ARM
		AppStore|iPhone = AppStore|iPhone
		AppStore|iPhoneSimulator = AppStore|iPhoneSimulator
		AppStore|x64 = AppStore|x64
		AppStore|x86 = AppStore|x86
		Debug|Any CPU = Debug|Any CPU
		Debug|ARM = Debug|ARM
		Debug|iPhone = Debug|iPhone
		Debug|iPhoneSimulator = Debug|iPhoneSimulator
		Debug|x64 = Debug|x64
		Debug|x86 = Debug|x86
		Release|Any CPU = Release|Any CPU
		Release|ARM = Release|ARM
		Release|iPhone = Release|iPhone
		Release|iPhoneSimulator = Release|iPhoneSimulator
		Release|x64 = Release|x64
		Release|x86 = Release|x86
	EndGlobalSection
	GlobalSection(ProjectConfigurationPlatforms) = postSolution
		{98EDFB59-D939-43B6-9595-B4F825C61C4F}.Ad-Hoc|Any CPU.ActiveCfg = Release|Any CPU
		{98EDFB59-D939-43B6-9595-B4F825C61C4F}.Ad-Hoc|Any CPU.Build.0 = Release|Any CPU
		{98EDFB59-D939-43B6-9595-B4F825C61C4F}.Ad-Hoc|Any CPU.Deploy.0 = Release|Any CPU
		{98EDFB59-D939-43B6-9595-B4F825C61C4F}.Ad-Hoc|ARM.ActiveCfg = Release|Any CPU
		{98EDFB59-D939-43B6-9595-B4F825C61C4F}.Ad-Hoc|ARM.Build.0 = Release|Any CPU
		{98EDFB59-D939-43B6-9595-B4F825C61C4F}.Ad-Hoc|ARM.Deploy.0 = Release|Any CPU
		{98EDFB59-D939-43B6-9595-B4F825C61C4F}.Ad-Hoc|iPhone.ActiveCfg = Release|Any CPU
		{98EDFB59-D939-43B6-9595-B4F825C61C4F}.Ad-Hoc|iPhone.Build.0 = Release|Any CPU
		{98EDFB59-D939-43B6-9595-B4F825C61C4F}.Ad-Hoc|iPhone.Deploy.0 = Release|Any CPU
		{98EDFB59-D939-43B6-9595-B4F825C61C4F}.Ad-Hoc|iPhoneSimulator.ActiveCfg = Release|Any CPU
		{98EDFB59-D939-43B6-9595-B4F825C61C4F}.Ad-Hoc|iPhoneSimulator.Build.0 = Release|Any CPU
		{98EDFB59-D939-43B6-9595-B4F825C61C4F}.Ad-Hoc|iPhoneSimulator.Deploy.0 = Release|Any CPU
		{98EDFB59-D939-43B6-9595-B4F825C61C4F}.Ad-Hoc|x64.ActiveCfg = Release|Any CPU
		{98EDFB59-D939-43B6-9595-B4F825C61C4F}.Ad-Hoc|x64.Build.0 = Release|Any CPU
		{98EDFB59-D939-43B6-9595-B4F825C61C4F}.Ad-Hoc|x64.Deploy.0 = Release|Any CPU
		{98EDFB59-D939-43B6-9595-B4F825C61C4F}.Ad-Hoc|x86.ActiveCfg = Release|Any CPU
		{98EDFB59-D939-43B6-9595-B4F825C61C4F}.Ad-Hoc|x86.Build.0 = Release|Any CPU
		{98EDFB59-D939-43B6-9595-B4F825C61C4F}.Ad-Hoc|x86.Deploy.0 = Release|Any CPU
		{98EDFB59-D939-43B6-9595-B4F825C61C4F}.AppStore|Any CPU.ActiveCfg = Release|Any CPU
		{98EDFB59-D939-43B6-9595-B4F825C61C4F}.AppStore|Any CPU.Build.0 = Release|Any CPU
		{98EDFB59-D939-43B6-9595-B4F825C61C4F}.AppStore|Any CPU.Deploy.0 = Release|Any CPU
		{98EDFB59-D939-43B6-9595-B4F825C61C4F}.AppStore|ARM.ActiveCfg = Release|Any CPU
		{98EDFB59-D939-43B6-9595-B4F825C61C4F}.AppStore|ARM.Build.0 = Release|Any CPU
		{98EDFB59-D939-43B6-9595-B4F825C61C4F}.AppStore|ARM.Deploy.0 = Release|Any CPU
		{98EDFB59-D939-43B6-9595-B4F825C61C4F}.AppStore|iPhone.ActiveCfg = Release|Any CPU
		{98EDFB59-D939-43B6-9595-B4F825C61C4F}.AppStore|iPhone.Build.0 = Release|Any CPU
		{98EDFB59-D939-43B6-9595-B4F825C61C4F}.AppStore|iPhone.Deploy.0 = Release|Any CPU
		{98EDFB59-D939-43B6-9595-B4F825C61C4F}.AppStore|iPhoneSimulator.ActiveCfg = Release|Any CPU
		{98EDFB59-D939-43B6-9595-B4F825C61C4F}.AppStore|iPhoneSimulator.Build.0 = Release|Any CPU
		{98EDFB59-D939-43B6-9595-B4F825C61C4F}.AppStore|iPhoneSimulator.Deploy.0 = Release|Any CPU
		{98EDFB59-D939-43B6-9595-B4F825C61C4F}.AppStore|x64.ActiveCfg = Release|Any CPU
		{98EDFB59-D939-43B6-9595-B4F825C61C4F}.AppStore|x64.Build.0 = Release|Any CPU
		{98EDFB59-D939-43B6-9595-B4F825C61C4F}.AppStore|x64.Deploy.0 = Release|Any CPU
		{98EDFB59-D939-43B6-9595-B4F825C61C4F}.AppStore|x86.ActiveCfg = Release|Any CPU
		{98EDFB59-D939-43B6-9595-B4F825C61C4F}.AppStore|x86.Build.0 = Release|Any CPU
		{98EDFB59-D939-43B6-9595-B4F825C61C4F}.AppStore|x86.Deploy.0 = Release|Any CPU
		{98EDFB59-D939-43B6-9595-B4F825C61C4F}.Debug|Any CPU.ActiveCfg = Debug|Any CPU
		{98EDFB59-D939-43B6-9595-B4F825C61C4F}.Debug|Any CPU.Build.0 = Debug|Any CPU
		{98EDFB59-D939-43B6-9595-B4F825C61C4F}.Debug|Any CPU.Deploy.0 = Debug|Any CPU
		{98EDFB59-D939-43B6-9595-B4F825C61C4F}.Debug|ARM.ActiveCfg = Debug|Any CPU
		{98EDFB59-D939-43B6-9595-B4F825C61C4F}.Debug|ARM.Build.0 = Debug|Any CPU
		{98EDFB59-D939-43B6-9595-B4F825C61C4F}.Debug|ARM.Deploy.0 = Debug|Any CPU
		{98EDFB59-D939-43B6-9595-B4F825C61C4F}.Debug|iPhone.ActiveCfg = Debug|Any CPU
		{98EDFB59-D939-43B6-9595-B4F825C61C4F}.Debug|iPhone.Build.0 = Debug|Any CPU
		{98EDFB59-D939-43B6-9595-B4F825C61C4F}.Debug|iPhone.Deploy.0 = Debug|Any CPU
		{98EDFB59-D939-43B6-9595-B4F825C61C4F}.Debug|iPhoneSimulator.ActiveCfg = Debug|Any CPU
		{98EDFB59-D939-43B6-9595-B4F825C61C4F}.Debug|iPhoneSimulator.Build.0 = Debug|Any CPU
		{98EDFB59-D939-43B6-9595-B4F825C61C4F}.Debug|iPhoneSimulator.Deploy.0 = Debug|Any CPU
		{98EDFB59-D939-43B6-9595-B4F825C61C4F}.Debug|x64.ActiveCfg = Debug|Any CPU
		{98EDFB59-D939-43B6-9595-B4F825C61C4F}.Debug|x64.Build.0 = Debug|Any CPU
		{98EDFB59-D939-43B6-9595-B4F825C61C4F}.Debug|x64.Deploy.0 = Debug|Any CPU
		{98EDFB59-D939-43B6-9595-B4F825C61C4F}.Debug|x86.ActiveCfg = Debug|Any CPU
		{98EDFB59-D939-43B6-9595-B4F825C61C4F}.Debug|x86.Build.0 = Debug|Any CPU
		{98EDFB59-D939-43B6-9595-B4F825C61C4F}.Debug|x86.Deploy.0 = Debug|Any CPU
		{98EDFB59-D939-43B6-9595-B4F825C61C4F}.Release|Any CPU.ActiveCfg = Release|Any CPU
		{98EDFB59-D939-43B6-9595-B4F825C61C4F}.Release|Any CPU.Build.0 = Release|Any CPU
		{98EDFB59-D939-43B6-9595-B4F825C61C4F}.Release|Any CPU.Deploy.0 = Release|Any CPU
		{98EDFB59-D939-43B6-9595-B4F825C61C4F}.Release|ARM.ActiveCfg = Release|Any CPU
		{98EDFB59-D939-43B6-9595-B4F825C61C4F}.Release|ARM.Build.0 = Release|Any CPU
		{98EDFB59-D939-43B6-9595-B4F825C61C4F}.Release|ARM.Deploy.0 = Release|Any CPU
		{98EDFB59-D939-43B6-9595-B4F825C61C4F}.Release|iPhone.ActiveCfg = Release|Any CPU
		{98EDFB59-D939-43B6-9595-B4F825C61C4F}.Release|iPhone.Build.0 = Release|Any CPU
		{98EDFB59-D939-43B6-9595-B4F825C61C4F}.Release|iPhone.Deploy.0 = Release|Any CPU
		{98EDFB59-D939-43B6-9595-B4F825C61C4F}.Release|iPhoneSimulator.ActiveCfg = Release|Any CPU
		{98EDFB59-D939-43B6-9595-B4F825C61C4F}.Release|iPhoneSimulator.Build.0 = Release|Any CPU
		{98EDFB59-D939-43B6-9595-B4F825C61C4F}.Release|iPhoneSimulator.Deploy.0 = Release|Any CPU
		{98EDFB59-D939-43B6-9595-B4F825C61C4F}.Release|x64.ActiveCfg = Release|Any CPU
		{98EDFB59-D939-43B6-9595-B4F825C61C4F}.Release|x64.Build.0 = Release|Any CPU
		{98EDFB59-D939-43B6-9595-B4F825C61C4F}.Release|x64.Deploy.0 = Release|Any CPU
		{98EDFB59-D939-43B6-9595-B4F825C61C4F}.Release|x86.ActiveCfg = Release|Any CPU
		{98EDFB59-D939-43B6-9595-B4F825C61C4F}.Release|x86.Build.0 = Release|Any CPU
		{98EDFB59-D939-43B6-9595-B4F825C61C4F}.Release|x86.Deploy.0 = Release|Any CPU
		{6787EB6B-13FB-4EB0-8088-1688BA07C357}.Ad-Hoc|Any CPU.ActiveCfg = Ad-Hoc|iPhone
		{6787EB6B-13FB-4EB0-8088-1688BA07C357}.Ad-Hoc|ARM.ActiveCfg = Ad-Hoc|iPhone
		{6787EB6B-13FB-4EB0-8088-1688BA07C357}.Ad-Hoc|iPhone.ActiveCfg = Ad-Hoc|iPhone
		{6787EB6B-13FB-4EB0-8088-1688BA07C357}.Ad-Hoc|iPhone.Build.0 = Ad-Hoc|iPhone
		{6787EB6B-13FB-4EB0-8088-1688BA07C357}.Ad-Hoc|iPhoneSimulator.ActiveCfg = Ad-Hoc|iPhoneSimulator
		{6787EB6B-13FB-4EB0-8088-1688BA07C357}.Ad-Hoc|iPhoneSimulator.Build.0 = Ad-Hoc|iPhoneSimulator
		{6787EB6B-13FB-4EB0-8088-1688BA07C357}.Ad-Hoc|x64.ActiveCfg = Ad-Hoc|iPhone
		{6787EB6B-13FB-4EB0-8088-1688BA07C357}.Ad-Hoc|x86.ActiveCfg = Ad-Hoc|iPhone
		{6787EB6B-13FB-4EB0-8088-1688BA07C357}.AppStore|Any CPU.ActiveCfg = AppStore|iPhone
		{6787EB6B-13FB-4EB0-8088-1688BA07C357}.AppStore|ARM.ActiveCfg = AppStore|iPhone
		{6787EB6B-13FB-4EB0-8088-1688BA07C357}.AppStore|iPhone.ActiveCfg = AppStore|iPhone
		{6787EB6B-13FB-4EB0-8088-1688BA07C357}.AppStore|iPhone.Build.0 = AppStore|iPhone
		{6787EB6B-13FB-4EB0-8088-1688BA07C357}.AppStore|iPhoneSimulator.ActiveCfg = AppStore|iPhoneSimulator
		{6787EB6B-13FB-4EB0-8088-1688BA07C357}.AppStore|iPhoneSimulator.Build.0 = AppStore|iPhoneSimulator
		{6787EB6B-13FB-4EB0-8088-1688BA07C357}.AppStore|x64.ActiveCfg = AppStore|iPhone
		{6787EB6B-13FB-4EB0-8088-1688BA07C357}.AppStore|x86.ActiveCfg = AppStore|iPhone
		{6787EB6B-13FB-4EB0-8088-1688BA07C357}.Debug|Any CPU.ActiveCfg = Debug|iPhone
		{6787EB6B-13FB-4EB0-8088-1688BA07C357}.Debug|ARM.ActiveCfg = Debug|iPhone
		{6787EB6B-13FB-4EB0-8088-1688BA07C357}.Debug|iPhone.ActiveCfg = Debug|iPhone
		{6787EB6B-13FB-4EB0-8088-1688BA07C357}.Debug|iPhone.Build.0 = Debug|iPhone
		{6787EB6B-13FB-4EB0-8088-1688BA07C357}.Debug|iPhoneSimulator.ActiveCfg = Debug|iPhoneSimulator
		{6787EB6B-13FB-4EB0-8088-1688BA07C357}.Debug|iPhoneSimulator.Build.0 = Debug|iPhoneSimulator
		{6787EB6B-13FB-4EB0-8088-1688BA07C357}.Debug|x64.ActiveCfg = Debug|iPhone
		{6787EB6B-13FB-4EB0-8088-1688BA07C357}.Debug|x86.ActiveCfg = Debug|iPhone
		{6787EB6B-13FB-4EB0-8088-1688BA07C357}.Release|Any CPU.ActiveCfg = Release|iPhone
		{6787EB6B-13FB-4EB0-8088-1688BA07C357}.Release|ARM.ActiveCfg = Release|iPhone
		{6787EB6B-13FB-4EB0-8088-1688BA07C357}.Release|iPhone.ActiveCfg = Release|iPhone
		{6787EB6B-13FB-4EB0-8088-1688BA07C357}.Release|iPhone.Build.0 = Release|iPhone
		{6787EB6B-13FB-4EB0-8088-1688BA07C357}.Release|iPhoneSimulator.ActiveCfg = Release|iPhoneSimulator
		{6787EB6B-13FB-4EB0-8088-1688BA07C357}.Release|iPhoneSimulator.Build.0 = Release|iPhoneSimulator
		{6787EB6B-13FB-4EB0-8088-1688BA07C357}.Release|x64.ActiveCfg = Release|iPhone
		{6787EB6B-13FB-4EB0-8088-1688BA07C357}.Release|x86.ActiveCfg = Release|iPhone
		{76CDD06E-09EC-4674-A832-801AE80AB3CA}.Ad-Hoc|Any CPU.ActiveCfg = Release|Any CPU
		{76CDD06E-09EC-4674-A832-801AE80AB3CA}.Ad-Hoc|Any CPU.Build.0 = Release|Any CPU
		{76CDD06E-09EC-4674-A832-801AE80AB3CA}.Ad-Hoc|Any CPU.Deploy.0 = Release|Any CPU
		{76CDD06E-09EC-4674-A832-801AE80AB3CA}.Ad-Hoc|ARM.ActiveCfg = Release|ARM
		{76CDD06E-09EC-4674-A832-801AE80AB3CA}.Ad-Hoc|ARM.Build.0 = Release|ARM
		{76CDD06E-09EC-4674-A832-801AE80AB3CA}.Ad-Hoc|ARM.Deploy.0 = Release|ARM
		{76CDD06E-09EC-4674-A832-801AE80AB3CA}.Ad-Hoc|iPhone.ActiveCfg = Release|Any CPU
		{76CDD06E-09EC-4674-A832-801AE80AB3CA}.Ad-Hoc|iPhone.Build.0 = Release|Any CPU
		{76CDD06E-09EC-4674-A832-801AE80AB3CA}.Ad-Hoc|iPhone.Deploy.0 = Release|Any CPU
		{76CDD06E-09EC-4674-A832-801AE80AB3CA}.Ad-Hoc|iPhoneSimulator.ActiveCfg = Release|Any CPU
		{76CDD06E-09EC-4674-A832-801AE80AB3CA}.Ad-Hoc|iPhoneSimulator.Build.0 = Release|Any CPU
		{76CDD06E-09EC-4674-A832-801AE80AB3CA}.Ad-Hoc|iPhoneSimulator.Deploy.0 = Release|Any CPU
		{76CDD06E-09EC-4674-A832-801AE80AB3CA}.Ad-Hoc|x64.ActiveCfg = Release|Any CPU
		{76CDD06E-09EC-4674-A832-801AE80AB3CA}.Ad-Hoc|x64.Build.0 = Release|Any CPU
		{76CDD06E-09EC-4674-A832-801AE80AB3CA}.Ad-Hoc|x64.Deploy.0 = Release|Any CPU
		{76CDD06E-09EC-4674-A832-801AE80AB3CA}.Ad-Hoc|x86.ActiveCfg = Release|x86
		{76CDD06E-09EC-4674-A832-801AE80AB3CA}.Ad-Hoc|x86.Build.0 = Release|x86
		{76CDD06E-09EC-4674-A832-801AE80AB3CA}.Ad-Hoc|x86.Deploy.0 = Release|x86
		{76CDD06E-09EC-4674-A832-801AE80AB3CA}.AppStore|Any CPU.ActiveCfg = Release|Any CPU
		{76CDD06E-09EC-4674-A832-801AE80AB3CA}.AppStore|Any CPU.Build.0 = Release|Any CPU
		{76CDD06E-09EC-4674-A832-801AE80AB3CA}.AppStore|Any CPU.Deploy.0 = Release|Any CPU
		{76CDD06E-09EC-4674-A832-801AE80AB3CA}.AppStore|ARM.ActiveCfg = Release|ARM
		{76CDD06E-09EC-4674-A832-801AE80AB3CA}.AppStore|ARM.Build.0 = Release|ARM
		{76CDD06E-09EC-4674-A832-801AE80AB3CA}.AppStore|ARM.Deploy.0 = Release|ARM
		{76CDD06E-09EC-4674-A832-801AE80AB3CA}.AppStore|iPhone.ActiveCfg = Release|Any CPU
		{76CDD06E-09EC-4674-A832-801AE80AB3CA}.AppStore|iPhone.Build.0 = Release|Any CPU
		{76CDD06E-09EC-4674-A832-801AE80AB3CA}.AppStore|iPhone.Deploy.0 = Release|Any CPU
		{76CDD06E-09EC-4674-A832-801AE80AB3CA}.AppStore|iPhoneSimulator.ActiveCfg = Release|Any CPU
		{76CDD06E-09EC-4674-A832-801AE80AB3CA}.AppStore|iPhoneSimulator.Build.0 = Release|Any CPU
		{76CDD06E-09EC-4674-A832-801AE80AB3CA}.AppStore|iPhoneSimulator.Deploy.0 = Release|Any CPU
		{76CDD06E-09EC-4674-A832-801AE80AB3CA}.AppStore|x64.ActiveCfg = Release|Any CPU
		{76CDD06E-09EC-4674-A832-801AE80AB3CA}.AppStore|x64.Build.0 = Release|Any CPU
		{76CDD06E-09EC-4674-A832-801AE80AB3CA}.AppStore|x64.Deploy.0 = Release|Any CPU
		{76CDD06E-09EC-4674-A832-801AE80AB3CA}.AppStore|x86.ActiveCfg = Release|x86
		{76CDD06E-09EC-4674-A832-801AE80AB3CA}.AppStore|x86.Build.0 = Release|x86
		{76CDD06E-09EC-4674-A832-801AE80AB3CA}.AppStore|x86.Deploy.0 = Release|x86
		{76CDD06E-09EC-4674-A832-801AE80AB3CA}.Debug|Any CPU.ActiveCfg = Debug|Any CPU
		{76CDD06E-09EC-4674-A832-801AE80AB3CA}.Debug|Any CPU.Build.0 = Debug|Any CPU
		{76CDD06E-09EC-4674-A832-801AE80AB3CA}.Debug|Any CPU.Deploy.0 = Debug|Any CPU
		{76CDD06E-09EC-4674-A832-801AE80AB3CA}.Debug|ARM.ActiveCfg = Debug|ARM
		{76CDD06E-09EC-4674-A832-801AE80AB3CA}.Debug|ARM.Build.0 = Debug|ARM
		{76CDD06E-09EC-4674-A832-801AE80AB3CA}.Debug|ARM.Deploy.0 = Debug|ARM
		{76CDD06E-09EC-4674-A832-801AE80AB3CA}.Debug|iPhone.ActiveCfg = Debug|Any CPU
		{76CDD06E-09EC-4674-A832-801AE80AB3CA}.Debug|iPhone.Build.0 = Debug|Any CPU
		{76CDD06E-09EC-4674-A832-801AE80AB3CA}.Debug|iPhone.Deploy.0 = Debug|Any CPU
		{76CDD06E-09EC-4674-A832-801AE80AB3CA}.Debug|iPhoneSimulator.ActiveCfg = Debug|Any CPU
		{76CDD06E-09EC-4674-A832-801AE80AB3CA}.Debug|iPhoneSimulator.Build.0 = Debug|Any CPU
		{76CDD06E-09EC-4674-A832-801AE80AB3CA}.Debug|iPhoneSimulator.Deploy.0 = Debug|Any CPU
		{76CDD06E-09EC-4674-A832-801AE80AB3CA}.Debug|x64.ActiveCfg = Debug|Any CPU
		{76CDD06E-09EC-4674-A832-801AE80AB3CA}.Debug|x64.Build.0 = Debug|Any CPU
		{76CDD06E-09EC-4674-A832-801AE80AB3CA}.Debug|x64.Deploy.0 = Debug|Any CPU
		{76CDD06E-09EC-4674-A832-801AE80AB3CA}.Debug|x86.ActiveCfg = Debug|x86
		{76CDD06E-09EC-4674-A832-801AE80AB3CA}.Debug|x86.Build.0 = Debug|x86
		{76CDD06E-09EC-4674-A832-801AE80AB3CA}.Debug|x86.Deploy.0 = Debug|x86
		{76CDD06E-09EC-4674-A832-801AE80AB3CA}.Release|Any CPU.ActiveCfg = Release|Any CPU
		{76CDD06E-09EC-4674-A832-801AE80AB3CA}.Release|Any CPU.Build.0 = Release|Any CPU
		{76CDD06E-09EC-4674-A832-801AE80AB3CA}.Release|Any CPU.Deploy.0 = Release|Any CPU
		{76CDD06E-09EC-4674-A832-801AE80AB3CA}.Release|ARM.ActiveCfg = Release|ARM
		{76CDD06E-09EC-4674-A832-801AE80AB3CA}.Release|ARM.Build.0 = Release|ARM
		{76CDD06E-09EC-4674-A832-801AE80AB3CA}.Release|ARM.Deploy.0 = Release|ARM
		{76CDD06E-09EC-4674-A832-801AE80AB3CA}.Release|iPhone.ActiveCfg = Release|Any CPU
		{76CDD06E-09EC-4674-A832-801AE80AB3CA}.Release|iPhone.Build.0 = Release|Any CPU
		{76CDD06E-09EC-4674-A832-801AE80AB3CA}.Release|iPhone.Deploy.0 = Release|Any CPU
		{76CDD06E-09EC-4674-A832-801AE80AB3CA}.Release|iPhoneSimulator.ActiveCfg = Release|Any CPU
		{76CDD06E-09EC-4674-A832-801AE80AB3CA}.Release|iPhoneSimulator.Build.0 = Release|Any CPU
		{76CDD06E-09EC-4674-A832-801AE80AB3CA}.Release|iPhoneSimulator.Deploy.0 = Release|Any CPU
		{76CDD06E-09EC-4674-A832-801AE80AB3CA}.Release|x64.ActiveCfg = Release|Any CPU
		{76CDD06E-09EC-4674-A832-801AE80AB3CA}.Release|x64.Build.0 = Release|Any CPU
		{76CDD06E-09EC-4674-A832-801AE80AB3CA}.Release|x64.Deploy.0 = Release|Any CPU
		{76CDD06E-09EC-4674-A832-801AE80AB3CA}.Release|x86.ActiveCfg = Release|x86
		{76CDD06E-09EC-4674-A832-801AE80AB3CA}.Release|x86.Build.0 = Release|x86
		{76CDD06E-09EC-4674-A832-801AE80AB3CA}.Release|x86.Deploy.0 = Release|x86
		{635B8735-27D0-43AD-AAF0-94FD26530FB1}.Ad-Hoc|Any CPU.ActiveCfg = Release|x86
		{635B8735-27D0-43AD-AAF0-94FD26530FB1}.Ad-Hoc|Any CPU.Build.0 = Release|x86
		{635B8735-27D0-43AD-AAF0-94FD26530FB1}.Ad-Hoc|Any CPU.Deploy.0 = Release|x86
		{635B8735-27D0-43AD-AAF0-94FD26530FB1}.Ad-Hoc|ARM.ActiveCfg = Release|ARM
		{635B8735-27D0-43AD-AAF0-94FD26530FB1}.Ad-Hoc|ARM.Build.0 = Release|ARM
		{635B8735-27D0-43AD-AAF0-94FD26530FB1}.Ad-Hoc|ARM.Deploy.0 = Release|ARM
		{635B8735-27D0-43AD-AAF0-94FD26530FB1}.Ad-Hoc|iPhone.ActiveCfg = Release|x86
		{635B8735-27D0-43AD-AAF0-94FD26530FB1}.Ad-Hoc|iPhone.Build.0 = Release|x86
		{635B8735-27D0-43AD-AAF0-94FD26530FB1}.Ad-Hoc|iPhone.Deploy.0 = Release|x86
		{635B8735-27D0-43AD-AAF0-94FD26530FB1}.Ad-Hoc|iPhoneSimulator.ActiveCfg = Release|x86
		{635B8735-27D0-43AD-AAF0-94FD26530FB1}.Ad-Hoc|iPhoneSimulator.Build.0 = Release|x86
		{635B8735-27D0-43AD-AAF0-94FD26530FB1}.Ad-Hoc|iPhoneSimulator.Deploy.0 = Release|x86
		{635B8735-27D0-43AD-AAF0-94FD26530FB1}.Ad-Hoc|x64.ActiveCfg = Release|x64
		{635B8735-27D0-43AD-AAF0-94FD26530FB1}.Ad-Hoc|x64.Build.0 = Release|x64
		{635B8735-27D0-43AD-AAF0-94FD26530FB1}.Ad-Hoc|x64.Deploy.0 = Release|x64
		{635B8735-27D0-43AD-AAF0-94FD26530FB1}.Ad-Hoc|x86.ActiveCfg = Release|x86
		{635B8735-27D0-43AD-AAF0-94FD26530FB1}.Ad-Hoc|x86.Build.0 = Release|x86
		{635B8735-27D0-43AD-AAF0-94FD26530FB1}.Ad-Hoc|x86.Deploy.0 = Release|x86
		{635B8735-27D0-43AD-AAF0-94FD26530FB1}.AppStore|Any CPU.ActiveCfg = Release|x86
		{635B8735-27D0-43AD-AAF0-94FD26530FB1}.AppStore|Any CPU.Build.0 = Release|x86
		{635B8735-27D0-43AD-AAF0-94FD26530FB1}.AppStore|Any CPU.Deploy.0 = Release|x86
		{635B8735-27D0-43AD-AAF0-94FD26530FB1}.AppStore|ARM.ActiveCfg = Release|ARM
		{635B8735-27D0-43AD-AAF0-94FD26530FB1}.AppStore|ARM.Build.0 = Release|ARM
		{635B8735-27D0-43AD-AAF0-94FD26530FB1}.AppStore|ARM.Deploy.0 = Release|ARM
		{635B8735-27D0-43AD-AAF0-94FD26530FB1}.AppStore|iPhone.ActiveCfg = Release|x86
		{635B8735-27D0-43AD-AAF0-94FD26530FB1}.AppStore|iPhone.Build.0 = Release|x86
		{635B8735-27D0-43AD-AAF0-94FD26530FB1}.AppStore|iPhone.Deploy.0 = Release|x86
		{635B8735-27D0-43AD-AAF0-94FD26530FB1}.AppStore|iPhoneSimulator.ActiveCfg = Release|x86
		{635B8735-27D0-43AD-AAF0-94FD26530FB1}.AppStore|iPhoneSimulator.Build.0 = Release|x86
		{635B8735-27D0-43AD-AAF0-94FD26530FB1}.AppStore|iPhoneSimulator.Deploy.0 = Release|x86
		{635B8735-27D0-43AD-AAF0-94FD26530FB1}.AppStore|x64.ActiveCfg = Release|x64
		{635B8735-27D0-43AD-AAF0-94FD26530FB1}.AppStore|x64.Build.0 = Release|x64
		{635B8735-27D0-43AD-AAF0-94FD26530FB1}.AppStore|x64.Deploy.0 = Release|x64
		{635B8735-27D0-43AD-AAF0-94FD26530FB1}.AppStore|x86.ActiveCfg = Release|x86
		{635B8735-27D0-43AD-AAF0-94FD26530FB1}.AppStore|x86.Build.0 = Release|x86
		{635B8735-27D0-43AD-AAF0-94FD26530FB1}.AppStore|x86.Deploy.0 = Release|x86
		{635B8735-27D0-43AD-AAF0-94FD26530FB1}.Debug|Any CPU.ActiveCfg = Debug|x86
		{635B8735-27D0-43AD-AAF0-94FD26530FB1}.Debug|ARM.ActiveCfg = Debug|ARM
		{635B8735-27D0-43AD-AAF0-94FD26530FB1}.Debug|ARM.Build.0 = Debug|ARM
		{635B8735-27D0-43AD-AAF0-94FD26530FB1}.Debug|ARM.Deploy.0 = Debug|ARM
		{635B8735-27D0-43AD-AAF0-94FD26530FB1}.Debug|iPhone.ActiveCfg = Debug|x86
		{635B8735-27D0-43AD-AAF0-94FD26530FB1}.Debug|iPhoneSimulator.ActiveCfg = Debug|x86
		{635B8735-27D0-43AD-AAF0-94FD26530FB1}.Debug|x64.ActiveCfg = Debug|x64
		{635B8735-27D0-43AD-AAF0-94FD26530FB1}.Debug|x64.Build.0 = Debug|x64
		{635B8735-27D0-43AD-AAF0-94FD26530FB1}.Debug|x64.Deploy.0 = Debug|x64
		{635B8735-27D0-43AD-AAF0-94FD26530FB1}.Debug|x86.ActiveCfg = Debug|x86
		{635B8735-27D0-43AD-AAF0-94FD26530FB1}.Debug|x86.Build.0 = Debug|x86
		{635B8735-27D0-43AD-AAF0-94FD26530FB1}.Debug|x86.Deploy.0 = Debug|x86
		{635B8735-27D0-43AD-AAF0-94FD26530FB1}.Release|Any CPU.ActiveCfg = Release|x86
		{635B8735-27D0-43AD-AAF0-94FD26530FB1}.Release|ARM.ActiveCfg = Release|ARM
		{635B8735-27D0-43AD-AAF0-94FD26530FB1}.Release|ARM.Build.0 = Release|ARM
		{635B8735-27D0-43AD-AAF0-94FD26530FB1}.Release|ARM.Deploy.0 = Release|ARM
		{635B8735-27D0-43AD-AAF0-94FD26530FB1}.Release|iPhone.ActiveCfg = Release|x86
		{635B8735-27D0-43AD-AAF0-94FD26530FB1}.Release|iPhoneSimulator.ActiveCfg = Release|x86
		{635B8735-27D0-43AD-AAF0-94FD26530FB1}.Release|x64.ActiveCfg = Release|x64
		{635B8735-27D0-43AD-AAF0-94FD26530FB1}.Release|x64.Build.0 = Release|x64
		{635B8735-27D0-43AD-AAF0-94FD26530FB1}.Release|x64.Deploy.0 = Release|x64
		{635B8735-27D0-43AD-AAF0-94FD26530FB1}.Release|x86.ActiveCfg = Release|x86
		{635B8735-27D0-43AD-AAF0-94FD26530FB1}.Release|x86.Build.0 = Release|x86
		{635B8735-27D0-43AD-AAF0-94FD26530FB1}.Release|x86.Deploy.0 = Release|x86
		{BEDD8CB8-B858-45B7-9519-C7413E1B6233}.Ad-Hoc|Any CPU.ActiveCfg = Release|Any CPU
		{BEDD8CB8-B858-45B7-9519-C7413E1B6233}.Ad-Hoc|Any CPU.Build.0 = Release|Any CPU
		{BEDD8CB8-B858-45B7-9519-C7413E1B6233}.Ad-Hoc|Any CPU.Deploy.0 = Release|Any CPU
		{BEDD8CB8-B858-45B7-9519-C7413E1B6233}.Ad-Hoc|ARM.ActiveCfg = Release|ARM
		{BEDD8CB8-B858-45B7-9519-C7413E1B6233}.Ad-Hoc|ARM.Build.0 = Release|ARM
		{BEDD8CB8-B858-45B7-9519-C7413E1B6233}.Ad-Hoc|ARM.Deploy.0 = Release|ARM
		{BEDD8CB8-B858-45B7-9519-C7413E1B6233}.Ad-Hoc|iPhone.ActiveCfg = Release|Any CPU
		{BEDD8CB8-B858-45B7-9519-C7413E1B6233}.Ad-Hoc|iPhone.Build.0 = Release|Any CPU
		{BEDD8CB8-B858-45B7-9519-C7413E1B6233}.Ad-Hoc|iPhone.Deploy.0 = Release|Any CPU
		{BEDD8CB8-B858-45B7-9519-C7413E1B6233}.Ad-Hoc|iPhoneSimulator.ActiveCfg = Release|Any CPU
		{BEDD8CB8-B858-45B7-9519-C7413E1B6233}.Ad-Hoc|iPhoneSimulator.Build.0 = Release|Any CPU
		{BEDD8CB8-B858-45B7-9519-C7413E1B6233}.Ad-Hoc|iPhoneSimulator.Deploy.0 = Release|Any CPU
		{BEDD8CB8-B858-45B7-9519-C7413E1B6233}.Ad-Hoc|x64.ActiveCfg = Release|x64
		{BEDD8CB8-B858-45B7-9519-C7413E1B6233}.Ad-Hoc|x64.Build.0 = Release|x64
		{BEDD8CB8-B858-45B7-9519-C7413E1B6233}.Ad-Hoc|x64.Deploy.0 = Release|x64
		{BEDD8CB8-B858-45B7-9519-C7413E1B6233}.Ad-Hoc|x86.ActiveCfg = Release|x86
		{BEDD8CB8-B858-45B7-9519-C7413E1B6233}.Ad-Hoc|x86.Build.0 = Release|x86
		{BEDD8CB8-B858-45B7-9519-C7413E1B6233}.Ad-Hoc|x86.Deploy.0 = Release|x86
		{BEDD8CB8-B858-45B7-9519-C7413E1B6233}.AppStore|Any CPU.ActiveCfg = Release|Any CPU
		{BEDD8CB8-B858-45B7-9519-C7413E1B6233}.AppStore|Any CPU.Build.0 = Release|Any CPU
		{BEDD8CB8-B858-45B7-9519-C7413E1B6233}.AppStore|Any CPU.Deploy.0 = Release|Any CPU
		{BEDD8CB8-B858-45B7-9519-C7413E1B6233}.AppStore|ARM.ActiveCfg = Release|ARM
		{BEDD8CB8-B858-45B7-9519-C7413E1B6233}.AppStore|ARM.Build.0 = Release|ARM
		{BEDD8CB8-B858-45B7-9519-C7413E1B6233}.AppStore|ARM.Deploy.0 = Release|ARM
		{BEDD8CB8-B858-45B7-9519-C7413E1B6233}.AppStore|iPhone.ActiveCfg = Release|Any CPU
		{BEDD8CB8-B858-45B7-9519-C7413E1B6233}.AppStore|iPhone.Build.0 = Release|Any CPU
		{BEDD8CB8-B858-45B7-9519-C7413E1B6233}.AppStore|iPhone.Deploy.0 = Release|Any CPU
		{BEDD8CB8-B858-45B7-9519-C7413E1B6233}.AppStore|iPhoneSimulator.ActiveCfg = Release|Any CPU
		{BEDD8CB8-B858-45B7-9519-C7413E1B6233}.AppStore|iPhoneSimulator.Build.0 = Release|Any CPU
		{BEDD8CB8-B858-45B7-9519-C7413E1B6233}.AppStore|iPhoneSimulator.Deploy.0 = Release|Any CPU
		{BEDD8CB8-B858-45B7-9519-C7413E1B6233}.AppStore|x64.ActiveCfg = Release|x64
		{BEDD8CB8-B858-45B7-9519-C7413E1B6233}.AppStore|x64.Build.0 = Release|x64
		{BEDD8CB8-B858-45B7-9519-C7413E1B6233}.AppStore|x64.Deploy.0 = Release|x64
		{BEDD8CB8-B858-45B7-9519-C7413E1B6233}.AppStore|x86.ActiveCfg = Release|x86
		{BEDD8CB8-B858-45B7-9519-C7413E1B6233}.AppStore|x86.Build.0 = Release|x86
		{BEDD8CB8-B858-45B7-9519-C7413E1B6233}.AppStore|x86.Deploy.0 = Release|x86
		{BEDD8CB8-B858-45B7-9519-C7413E1B6233}.Debug|Any CPU.ActiveCfg = Debug|Any CPU
		{BEDD8CB8-B858-45B7-9519-C7413E1B6233}.Debug|Any CPU.Build.0 = Debug|Any CPU
		{BEDD8CB8-B858-45B7-9519-C7413E1B6233}.Debug|Any CPU.Deploy.0 = Debug|Any CPU
		{BEDD8CB8-B858-45B7-9519-C7413E1B6233}.Debug|ARM.ActiveCfg = Debug|ARM
		{BEDD8CB8-B858-45B7-9519-C7413E1B6233}.Debug|ARM.Build.0 = Debug|ARM
		{BEDD8CB8-B858-45B7-9519-C7413E1B6233}.Debug|ARM.Deploy.0 = Debug|ARM
		{BEDD8CB8-B858-45B7-9519-C7413E1B6233}.Debug|iPhone.ActiveCfg = Debug|Any CPU
		{BEDD8CB8-B858-45B7-9519-C7413E1B6233}.Debug|iPhone.Build.0 = Debug|Any CPU
		{BEDD8CB8-B858-45B7-9519-C7413E1B6233}.Debug|iPhone.Deploy.0 = Debug|Any CPU
		{BEDD8CB8-B858-45B7-9519-C7413E1B6233}.Debug|iPhoneSimulator.ActiveCfg = Debug|Any CPU
		{BEDD8CB8-B858-45B7-9519-C7413E1B6233}.Debug|iPhoneSimulator.Build.0 = Debug|Any CPU
		{BEDD8CB8-B858-45B7-9519-C7413E1B6233}.Debug|iPhoneSimulator.Deploy.0 = Debug|Any CPU
		{BEDD8CB8-B858-45B7-9519-C7413E1B6233}.Debug|x64.ActiveCfg = Debug|x64
		{BEDD8CB8-B858-45B7-9519-C7413E1B6233}.Debug|x64.Build.0 = Debug|x64
		{BEDD8CB8-B858-45B7-9519-C7413E1B6233}.Debug|x64.Deploy.0 = Debug|x64
		{BEDD8CB8-B858-45B7-9519-C7413E1B6233}.Debug|x86.ActiveCfg = Debug|x86
		{BEDD8CB8-B858-45B7-9519-C7413E1B6233}.Debug|x86.Build.0 = Debug|x86
		{BEDD8CB8-B858-45B7-9519-C7413E1B6233}.Debug|x86.Deploy.0 = Debug|x86
		{BEDD8CB8-B858-45B7-9519-C7413E1B6233}.Release|Any CPU.ActiveCfg = Release|Any CPU
		{BEDD8CB8-B858-45B7-9519-C7413E1B6233}.Release|Any CPU.Build.0 = Release|Any CPU
		{BEDD8CB8-B858-45B7-9519-C7413E1B6233}.Release|Any CPU.Deploy.0 = Release|Any CPU
		{BEDD8CB8-B858-45B7-9519-C7413E1B6233}.Release|ARM.ActiveCfg = Release|ARM
		{BEDD8CB8-B858-45B7-9519-C7413E1B6233}.Release|ARM.Build.0 = Release|ARM
		{BEDD8CB8-B858-45B7-9519-C7413E1B6233}.Release|ARM.Deploy.0 = Release|ARM
		{BEDD8CB8-B858-45B7-9519-C7413E1B6233}.Release|iPhone.ActiveCfg = Release|Any CPU
		{BEDD8CB8-B858-45B7-9519-C7413E1B6233}.Release|iPhone.Build.0 = Release|Any CPU
		{BEDD8CB8-B858-45B7-9519-C7413E1B6233}.Release|iPhone.Deploy.0 = Release|Any CPU
		{BEDD8CB8-B858-45B7-9519-C7413E1B6233}.Release|iPhoneSimulator.ActiveCfg = Release|Any CPU
		{BEDD8CB8-B858-45B7-9519-C7413E1B6233}.Release|iPhoneSimulator.Build.0 = Release|Any CPU
		{BEDD8CB8-B858-45B7-9519-C7413E1B6233}.Release|iPhoneSimulator.Deploy.0 = Release|Any CPU
		{BEDD8CB8-B858-45B7-9519-C7413E1B6233}.Release|x64.ActiveCfg = Release|x64
		{BEDD8CB8-B858-45B7-9519-C7413E1B6233}.Release|x64.Build.0 = Release|x64
		{BEDD8CB8-B858-45B7-9519-C7413E1B6233}.Release|x64.Deploy.0 = Release|x64
		{BEDD8CB8-B858-45B7-9519-C7413E1B6233}.Release|x86.ActiveCfg = Release|x86
		{BEDD8CB8-B858-45B7-9519-C7413E1B6233}.Release|x86.Build.0 = Release|x86
		{BEDD8CB8-B858-45B7-9519-C7413E1B6233}.Release|x86.Deploy.0 = Release|x86
		{4766FB05-F666-4A13-BFDB-AD142935EA90}.Ad-Hoc|Any CPU.ActiveCfg = Release|Any CPU
		{4766FB05-F666-4A13-BFDB-AD142935EA90}.Ad-Hoc|Any CPU.Build.0 = Release|Any CPU
		{4766FB05-F666-4A13-BFDB-AD142935EA90}.Ad-Hoc|ARM.ActiveCfg = Release|Any CPU
		{4766FB05-F666-4A13-BFDB-AD142935EA90}.Ad-Hoc|ARM.Build.0 = Release|Any CPU
		{4766FB05-F666-4A13-BFDB-AD142935EA90}.Ad-Hoc|iPhone.ActiveCfg = Release|Any CPU
		{4766FB05-F666-4A13-BFDB-AD142935EA90}.Ad-Hoc|iPhone.Build.0 = Release|Any CPU
		{4766FB05-F666-4A13-BFDB-AD142935EA90}.Ad-Hoc|iPhoneSimulator.ActiveCfg = Release|Any CPU
		{4766FB05-F666-4A13-BFDB-AD142935EA90}.Ad-Hoc|iPhoneSimulator.Build.0 = Release|Any CPU
		{4766FB05-F666-4A13-BFDB-AD142935EA90}.Ad-Hoc|x64.ActiveCfg = Release|Any CPU
		{4766FB05-F666-4A13-BFDB-AD142935EA90}.Ad-Hoc|x64.Build.0 = Release|Any CPU
		{4766FB05-F666-4A13-BFDB-AD142935EA90}.Ad-Hoc|x86.ActiveCfg = Release|Any CPU
		{4766FB05-F666-4A13-BFDB-AD142935EA90}.Ad-Hoc|x86.Build.0 = Release|Any CPU
		{4766FB05-F666-4A13-BFDB-AD142935EA90}.AppStore|Any CPU.ActiveCfg = Release|Any CPU
		{4766FB05-F666-4A13-BFDB-AD142935EA90}.AppStore|Any CPU.Build.0 = Release|Any CPU
		{4766FB05-F666-4A13-BFDB-AD142935EA90}.AppStore|ARM.ActiveCfg = Release|Any CPU
		{4766FB05-F666-4A13-BFDB-AD142935EA90}.AppStore|ARM.Build.0 = Release|Any CPU
		{4766FB05-F666-4A13-BFDB-AD142935EA90}.AppStore|iPhone.ActiveCfg = Release|Any CPU
		{4766FB05-F666-4A13-BFDB-AD142935EA90}.AppStore|iPhone.Build.0 = Release|Any CPU
		{4766FB05-F666-4A13-BFDB-AD142935EA90}.AppStore|iPhoneSimulator.ActiveCfg = Release|Any CPU
		{4766FB05-F666-4A13-BFDB-AD142935EA90}.AppStore|iPhoneSimulator.Build.0 = Release|Any CPU
		{4766FB05-F666-4A13-BFDB-AD142935EA90}.AppStore|x64.ActiveCfg = Release|Any CPU
		{4766FB05-F666-4A13-BFDB-AD142935EA90}.AppStore|x64.Build.0 = Release|Any CPU
		{4766FB05-F666-4A13-BFDB-AD142935EA90}.AppStore|x86.ActiveCfg = Release|Any CPU
		{4766FB05-F666-4A13-BFDB-AD142935EA90}.AppStore|x86.Build.0 = Release|Any CPU
		{4766FB05-F666-4A13-BFDB-AD142935EA90}.Debug|Any CPU.ActiveCfg = Debug|Any CPU
		{4766FB05-F666-4A13-BFDB-AD142935EA90}.Debug|Any CPU.Build.0 = Debug|Any CPU
		{4766FB05-F666-4A13-BFDB-AD142935EA90}.Debug|ARM.ActiveCfg = Debug|Any CPU
		{4766FB05-F666-4A13-BFDB-AD142935EA90}.Debug|ARM.Build.0 = Debug|Any CPU
		{4766FB05-F666-4A13-BFDB-AD142935EA90}.Debug|iPhone.ActiveCfg = Debug|Any CPU
		{4766FB05-F666-4A13-BFDB-AD142935EA90}.Debug|iPhone.Build.0 = Debug|Any CPU
		{4766FB05-F666-4A13-BFDB-AD142935EA90}.Debug|iPhoneSimulator.ActiveCfg = Debug|Any CPU
		{4766FB05-F666-4A13-BFDB-AD142935EA90}.Debug|iPhoneSimulator.Build.0 = Debug|Any CPU
		{4766FB05-F666-4A13-BFDB-AD142935EA90}.Debug|x64.ActiveCfg = Debug|Any CPU
		{4766FB05-F666-4A13-BFDB-AD142935EA90}.Debug|x64.Build.0 = Debug|Any CPU
		{4766FB05-F666-4A13-BFDB-AD142935EA90}.Debug|x86.ActiveCfg = Debug|Any CPU
		{4766FB05-F666-4A13-BFDB-AD142935EA90}.Debug|x86.Build.0 = Debug|Any CPU
		{4766FB05-F666-4A13-BFDB-AD142935EA90}.Release|Any CPU.ActiveCfg = Release|Any CPU
		{4766FB05-F666-4A13-BFDB-AD142935EA90}.Release|Any CPU.Build.0 = Release|Any CPU
		{4766FB05-F666-4A13-BFDB-AD142935EA90}.Release|ARM.ActiveCfg = Release|Any CPU
		{4766FB05-F666-4A13-BFDB-AD142935EA90}.Release|ARM.Build.0 = Release|Any CPU
		{4766FB05-F666-4A13-BFDB-AD142935EA90}.Release|iPhone.ActiveCfg = Release|Any CPU
		{4766FB05-F666-4A13-BFDB-AD142935EA90}.Release|iPhone.Build.0 = Release|Any CPU
		{4766FB05-F666-4A13-BFDB-AD142935EA90}.Release|iPhoneSimulator.ActiveCfg = Release|Any CPU
		{4766FB05-F666-4A13-BFDB-AD142935EA90}.Release|iPhoneSimulator.Build.0 = Release|Any CPU
		{4766FB05-F666-4A13-BFDB-AD142935EA90}.Release|x64.ActiveCfg = Release|Any CPU
		{4766FB05-F666-4A13-BFDB-AD142935EA90}.Release|x64.Build.0 = Release|Any CPU
		{4766FB05-F666-4A13-BFDB-AD142935EA90}.Release|x86.ActiveCfg = Release|Any CPU
		{4766FB05-F666-4A13-BFDB-AD142935EA90}.Release|x86.Build.0 = Release|Any CPU
	EndGlobalSection
	GlobalSection(SolutionProperties) = preSolution
		HideSolutionNode = FALSE
	EndGlobalSection
EndGlobal
