
Microsoft Visual Studio Solution File, Format Version 12.00
# Visual Studio 14
VisualStudioVersion = 14.0.25123.0
MinimumVisualStudioVersion = 10.0.40219.1
Project("{FAE04EC0-301F-11D3-BF4B-00C04F79EFBC}") = "XFCALQR.Droid", "XFCALQR\XFCALQR.Droid\XFCALQR.Droid.csproj", "{3B558931-AF92-4DA0-8CED-8567C298171A}"
EndProject
Project("{FAE04EC0-301F-11D3-BF4B-00C04F79EFBC}") = "XFCALQR.iOS", "XFCALQR\XFCALQR.iOS\XFCALQR.iOS.csproj", "{7D4DBA38-345F-41EB-BDB1-70236C3EBB90}"
EndProject
Project("{FAE04EC0-301F-11D3-BF4B-00C04F79EFBC}") = "XFCALQR.WinPhone", "XFCALQR\XFCALQR.WinPhone\XFCALQR.WinPhone.csproj", "{5ED4DFF3-0238-4572-AAFE-C70601A1915E}"
EndProject
Project("{FAE04EC0-301F-11D3-BF4B-00C04F79EFBC}") = "XFCALQR.UWP", "XFCALQR\XFCALQR.UWP\XFCALQR.UWP.csproj", "{C5130738-CAB7-4208-AD3C-15026D7D4DE2}"
EndProject
Project("{FAE04EC0-301F-11D3-BF4B-00C04F79EFBC}") = "XFCALQR.Windows", "XFCALQR\XFCALQR.Windows\XFCALQR.Windows.csproj", "{D7FD3A80-74D6-4FB7-AC42-A1B56F5ED8B4}"
EndProject
Project("{FAE04EC0-301F-11D3-BF4B-00C04F79EFBC}") = "XFCALQR", "XFCALQR\XFCALQR\XFCALQR.csproj", "{72C8E087-0576-48A3-82F8-04CC71DED036}"
EndProject
Global
	GlobalSection(SolutionConfigurationPlatforms) = preSolution
		Ad-Hoc|Any CPU = Ad-Hoc|Any CPU
		Ad-Hoc|ARM = Ad-Hoc|ARM
		Ad-Hoc|iPhone = Ad-Hoc|iPhone
		Ad-Hoc|iPhoneSimulator = Ad-Hoc|iPhoneSimulator
		Ad-Hoc|x64 = Ad-Hoc|x64
		Ad-Hoc|x86 = Ad-Hoc|x86
		AppStore|Any CPU = AppStore|Any CPU
		AppStore|ARM = AppStore|ARM
		AppStore|iPhone = AppStore|iPhone
		AppStore|iPhoneSimulator = AppStore|iPhoneSimulator
		AppStore|x64 = AppStore|x64
		AppStore|x86 = AppStore|x86
		Debug|Any CPU = Debug|Any CPU
		Debug|ARM = Debug|ARM
		Debug|iPhone = Debug|iPhone
		Debug|iPhoneSimulator = Debug|iPhoneSimulator
		Debug|x64 = Debug|x64
		Debug|x86 = Debug|x86
		Release|Any CPU = Release|Any CPU
		Release|ARM = Release|ARM
		Release|iPhone = Release|iPhone
		Release|iPhoneSimulator = Release|iPhoneSimulator
		Release|x64 = Release|x64
		Release|x86 = Release|x86
	EndGlobalSection
	GlobalSection(ProjectConfigurationPlatforms) = postSolution
		{3B558931-AF92-4DA0-8CED-8567C298171A}.Ad-Hoc|Any CPU.ActiveCfg = Release|Any CPU
		{3B558931-AF92-4DA0-8CED-8567C298171A}.Ad-Hoc|Any CPU.Build.0 = Release|Any CPU
		{3B558931-AF92-4DA0-8CED-8567C298171A}.Ad-Hoc|Any CPU.Deploy.0 = Release|Any CPU
		{3B558931-AF92-4DA0-8CED-8567C298171A}.Ad-Hoc|ARM.ActiveCfg = Release|Any CPU
		{3B558931-AF92-4DA0-8CED-8567C298171A}.Ad-Hoc|ARM.Build.0 = Release|Any CPU
		{3B558931-AF92-4DA0-8CED-8567C298171A}.Ad-Hoc|ARM.Deploy.0 = Release|Any CPU
		{3B558931-AF92-4DA0-8CED-8567C298171A}.Ad-Hoc|iPhone.ActiveCfg = Release|Any CPU
		{3B558931-AF92-4DA0-8CED-8567C298171A}.Ad-Hoc|iPhone.Build.0 = Release|Any CPU
		{3B558931-AF92-4DA0-8CED-8567C298171A}.Ad-Hoc|iPhone.Deploy.0 = Release|Any CPU
		{3B558931-AF92-4DA0-8CED-8567C298171A}.Ad-Hoc|iPhoneSimulator.ActiveCfg = Release|Any CPU
		{3B558931-AF92-4DA0-8CED-8567C298171A}.Ad-Hoc|iPhoneSimulator.Build.0 = Release|Any CPU
		{3B558931-AF92-4DA0-8CED-8567C298171A}.Ad-Hoc|iPhoneSimulator.Deploy.0 = Release|Any CPU
		{3B558931-AF92-4DA0-8CED-8567C298171A}.Ad-Hoc|x64.ActiveCfg = Release|Any CPU
		{3B558931-AF92-4DA0-8CED-8567C298171A}.Ad-Hoc|x64.Build.0 = Release|Any CPU
		{3B558931-AF92-4DA0-8CED-8567C298171A}.Ad-Hoc|x64.Deploy.0 = Release|Any CPU
		{3B558931-AF92-4DA0-8CED-8567C298171A}.Ad-Hoc|x86.ActiveCfg = Release|Any CPU
		{3B558931-AF92-4DA0-8CED-8567C298171A}.Ad-Hoc|x86.Build.0 = Release|Any CPU
		{3B558931-AF92-4DA0-8CED-8567C298171A}.Ad-Hoc|x86.Deploy.0 = Release|Any CPU
		{3B558931-AF92-4DA0-8CED-8567C298171A}.AppStore|Any CPU.ActiveCfg = Release|Any CPU
		{3B558931-AF92-4DA0-8CED-8567C298171A}.AppStore|Any CPU.Build.0 = Release|Any CPU
		{3B558931-AF92-4DA0-8CED-8567C298171A}.AppStore|Any CPU.Deploy.0 = Release|Any CPU
		{3B558931-AF92-4DA0-8CED-8567C298171A}.AppStore|ARM.ActiveCfg = Release|Any CPU
		{3B558931-AF92-4DA0-8CED-8567C298171A}.AppStore|ARM.Build.0 = Release|Any CPU
		{3B558931-AF92-4DA0-8CED-8567C298171A}.AppStore|ARM.Deploy.0 = Release|Any CPU
		{3B558931-AF92-4DA0-8CED-8567C298171A}.AppStore|iPhone.ActiveCfg = Release|Any CPU
		{3B558931-AF92-4DA0-8CED-8567C298171A}.AppStore|iPhone.Build.0 = Release|Any CPU
		{3B558931-AF92-4DA0-8CED-8567C298171A}.AppStore|iPhone.Deploy.0 = Release|Any CPU
		{3B558931-AF92-4DA0-8CED-8567C298171A}.AppStore|iPhoneSimulator.ActiveCfg = Release|Any CPU
		{3B558931-AF92-4DA0-8CED-8567C298171A}.AppStore|iPhoneSimulator.Build.0 = Release|Any CPU
		{3B558931-AF92-4DA0-8CED-8567C298171A}.AppStore|iPhoneSimulator.Deploy.0 = Release|Any CPU
		{3B558931-AF92-4DA0-8CED-8567C298171A}.AppStore|x64.ActiveCfg = Release|Any CPU
		{3B558931-AF92-4DA0-8CED-8567C298171A}.AppStore|x64.Build.0 = Release|Any CPU
		{3B558931-AF92-4DA0-8CED-8567C298171A}.AppStore|x64.Deploy.0 = Release|Any CPU
		{3B558931-AF92-4DA0-8CED-8567C298171A}.AppStore|x86.ActiveCfg = Release|Any CPU
		{3B558931-AF92-4DA0-8CED-8567C298171A}.AppStore|x86.Build.0 = Release|Any CPU
		{3B558931-AF92-4DA0-8CED-8567C298171A}.AppStore|x86.Deploy.0 = Release|Any CPU
		{3B558931-AF92-4DA0-8CED-8567C298171A}.Debug|Any CPU.ActiveCfg = Debug|Any CPU
		{3B558931-AF92-4DA0-8CED-8567C298171A}.Debug|Any CPU.Build.0 = Debug|Any CPU
		{3B558931-AF92-4DA0-8CED-8567C298171A}.Debug|Any CPU.Deploy.0 = Debug|Any CPU
		{3B558931-AF92-4DA0-8CED-8567C298171A}.Debug|ARM.ActiveCfg = Debug|Any CPU
		{3B558931-AF92-4DA0-8CED-8567C298171A}.Debug|ARM.Build.0 = Debug|Any CPU
		{3B558931-AF92-4DA0-8CED-8567C298171A}.Debug|ARM.Deploy.0 = Debug|Any CPU
		{3B558931-AF92-4DA0-8CED-8567C298171A}.Debug|iPhone.ActiveCfg = Debug|Any CPU
		{3B558931-AF92-4DA0-8CED-8567C298171A}.Debug|iPhone.Build.0 = Debug|Any CPU
		{3B558931-AF92-4DA0-8CED-8567C298171A}.Debug|iPhone.Deploy.0 = Debug|Any CPU
		{3B558931-AF92-4DA0-8CED-8567C298171A}.Debug|iPhoneSimulator.ActiveCfg = Debug|Any CPU
		{3B558931-AF92-4DA0-8CED-8567C298171A}.Debug|iPhoneSimulator.Build.0 = Debug|Any CPU
		{3B558931-AF92-4DA0-8CED-8567C298171A}.Debug|iPhoneSimulator.Deploy.0 = Debug|Any CPU
		{3B558931-AF92-4DA0-8CED-8567C298171A}.Debug|x64.ActiveCfg = Debug|Any CPU
		{3B558931-AF92-4DA0-8CED-8567C298171A}.Debug|x64.Build.0 = Debug|Any CPU
		{3B558931-AF92-4DA0-8CED-8567C298171A}.Debug|x64.Deploy.0 = Debug|Any CPU
		{3B558931-AF92-4DA0-8CED-8567C298171A}.Debug|x86.ActiveCfg = Debug|Any CPU
		{3B558931-AF92-4DA0-8CED-8567C298171A}.Debug|x86.Build.0 = Debug|Any CPU
		{3B558931-AF92-4DA0-8CED-8567C298171A}.Debug|x86.Deploy.0 = Debug|Any CPU
		{3B558931-AF92-4DA0-8CED-8567C298171A}.Release|Any CPU.ActiveCfg = Release|Any CPU
		{3B558931-AF92-4DA0-8CED-8567C298171A}.Release|Any CPU.Build.0 = Release|Any CPU
		{3B558931-AF92-4DA0-8CED-8567C298171A}.Release|Any CPU.Deploy.0 = Release|Any CPU
		{3B558931-AF92-4DA0-8CED-8567C298171A}.Release|ARM.ActiveCfg = Release|Any CPU
		{3B558931-AF92-4DA0-8CED-8567C298171A}.Release|ARM.Build.0 = Release|Any CPU
		{3B558931-AF92-4DA0-8CED-8567C298171A}.Release|ARM.Deploy.0 = Release|Any CPU
		{3B558931-AF92-4DA0-8CED-8567C298171A}.Release|iPhone.ActiveCfg = Release|Any CPU
		{3B558931-AF92-4DA0-8CED-8567C298171A}.Release|iPhone.Build.0 = Release|Any CPU
		{3B558931-AF92-4DA0-8CED-8567C298171A}.Release|iPhone.Deploy.0 = Release|Any CPU
		{3B558931-AF92-4DA0-8CED-8567C298171A}.Release|iPhoneSimulator.ActiveCfg = Release|Any CPU
		{3B558931-AF92-4DA0-8CED-8567C298171A}.Release|iPhoneSimulator.Build.0 = Release|Any CPU
		{3B558931-AF92-4DA0-8CED-8567C298171A}.Release|iPhoneSimulator.Deploy.0 = Release|Any CPU
		{3B558931-AF92-4DA0-8CED-8567C298171A}.Release|x64.ActiveCfg = Release|Any CPU
		{3B558931-AF92-4DA0-8CED-8567C298171A}.Release|x64.Build.0 = Release|Any CPU
		{3B558931-AF92-4DA0-8CED-8567C298171A}.Release|x64.Deploy.0 = Release|Any CPU
		{3B558931-AF92-4DA0-8CED-8567C298171A}.Release|x86.ActiveCfg = Release|Any CPU
		{3B558931-AF92-4DA0-8CED-8567C298171A}.Release|x86.Build.0 = Release|Any CPU
		{3B558931-AF92-4DA0-8CED-8567C298171A}.Release|x86.Deploy.0 = Release|Any CPU
		{7D4DBA38-345F-41EB-BDB1-70236C3EBB90}.Ad-Hoc|Any CPU.ActiveCfg = Ad-Hoc|iPhone
		{7D4DBA38-345F-41EB-BDB1-70236C3EBB90}.Ad-Hoc|ARM.ActiveCfg = Ad-Hoc|iPhone
		{7D4DBA38-345F-41EB-BDB1-70236C3EBB90}.Ad-Hoc|iPhone.ActiveCfg = Ad-Hoc|iPhone
		{7D4DBA38-345F-41EB-BDB1-70236C3EBB90}.Ad-Hoc|iPhone.Build.0 = Ad-Hoc|iPhone
		{7D4DBA38-345F-41EB-BDB1-70236C3EBB90}.Ad-Hoc|iPhoneSimulator.ActiveCfg = Ad-Hoc|iPhoneSimulator
		{7D4DBA38-345F-41EB-BDB1-70236C3EBB90}.Ad-Hoc|iPhoneSimulator.Build.0 = Ad-Hoc|iPhoneSimulator
		{7D4DBA38-345F-41EB-BDB1-70236C3EBB90}.Ad-Hoc|x64.ActiveCfg = Ad-Hoc|iPhone
		{7D4DBA38-345F-41EB-BDB1-70236C3EBB90}.Ad-Hoc|x86.ActiveCfg = Ad-Hoc|iPhone
		{7D4DBA38-345F-41EB-BDB1-70236C3EBB90}.AppStore|Any CPU.ActiveCfg = AppStore|iPhone
		{7D4DBA38-345F-41EB-BDB1-70236C3EBB90}.AppStore|ARM.ActiveCfg = AppStore|iPhone
		{7D4DBA38-345F-41EB-BDB1-70236C3EBB90}.AppStore|iPhone.ActiveCfg = AppStore|iPhone
		{7D4DBA38-345F-41EB-BDB1-70236C3EBB90}.AppStore|iPhone.Build.0 = AppStore|iPhone
		{7D4DBA38-345F-41EB-BDB1-70236C3EBB90}.AppStore|iPhoneSimulator.ActiveCfg = AppStore|iPhoneSimulator
		{7D4DBA38-345F-41EB-BDB1-70236C3EBB90}.AppStore|iPhoneSimulator.Build.0 = AppStore|iPhoneSimulator
		{7D4DBA38-345F-41EB-BDB1-70236C3EBB90}.AppStore|x64.ActiveCfg = AppStore|iPhone
		{7D4DBA38-345F-41EB-BDB1-70236C3EBB90}.AppStore|x86.ActiveCfg = AppStore|iPhone
		{7D4DBA38-345F-41EB-BDB1-70236C3EBB90}.Debug|Any CPU.ActiveCfg = Debug|iPhone
		{7D4DBA38-345F-41EB-BDB1-70236C3EBB90}.Debug|ARM.ActiveCfg = Debug|iPhone
		{7D4DBA38-345F-41EB-BDB1-70236C3EBB90}.Debug|iPhone.ActiveCfg = Debug|iPhone
		{7D4DBA38-345F-41EB-BDB1-70236C3EBB90}.Debug|iPhone.Build.0 = Debug|iPhone
		{7D4DBA38-345F-41EB-BDB1-70236C3EBB90}.Debug|iPhoneSimulator.ActiveCfg = Debug|iPhoneSimulator
		{7D4DBA38-345F-41EB-BDB1-70236C3EBB90}.Debug|iPhoneSimulator.Build.0 = Debug|iPhoneSimulator
		{7D4DBA38-345F-41EB-BDB1-70236C3EBB90}.Debug|x64.ActiveCfg = Debug|iPhone
		{7D4DBA38-345F-41EB-BDB1-70236C3EBB90}.Debug|x86.ActiveCfg = Debug|iPhone
		{7D4DBA38-345F-41EB-BDB1-70236C3EBB90}.Release|Any CPU.ActiveCfg = Release|iPhone
		{7D4DBA38-345F-41EB-BDB1-70236C3EBB90}.Release|ARM.ActiveCfg = Release|iPhone
		{7D4DBA38-345F-41EB-BDB1-70236C3EBB90}.Release|iPhone.ActiveCfg = Release|iPhone
		{7D4DBA38-345F-41EB-BDB1-70236C3EBB90}.Release|iPhone.Build.0 = Release|iPhone
		{7D4DBA38-345F-41EB-BDB1-70236C3EBB90}.Release|iPhoneSimulator.ActiveCfg = Release|iPhoneSimulator
		{7D4DBA38-345F-41EB-BDB1-70236C3EBB90}.Release|iPhoneSimulator.Build.0 = Release|iPhoneSimulator
		{7D4DBA38-345F-41EB-BDB1-70236C3EBB90}.Release|x64.ActiveCfg = Release|iPhone
		{7D4DBA38-345F-41EB-BDB1-70236C3EBB90}.Release|x86.ActiveCfg = Release|iPhone
		{5ED4DFF3-0238-4572-AAFE-C70601A1915E}.Ad-Hoc|Any CPU.ActiveCfg = Release|Any CPU
		{5ED4DFF3-0238-4572-AAFE-C70601A1915E}.Ad-Hoc|Any CPU.Build.0 = Release|Any CPU
		{5ED4DFF3-0238-4572-AAFE-C70601A1915E}.Ad-Hoc|Any CPU.Deploy.0 = Release|Any CPU
		{5ED4DFF3-0238-4572-AAFE-C70601A1915E}.Ad-Hoc|ARM.ActiveCfg = Release|ARM
		{5ED4DFF3-0238-4572-AAFE-C70601A1915E}.Ad-Hoc|ARM.Build.0 = Release|ARM
		{5ED4DFF3-0238-4572-AAFE-C70601A1915E}.Ad-Hoc|ARM.Deploy.0 = Release|ARM
		{5ED4DFF3-0238-4572-AAFE-C70601A1915E}.Ad-Hoc|iPhone.ActiveCfg = Release|Any CPU
		{5ED4DFF3-0238-4572-AAFE-C70601A1915E}.Ad-Hoc|iPhone.Build.0 = Release|Any CPU
		{5ED4DFF3-0238-4572-AAFE-C70601A1915E}.Ad-Hoc|iPhone.Deploy.0 = Release|Any CPU
		{5ED4DFF3-0238-4572-AAFE-C70601A1915E}.Ad-Hoc|iPhoneSimulator.ActiveCfg = Release|Any CPU
		{5ED4DFF3-0238-4572-AAFE-C70601A1915E}.Ad-Hoc|iPhoneSimulator.Build.0 = Release|Any CPU
		{5ED4DFF3-0238-4572-AAFE-C70601A1915E}.Ad-Hoc|iPhoneSimulator.Deploy.0 = Release|Any CPU
		{5ED4DFF3-0238-4572-AAFE-C70601A1915E}.Ad-Hoc|x64.ActiveCfg = Release|Any CPU
		{5ED4DFF3-0238-4572-AAFE-C70601A1915E}.Ad-Hoc|x64.Build.0 = Release|Any CPU
		{5ED4DFF3-0238-4572-AAFE-C70601A1915E}.Ad-Hoc|x64.Deploy.0 = Release|Any CPU
		{5ED4DFF3-0238-4572-AAFE-C70601A1915E}.Ad-Hoc|x86.ActiveCfg = Release|x86
		{5ED4DFF3-0238-4572-AAFE-C70601A1915E}.Ad-Hoc|x86.Build.0 = Release|x86
		{5ED4DFF3-0238-4572-AAFE-C70601A1915E}.Ad-Hoc|x86.Deploy.0 = Release|x86
		{5ED4DFF3-0238-4572-AAFE-C70601A1915E}.AppStore|Any CPU.ActiveCfg = Release|Any CPU
		{5ED4DFF3-0238-4572-AAFE-C70601A1915E}.AppStore|Any CPU.Build.0 = Release|Any CPU
		{5ED4DFF3-0238-4572-AAFE-C70601A1915E}.AppStore|Any CPU.Deploy.0 = Release|Any CPU
		{5ED4DFF3-0238-4572-AAFE-C70601A1915E}.AppStore|ARM.ActiveCfg = Release|ARM
		{5ED4DFF3-0238-4572-AAFE-C70601A1915E}.AppStore|ARM.Build.0 = Release|ARM
		{5ED4DFF3-0238-4572-AAFE-C70601A1915E}.AppStore|ARM.Deploy.0 = Release|ARM
		{5ED4DFF3-0238-4572-AAFE-C70601A1915E}.AppStore|iPhone.ActiveCfg = Release|Any CPU
		{5ED4DFF3-0238-4572-AAFE-C70601A1915E}.AppStore|iPhone.Build.0 = Release|Any CPU
		{5ED4DFF3-0238-4572-AAFE-C70601A1915E}.AppStore|iPhone.Deploy.0 = Release|Any CPU
		{5ED4DFF3-0238-4572-AAFE-C70601A1915E}.AppStore|iPhoneSimulator.ActiveCfg = Release|Any CPU
		{5ED4DFF3-0238-4572-AAFE-C70601A1915E}.AppStore|iPhoneSimulator.Build.0 = Release|Any CPU
		{5ED4DFF3-0238-4572-AAFE-C70601A1915E}.AppStore|iPhoneSimulator.Deploy.0 = Release|Any CPU
		{5ED4DFF3-0238-4572-AAFE-C70601A1915E}.AppStore|x64.ActiveCfg = Release|Any CPU
		{5ED4DFF3-0238-4572-AAFE-C70601A1915E}.AppStore|x64.Build.0 = Release|Any CPU
		{5ED4DFF3-0238-4572-AAFE-C70601A1915E}.AppStore|x64.Deploy.0 = Release|Any CPU
		{5ED4DFF3-0238-4572-AAFE-C70601A1915E}.AppStore|x86.ActiveCfg = Release|x86
		{5ED4DFF3-0238-4572-AAFE-C70601A1915E}.AppStore|x86.Build.0 = Release|x86
		{5ED4DFF3-0238-4572-AAFE-C70601A1915E}.AppStore|x86.Deploy.0 = Release|x86
		{5ED4DFF3-0238-4572-AAFE-C70601A1915E}.Debug|Any CPU.ActiveCfg = Debug|Any CPU
		{5ED4DFF3-0238-4572-AAFE-C70601A1915E}.Debug|Any CPU.Build.0 = Debug|Any CPU
		{5ED4DFF3-0238-4572-AAFE-C70601A1915E}.Debug|Any CPU.Deploy.0 = Debug|Any CPU
		{5ED4DFF3-0238-4572-AAFE-C70601A1915E}.Debug|ARM.ActiveCfg = Debug|ARM
		{5ED4DFF3-0238-4572-AAFE-C70601A1915E}.Debug|ARM.Build.0 = Debug|ARM
		{5ED4DFF3-0238-4572-AAFE-C70601A1915E}.Debug|ARM.Deploy.0 = Debug|ARM
		{5ED4DFF3-0238-4572-AAFE-C70601A1915E}.Debug|iPhone.ActiveCfg = Debug|Any CPU
		{5ED4DFF3-0238-4572-AAFE-C70601A1915E}.Debug|iPhone.Build.0 = Debug|Any CPU
		{5ED4DFF3-0238-4572-AAFE-C70601A1915E}.Debug|iPhone.Deploy.0 = Debug|Any CPU
		{5ED4DFF3-0238-4572-AAFE-C70601A1915E}.Debug|iPhoneSimulator.ActiveCfg = Debug|Any CPU
		{5ED4DFF3-0238-4572-AAFE-C70601A1915E}.Debug|iPhoneSimulator.Build.0 = Debug|Any CPU
		{5ED4DFF3-0238-4572-AAFE-C70601A1915E}.Debug|iPhoneSimulator.Deploy.0 = Debug|Any CPU
		{5ED4DFF3-0238-4572-AAFE-C70601A1915E}.Debug|x64.ActiveCfg = Debug|Any CPU
		{5ED4DFF3-0238-4572-AAFE-C70601A1915E}.Debug|x64.Build.0 = Debug|Any CPU
		{5ED4DFF3-0238-4572-AAFE-C70601A1915E}.Debug|x64.Deploy.0 = Debug|Any CPU
		{5ED4DFF3-0238-4572-AAFE-C70601A1915E}.Debug|x86.ActiveCfg = Debug|x86
		{5ED4DFF3-0238-4572-AAFE-C70601A1915E}.Debug|x86.Build.0 = Debug|x86
		{5ED4DFF3-0238-4572-AAFE-C70601A1915E}.Debug|x86.Deploy.0 = Debug|x86
		{5ED4DFF3-0238-4572-AAFE-C70601A1915E}.Release|Any CPU.ActiveCfg = Release|Any CPU
		{5ED4DFF3-0238-4572-AAFE-C70601A1915E}.Release|Any CPU.Build.0 = Release|Any CPU
		{5ED4DFF3-0238-4572-AAFE-C70601A1915E}.Release|Any CPU.Deploy.0 = Release|Any CPU
		{5ED4DFF3-0238-4572-AAFE-C70601A1915E}.Release|ARM.ActiveCfg = Release|ARM
		{5ED4DFF3-0238-4572-AAFE-C70601A1915E}.Release|ARM.Build.0 = Release|ARM
		{5ED4DFF3-0238-4572-AAFE-C70601A1915E}.Release|ARM.Deploy.0 = Release|ARM
		{5ED4DFF3-0238-4572-AAFE-C70601A1915E}.Release|iPhone.ActiveCfg = Release|Any CPU
		{5ED4DFF3-0238-4572-AAFE-C70601A1915E}.Release|iPhone.Build.0 = Release|Any CPU
		{5ED4DFF3-0238-4572-AAFE-C70601A1915E}.Release|iPhone.Deploy.0 = Release|Any CPU
		{5ED4DFF3-0238-4572-AAFE-C70601A1915E}.Release|iPhoneSimulator.ActiveCfg = Release|Any CPU
		{5ED4DFF3-0238-4572-AAFE-C70601A1915E}.Release|iPhoneSimulator.Build.0 = Release|Any CPU
		{5ED4DFF3-0238-4572-AAFE-C70601A1915E}.Release|iPhoneSimulator.Deploy.0 = Release|Any CPU
		{5ED4DFF3-0238-4572-AAFE-C70601A1915E}.Release|x64.ActiveCfg = Release|Any CPU
		{5ED4DFF3-0238-4572-AAFE-C70601A1915E}.Release|x64.Build.0 = Release|Any CPU
		{5ED4DFF3-0238-4572-AAFE-C70601A1915E}.Release|x64.Deploy.0 = Release|Any CPU
		{5ED4DFF3-0238-4572-AAFE-C70601A1915E}.Release|x86.ActiveCfg = Release|x86
		{5ED4DFF3-0238-4572-AAFE-C70601A1915E}.Release|x86.Build.0 = Release|x86
		{5ED4DFF3-0238-4572-AAFE-C70601A1915E}.Release|x86.Deploy.0 = Release|x86
		{C5130738-CAB7-4208-AD3C-15026D7D4DE2}.Ad-Hoc|Any CPU.ActiveCfg = Release|x86
		{C5130738-CAB7-4208-AD3C-15026D7D4DE2}.Ad-Hoc|Any CPU.Build.0 = Release|x86
		{C5130738-CAB7-4208-AD3C-15026D7D4DE2}.Ad-Hoc|Any CPU.Deploy.0 = Release|x86
		{C5130738-CAB7-4208-AD3C-15026D7D4DE2}.Ad-Hoc|ARM.ActiveCfg = Release|ARM
		{C5130738-CAB7-4208-AD3C-15026D7D4DE2}.Ad-Hoc|ARM.Build.0 = Release|ARM
		{C5130738-CAB7-4208-AD3C-15026D7D4DE2}.Ad-Hoc|ARM.Deploy.0 = Release|ARM
		{C5130738-CAB7-4208-AD3C-15026D7D4DE2}.Ad-Hoc|iPhone.ActiveCfg = Release|x86
		{C5130738-CAB7-4208-AD3C-15026D7D4DE2}.Ad-Hoc|iPhone.Build.0 = Release|x86
		{C5130738-CAB7-4208-AD3C-15026D7D4DE2}.Ad-Hoc|iPhone.Deploy.0 = Release|x86
		{C5130738-CAB7-4208-AD3C-15026D7D4DE2}.Ad-Hoc|iPhoneSimulator.ActiveCfg = Release|x86
		{C5130738-CAB7-4208-AD3C-15026D7D4DE2}.Ad-Hoc|iPhoneSimulator.Build.0 = Release|x86
		{C5130738-CAB7-4208-AD3C-15026D7D4DE2}.Ad-Hoc|iPhoneSimulator.Deploy.0 = Release|x86
		{C5130738-CAB7-4208-AD3C-15026D7D4DE2}.Ad-Hoc|x64.ActiveCfg = Release|x64
		{C5130738-CAB7-4208-AD3C-15026D7D4DE2}.Ad-Hoc|x64.Build.0 = Release|x64
		{C5130738-CAB7-4208-AD3C-15026D7D4DE2}.Ad-Hoc|x64.Deploy.0 = Release|x64
		{C5130738-CAB7-4208-AD3C-15026D7D4DE2}.Ad-Hoc|x86.ActiveCfg = Release|x86
		{C5130738-CAB7-4208-AD3C-15026D7D4DE2}.Ad-Hoc|x86.Build.0 = Release|x86
		{C5130738-CAB7-4208-AD3C-15026D7D4DE2}.Ad-Hoc|x86.Deploy.0 = Release|x86
		{C5130738-CAB7-4208-AD3C-15026D7D4DE2}.AppStore|Any CPU.ActiveCfg = Release|x86
		{C5130738-CAB7-4208-AD3C-15026D7D4DE2}.AppStore|Any CPU.Build.0 = Release|x86
		{C5130738-CAB7-4208-AD3C-15026D7D4DE2}.AppStore|Any CPU.Deploy.0 = Release|x86
		{C5130738-CAB7-4208-AD3C-15026D7D4DE2}.AppStore|ARM.ActiveCfg = Release|ARM
		{C5130738-CAB7-4208-AD3C-15026D7D4DE2}.AppStore|ARM.Build.0 = Release|ARM
		{C5130738-CAB7-4208-AD3C-15026D7D4DE2}.AppStore|ARM.Deploy.0 = Release|ARM
		{C5130738-CAB7-4208-AD3C-15026D7D4DE2}.AppStore|iPhone.ActiveCfg = Release|x86
		{C5130738-CAB7-4208-AD3C-15026D7D4DE2}.AppStore|iPhone.Build.0 = Release|x86
		{C5130738-CAB7-4208-AD3C-15026D7D4DE2}.AppStore|iPhone.Deploy.0 = Release|x86
		{C5130738-CAB7-4208-AD3C-15026D7D4DE2}.AppStore|iPhoneSimulator.ActiveCfg = Release|x86
		{C5130738-CAB7-4208-AD3C-15026D7D4DE2}.AppStore|iPhoneSimulator.Build.0 = Release|x86
		{C5130738-CAB7-4208-AD3C-15026D7D4DE2}.AppStore|iPhoneSimulator.Deploy.0 = Release|x86
		{C5130738-CAB7-4208-AD3C-15026D7D4DE2}.AppStore|x64.ActiveCfg = Release|x64
		{C5130738-CAB7-4208-AD3C-15026D7D4DE2}.AppStore|x64.Build.0 = Release|x64
		{C5130738-CAB7-4208-AD3C-15026D7D4DE2}.AppStore|x64.Deploy.0 = Release|x64
		{C5130738-CAB7-4208-AD3C-15026D7D4DE2}.AppStore|x86.ActiveCfg = Release|x86
		{C5130738-CAB7-4208-AD3C-15026D7D4DE2}.AppStore|x86.Build.0 = Release|x86
		{C5130738-CAB7-4208-AD3C-15026D7D4DE2}.AppStore|x86.Deploy.0 = Release|x86
		{C5130738-CAB7-4208-AD3C-15026D7D4DE2}.Debug|Any CPU.ActiveCfg = Debug|x86
		{C5130738-CAB7-4208-AD3C-15026D7D4DE2}.Debug|ARM.ActiveCfg = Debug|ARM
		{C5130738-CAB7-4208-AD3C-15026D7D4DE2}.Debug|ARM.Build.0 = Debug|ARM
		{C5130738-CAB7-4208-AD3C-15026D7D4DE2}.Debug|ARM.Deploy.0 = Debug|ARM
		{C5130738-CAB7-4208-AD3C-15026D7D4DE2}.Debug|iPhone.ActiveCfg = Debug|x86
		{C5130738-CAB7-4208-AD3C-15026D7D4DE2}.Debug|iPhoneSimulator.ActiveCfg = Debug|x86
		{C5130738-CAB7-4208-AD3C-15026D7D4DE2}.Debug|x64.ActiveCfg = Debug|x64
		{C5130738-CAB7-4208-AD3C-15026D7D4DE2}.Debug|x64.Build.0 = Debug|x64
		{C5130738-CAB7-4208-AD3C-15026D7D4DE2}.Debug|x64.Deploy.0 = Debug|x64
		{C5130738-CAB7-4208-AD3C-15026D7D4DE2}.Debug|x86.ActiveCfg = Debug|x86
		{C5130738-CAB7-4208-AD3C-15026D7D4DE2}.Debug|x86.Build.0 = Debug|x86
		{C5130738-CAB7-4208-AD3C-15026D7D4DE2}.Debug|x86.Deploy.0 = Debug|x86
		{C5130738-CAB7-4208-AD3C-15026D7D4DE2}.Release|Any CPU.ActiveCfg = Release|x86
		{C5130738-CAB7-4208-AD3C-15026D7D4DE2}.Release|ARM.ActiveCfg = Release|ARM
		{C5130738-CAB7-4208-AD3C-15026D7D4DE2}.Release|ARM.Build.0 = Release|ARM
		{C5130738-CAB7-4208-AD3C-15026D7D4DE2}.Release|ARM.Deploy.0 = Release|ARM
		{C5130738-CAB7-4208-AD3C-15026D7D4DE2}.Release|iPhone.ActiveCfg = Release|x86
		{C5130738-CAB7-4208-AD3C-15026D7D4DE2}.Release|iPhoneSimulator.ActiveCfg = Release|x86
		{C5130738-CAB7-4208-AD3C-15026D7D4DE2}.Release|x64.ActiveCfg = Release|x64
		{C5130738-CAB7-4208-AD3C-15026D7D4DE2}.Release|x64.Build.0 = Release|x64
		{C5130738-CAB7-4208-AD3C-15026D7D4DE2}.Release|x64.Deploy.0 = Release|x64
		{C5130738-CAB7-4208-AD3C-15026D7D4DE2}.Release|x86.ActiveCfg = Release|x86
		{C5130738-CAB7-4208-AD3C-15026D7D4DE2}.Release|x86.Build.0 = Release|x86
		{C5130738-CAB7-4208-AD3C-15026D7D4DE2}.Release|x86.Deploy.0 = Release|x86
		{D7FD3A80-74D6-4FB7-AC42-A1B56F5ED8B4}.Ad-Hoc|Any CPU.ActiveCfg = Release|Any CPU
		{D7FD3A80-74D6-4FB7-AC42-A1B56F5ED8B4}.Ad-Hoc|Any CPU.Build.0 = Release|Any CPU
		{D7FD3A80-74D6-4FB7-AC42-A1B56F5ED8B4}.Ad-Hoc|Any CPU.Deploy.0 = Release|Any CPU
		{D7FD3A80-74D6-4FB7-AC42-A1B56F5ED8B4}.Ad-Hoc|ARM.ActiveCfg = Release|ARM
		{D7FD3A80-74D6-4FB7-AC42-A1B56F5ED8B4}.Ad-Hoc|ARM.Build.0 = Release|ARM
		{D7FD3A80-74D6-4FB7-AC42-A1B56F5ED8B4}.Ad-Hoc|ARM.Deploy.0 = Release|ARM
		{D7FD3A80-74D6-4FB7-AC42-A1B56F5ED8B4}.Ad-Hoc|iPhone.ActiveCfg = Release|Any CPU
		{D7FD3A80-74D6-4FB7-AC42-A1B56F5ED8B4}.Ad-Hoc|iPhone.Build.0 = Release|Any CPU
		{D7FD3A80-74D6-4FB7-AC42-A1B56F5ED8B4}.Ad-Hoc|iPhone.Deploy.0 = Release|Any CPU
		{D7FD3A80-74D6-4FB7-AC42-A1B56F5ED8B4}.Ad-Hoc|iPhoneSimulator.ActiveCfg = Release|Any CPU
		{D7FD3A80-74D6-4FB7-AC42-A1B56F5ED8B4}.Ad-Hoc|iPhoneSimulator.Build.0 = Release|Any CPU
		{D7FD3A80-74D6-4FB7-AC42-A1B56F5ED8B4}.Ad-Hoc|iPhoneSimulator.Deploy.0 = Release|Any CPU
		{D7FD3A80-74D6-4FB7-AC42-A1B56F5ED8B4}.Ad-Hoc|x64.ActiveCfg = Release|x64
		{D7FD3A80-74D6-4FB7-AC42-A1B56F5ED8B4}.Ad-Hoc|x64.Build.0 = Release|x64
		{D7FD3A80-74D6-4FB7-AC42-A1B56F5ED8B4}.Ad-Hoc|x64.Deploy.0 = Release|x64
		{D7FD3A80-74D6-4FB7-AC42-A1B56F5ED8B4}.Ad-Hoc|x86.ActiveCfg = Release|x86
		{D7FD3A80-74D6-4FB7-AC42-A1B56F5ED8B4}.Ad-Hoc|x86.Build.0 = Release|x86
		{D7FD3A80-74D6-4FB7-AC42-A1B56F5ED8B4}.Ad-Hoc|x86.Deploy.0 = Release|x86
		{D7FD3A80-74D6-4FB7-AC42-A1B56F5ED8B4}.AppStore|Any CPU.ActiveCfg = Release|Any CPU
		{D7FD3A80-74D6-4FB7-AC42-A1B56F5ED8B4}.AppStore|Any CPU.Build.0 = Release|Any CPU
		{D7FD3A80-74D6-4FB7-AC42-A1B56F5ED8B4}.AppStore|Any CPU.Deploy.0 = Release|Any CPU
		{D7FD3A80-74D6-4FB7-AC42-A1B56F5ED8B4}.AppStore|ARM.ActiveCfg = Release|ARM
		{D7FD3A80-74D6-4FB7-AC42-A1B56F5ED8B4}.AppStore|ARM.Build.0 = Release|ARM
		{D7FD3A80-74D6-4FB7-AC42-A1B56F5ED8B4}.AppStore|ARM.Deploy.0 = Release|ARM
		{D7FD3A80-74D6-4FB7-AC42-A1B56F5ED8B4}.AppStore|iPhone.ActiveCfg = Release|Any CPU
		{D7FD3A80-74D6-4FB7-AC42-A1B56F5ED8B4}.AppStore|iPhone.Build.0 = Release|Any CPU
		{D7FD3A80-74D6-4FB7-AC42-A1B56F5ED8B4}.AppStore|iPhone.Deploy.0 = Release|Any CPU
		{D7FD3A80-74D6-4FB7-AC42-A1B56F5ED8B4}.AppStore|iPhoneSimulator.ActiveCfg = Release|Any CPU
		{D7FD3A80-74D6-4FB7-AC42-A1B56F5ED8B4}.AppStore|iPhoneSimulator.Build.0 = Release|Any CPU
		{D7FD3A80-74D6-4FB7-AC42-A1B56F5ED8B4}.AppStore|iPhoneSimulator.Deploy.0 = Release|Any CPU
		{D7FD3A80-74D6-4FB7-AC42-A1B56F5ED8B4}.AppStore|x64.ActiveCfg = Release|x64
		{D7FD3A80-74D6-4FB7-AC42-A1B56F5ED8B4}.AppStore|x64.Build.0 = Release|x64
		{D7FD3A80-74D6-4FB7-AC42-A1B56F5ED8B4}.AppStore|x64.Deploy.0 = Release|x64
		{D7FD3A80-74D6-4FB7-AC42-A1B56F5ED8B4}.AppStore|x86.ActiveCfg = Release|x86
		{D7FD3A80-74D6-4FB7-AC42-A1B56F5ED8B4}.AppStore|x86.Build.0 = Release|x86
		{D7FD3A80-74D6-4FB7-AC42-A1B56F5ED8B4}.AppStore|x86.Deploy.0 = Release|x86
		{D7FD3A80-74D6-4FB7-AC42-A1B56F5ED8B4}.Debug|Any CPU.ActiveCfg = Debug|Any CPU
		{D7FD3A80-74D6-4FB7-AC42-A1B56F5ED8B4}.Debug|Any CPU.Build.0 = Debug|Any CPU
		{D7FD3A80-74D6-4FB7-AC42-A1B56F5ED8B4}.Debug|Any CPU.Deploy.0 = Debug|Any CPU
		{D7FD3A80-74D6-4FB7-AC42-A1B56F5ED8B4}.Debug|ARM.ActiveCfg = Debug|ARM
		{D7FD3A80-74D6-4FB7-AC42-A1B56F5ED8B4}.Debug|ARM.Build.0 = Debug|ARM
		{D7FD3A80-74D6-4FB7-AC42-A1B56F5ED8B4}.Debug|ARM.Deploy.0 = Debug|ARM
		{D7FD3A80-74D6-4FB7-AC42-A1B56F5ED8B4}.Debug|iPhone.ActiveCfg = Debug|Any CPU
		{D7FD3A80-74D6-4FB7-AC42-A1B56F5ED8B4}.Debug|iPhone.Build.0 = Debug|Any CPU
		{D7FD3A80-74D6-4FB7-AC42-A1B56F5ED8B4}.Debug|iPhone.Deploy.0 = Debug|Any CPU
		{D7FD3A80-74D6-4FB7-AC42-A1B56F5ED8B4}.Debug|iPhoneSimulator.ActiveCfg = Debug|Any CPU
		{D7FD3A80-74D6-4FB7-AC42-A1B56F5ED8B4}.Debug|iPhoneSimulator.Build.0 = Debug|Any CPU
		{D7FD3A80-74D6-4FB7-AC42-A1B56F5ED8B4}.Debug|iPhoneSimulator.Deploy.0 = Debug|Any CPU
		{D7FD3A80-74D6-4FB7-AC42-A1B56F5ED8B4}.Debug|x64.ActiveCfg = Debug|x64
		{D7FD3A80-74D6-4FB7-AC42-A1B56F5ED8B4}.Debug|x64.Build.0 = Debug|x64
		{D7FD3A80-74D6-4FB7-AC42-A1B56F5ED8B4}.Debug|x64.Deploy.0 = Debug|x64
		{D7FD3A80-74D6-4FB7-AC42-A1B56F5ED8B4}.Debug|x86.ActiveCfg = Debug|x86
		{D7FD3A80-74D6-4FB7-AC42-A1B56F5ED8B4}.Debug|x86.Build.0 = Debug|x86
		{D7FD3A80-74D6-4FB7-AC42-A1B56F5ED8B4}.Debug|x86.Deploy.0 = Debug|x86
		{D7FD3A80-74D6-4FB7-AC42-A1B56F5ED8B4}.Release|Any CPU.ActiveCfg = Release|Any CPU
		{D7FD3A80-74D6-4FB7-AC42-A1B56F5ED8B4}.Release|Any CPU.Build.0 = Release|Any CPU
		{D7FD3A80-74D6-4FB7-AC42-A1B56F5ED8B4}.Release|Any CPU.Deploy.0 = Release|Any CPU
		{D7FD3A80-74D6-4FB7-AC42-A1B56F5ED8B4}.Release|ARM.ActiveCfg = Release|ARM
		{D7FD3A80-74D6-4FB7-AC42-A1B56F5ED8B4}.Release|ARM.Build.0 = Release|ARM
		{D7FD3A80-74D6-4FB7-AC42-A1B56F5ED8B4}.Release|ARM.Deploy.0 = Release|ARM
		{D7FD3A80-74D6-4FB7-AC42-A1B56F5ED8B4}.Release|iPhone.ActiveCfg = Release|Any CPU
		{D7FD3A80-74D6-4FB7-AC42-A1B56F5ED8B4}.Release|iPhone.Build.0 = Release|Any CPU
		{D7FD3A80-74D6-4FB7-AC42-A1B56F5ED8B4}.Release|iPhone.Deploy.0 = Release|Any CPU
		{D7FD3A80-74D6-4FB7-AC42-A1B56F5ED8B4}.Release|iPhoneSimulator.ActiveCfg = Release|Any CPU
		{D7FD3A80-74D6-4FB7-AC42-A1B56F5ED8B4}.Release|iPhoneSimulator.Build.0 = Release|Any CPU
		{D7FD3A80-74D6-4FB7-AC42-A1B56F5ED8B4}.Release|iPhoneSimulator.Deploy.0 = Release|Any CPU
		{D7FD3A80-74D6-4FB7-AC42-A1B56F5ED8B4}.Release|x64.ActiveCfg = Release|x64
		{D7FD3A80-74D6-4FB7-AC42-A1B56F5ED8B4}.Release|x64.Build.0 = Release|x64
		{D7FD3A80-74D6-4FB7-AC42-A1B56F5ED8B4}.Release|x64.Deploy.0 = Release|x64
		{D7FD3A80-74D6-4FB7-AC42-A1B56F5ED8B4}.Release|x86.ActiveCfg = Release|x86
		{D7FD3A80-74D6-4FB7-AC42-A1B56F5ED8B4}.Release|x86.Build.0 = Release|x86
		{D7FD3A80-74D6-4FB7-AC42-A1B56F5ED8B4}.Release|x86.Deploy.0 = Release|x86
		{72C8E087-0576-48A3-82F8-04CC71DED036}.Ad-Hoc|Any CPU.ActiveCfg = Release|Any CPU
		{72C8E087-0576-48A3-82F8-04CC71DED036}.Ad-Hoc|Any CPU.Build.0 = Release|Any CPU
		{72C8E087-0576-48A3-82F8-04CC71DED036}.Ad-Hoc|ARM.ActiveCfg = Release|Any CPU
		{72C8E087-0576-48A3-82F8-04CC71DED036}.Ad-Hoc|ARM.Build.0 = Release|Any CPU
		{72C8E087-0576-48A3-82F8-04CC71DED036}.Ad-Hoc|iPhone.ActiveCfg = Release|Any CPU
		{72C8E087-0576-48A3-82F8-04CC71DED036}.Ad-Hoc|iPhone.Build.0 = Release|Any CPU
		{72C8E087-0576-48A3-82F8-04CC71DED036}.Ad-Hoc|iPhoneSimulator.ActiveCfg = Release|Any CPU
		{72C8E087-0576-48A3-82F8-04CC71DED036}.Ad-Hoc|iPhoneSimulator.Build.0 = Release|Any CPU
		{72C8E087-0576-48A3-82F8-04CC71DED036}.Ad-Hoc|x64.ActiveCfg = Release|Any CPU
		{72C8E087-0576-48A3-82F8-04CC71DED036}.Ad-Hoc|x64.Build.0 = Release|Any CPU
		{72C8E087-0576-48A3-82F8-04CC71DED036}.Ad-Hoc|x86.ActiveCfg = Release|Any CPU
		{72C8E087-0576-48A3-82F8-04CC71DED036}.Ad-Hoc|x86.Build.0 = Release|Any CPU
		{72C8E087-0576-48A3-82F8-04CC71DED036}.AppStore|Any CPU.ActiveCfg = Release|Any CPU
		{72C8E087-0576-48A3-82F8-04CC71DED036}.AppStore|Any CPU.Build.0 = Release|Any CPU
		{72C8E087-0576-48A3-82F8-04CC71DED036}.AppStore|ARM.ActiveCfg = Release|Any CPU
		{72C8E087-0576-48A3-82F8-04CC71DED036}.AppStore|ARM.Build.0 = Release|Any CPU
		{72C8E087-0576-48A3-82F8-04CC71DED036}.AppStore|iPhone.ActiveCfg = Release|Any CPU
		{72C8E087-0576-48A3-82F8-04CC71DED036}.AppStore|iPhone.Build.0 = Release|Any CPU
		{72C8E087-0576-48A3-82F8-04CC71DED036}.AppStore|iPhoneSimulator.ActiveCfg = Release|Any CPU
		{72C8E087-0576-48A3-82F8-04CC71DED036}.AppStore|iPhoneSimulator.Build.0 = Release|Any CPU
		{72C8E087-0576-48A3-82F8-04CC71DED036}.AppStore|x64.ActiveCfg = Release|Any CPU
		{72C8E087-0576-48A3-82F8-04CC71DED036}.AppStore|x64.Build.0 = Release|Any CPU
		{72C8E087-0576-48A3-82F8-04CC71DED036}.AppStore|x86.ActiveCfg = Release|Any CPU
		{72C8E087-0576-48A3-82F8-04CC71DED036}.AppStore|x86.Build.0 = Release|Any CPU
		{72C8E087-0576-48A3-82F8-04CC71DED036}.Debug|Any CPU.ActiveCfg = Debug|Any CPU
		{72C8E087-0576-48A3-82F8-04CC71DED036}.Debug|Any CPU.Build.0 = Debug|Any CPU
		{72C8E087-0576-48A3-82F8-04CC71DED036}.Debug|ARM.ActiveCfg = Debug|Any CPU
		{72C8E087-0576-48A3-82F8-04CC71DED036}.Debug|ARM.Build.0 = Debug|Any CPU
		{72C8E087-0576-48A3-82F8-04CC71DED036}.Debug|iPhone.ActiveCfg = Debug|Any CPU
		{72C8E087-0576-48A3-82F8-04CC71DED036}.Debug|iPhone.Build.0 = Debug|Any CPU
		{72C8E087-0576-48A3-82F8-04CC71DED036}.Debug|iPhoneSimulator.ActiveCfg = Debug|Any CPU
		{72C8E087-0576-48A3-82F8-04CC71DED036}.Debug|iPhoneSimulator.Build.0 = Debug|Any CPU
		{72C8E087-0576-48A3-82F8-04CC71DED036}.Debug|x64.ActiveCfg = Debug|Any CPU
		{72C8E087-0576-48A3-82F8-04CC71DED036}.Debug|x64.Build.0 = Debug|Any CPU
		{72C8E087-0576-48A3-82F8-04CC71DED036}.Debug|x86.ActiveCfg = Debug|Any CPU
		{72C8E087-0576-48A3-82F8-04CC71DED036}.Debug|x86.Build.0 = Debug|Any CPU
		{72C8E087-0576-48A3-82F8-04CC71DED036}.Release|Any CPU.ActiveCfg = Release|Any CPU
		{72C8E087-0576-48A3-82F8-04CC71DED036}.Release|Any CPU.Build.0 = Release|Any CPU
		{72C8E087-0576-48A3-82F8-04CC71DED036}.Release|ARM.ActiveCfg = Release|Any CPU
		{72C8E087-0576-48A3-82F8-04CC71DED036}.Release|ARM.Build.0 = Release|Any CPU
		{72C8E087-0576-48A3-82F8-04CC71DED036}.Release|iPhone.ActiveCfg = Release|Any CPU
		{72C8E087-0576-48A3-82F8-04CC71DED036}.Release|iPhone.Build.0 = Release|Any CPU
		{72C8E087-0576-48A3-82F8-04CC71DED036}.Release|iPhoneSimulator.ActiveCfg = Release|Any CPU
		{72C8E087-0576-48A3-82F8-04CC71DED036}.Release|iPhoneSimulator.Build.0 = Release|Any CPU
		{72C8E087-0576-48A3-82F8-04CC71DED036}.Release|x64.ActiveCfg = Release|Any CPU
		{72C8E087-0576-48A3-82F8-04CC71DED036}.Release|x64.Build.0 = Release|Any CPU
		{72C8E087-0576-48A3-82F8-04CC71DED036}.Release|x86.ActiveCfg = Release|Any CPU
		{72C8E087-0576-48A3-82F8-04CC71DED036}.Release|x86.Build.0 = Release|Any CPU
	EndGlobalSection
	GlobalSection(SolutionProperties) = preSolution
		HideSolutionNode = FALSE
	EndGlobalSection
EndGlobal
