
Microsoft Visual Studio Solution File, Format Version 12.00
# Visual Studio 14
VisualStudioVersion = 14.0.25123.0
MinimumVisualStudioVersion = 10.0.40219.1
Project("{FAE04EC0-301F-11D3-BF4B-00C04F79EFBC}") = "XFFilePhoto.Droid", "XFFilePhoto\XFFilePhoto.Droid\XFFilePhoto.Droid.csproj", "{574CF0C0-7BA2-462F-96DB-69F4E069F467}"
EndProject
Project("{FAE04EC0-301F-11D3-BF4B-00C04F79EFBC}") = "XFFilePhoto.iOS", "XFFilePhoto\XFFilePhoto.iOS\XFFilePhoto.iOS.csproj", "{36E7DC77-01FB-490D-B1CD-5F4D3252DEBC}"
EndProject
Project("{FAE04EC0-301F-11D3-BF4B-00C04F79EFBC}") = "XFFilePhoto.WinPhone", "XFFilePhoto\XFFilePhoto.WinPhone\XFFilePhoto.WinPhone.csproj", "{BFFA47D4-FBFD-48D2-A912-76E43ADE5855}"
EndProject
Project("{FAE04EC0-301F-11D3-BF4B-00C04F79EFBC}") = "XFFilePhoto.UWP", "XFFilePhoto\XFFilePhoto.UWP\XFFilePhoto.UWP.csproj", "{464C3678-293A-45B7-8B79-73BF458A956B}"
EndProject
Project("{FAE04EC0-301F-11D3-BF4B-00C04F79EFBC}") = "XFFilePhoto.Windows", "XFFilePhoto\XFFilePhoto.Windows\XFFilePhoto.Windows.csproj", "{CE4D8EC2-BD43-480B-8964-159B0E33EAE3}"
EndProject
Project("{FAE04EC0-301F-11D3-BF4B-00C04F79EFBC}") = "XFFilePhoto", "XFFilePhoto\XFFilePhoto\XFFilePhoto.csproj", "{89A4850E-D6FB-418A-8808-2B1FBB0A6969}"
EndProject
Global
	GlobalSection(SolutionConfigurationPlatforms) = preSolution
		Ad-Hoc|Any CPU = Ad-Hoc|Any CPU
		Ad-Hoc|ARM = Ad-Hoc|ARM
		Ad-Hoc|iPhone = Ad-Hoc|iPhone
		Ad-Hoc|iPhoneSimulator = Ad-Hoc|iPhoneSimulator
		Ad-Hoc|x64 = Ad-Hoc|x64
		Ad-Hoc|x86 = Ad-Hoc|x86
		AppStore|Any CPU = AppStore|Any CPU
		AppStore|ARM = AppStore|ARM
		AppStore|iPhone = AppStore|iPhone
		AppStore|iPhoneSimulator = AppStore|iPhoneSimulator
		AppStore|x64 = AppStore|x64
		AppStore|x86 = AppStore|x86
		Debug|Any CPU = Debug|Any CPU
		Debug|ARM = Debug|ARM
		Debug|iPhone = Debug|iPhone
		Debug|iPhoneSimulator = Debug|iPhoneSimulator
		Debug|x64 = Debug|x64
		Debug|x86 = Debug|x86
		Release|Any CPU = Release|Any CPU
		Release|ARM = Release|ARM
		Release|iPhone = Release|iPhone
		Release|iPhoneSimulator = Release|iPhoneSimulator
		Release|x64 = Release|x64
		Release|x86 = Release|x86
	EndGlobalSection
	GlobalSection(ProjectConfigurationPlatforms) = postSolution
		{574CF0C0-7BA2-462F-96DB-69F4E069F467}.Ad-Hoc|Any CPU.ActiveCfg = Release|Any CPU
		{574CF0C0-7BA2-462F-96DB-69F4E069F467}.Ad-Hoc|Any CPU.Build.0 = Release|Any CPU
		{574CF0C0-7BA2-462F-96DB-69F4E069F467}.Ad-Hoc|Any CPU.Deploy.0 = Release|Any CPU
		{574CF0C0-7BA2-462F-96DB-69F4E069F467}.Ad-Hoc|ARM.ActiveCfg = Release|Any CPU
		{574CF0C0-7BA2-462F-96DB-69F4E069F467}.Ad-Hoc|ARM.Build.0 = Release|Any CPU
		{574CF0C0-7BA2-462F-96DB-69F4E069F467}.Ad-Hoc|ARM.Deploy.0 = Release|Any CPU
		{574CF0C0-7BA2-462F-96DB-69F4E069F467}.Ad-Hoc|iPhone.ActiveCfg = Release|Any CPU
		{574CF0C0-7BA2-462F-96DB-69F4E069F467}.Ad-Hoc|iPhone.Build.0 = Release|Any CPU
		{574CF0C0-7BA2-462F-96DB-69F4E069F467}.Ad-Hoc|iPhone.Deploy.0 = Release|Any CPU
		{574CF0C0-7BA2-462F-96DB-69F4E069F467}.Ad-Hoc|iPhoneSimulator.ActiveCfg = Release|Any CPU
		{574CF0C0-7BA2-462F-96DB-69F4E069F467}.Ad-Hoc|iPhoneSimulator.Build.0 = Release|Any CPU
		{574CF0C0-7BA2-462F-96DB-69F4E069F467}.Ad-Hoc|iPhoneSimulator.Deploy.0 = Release|Any CPU
		{574CF0C0-7BA2-462F-96DB-69F4E069F467}.Ad-Hoc|x64.ActiveCfg = Release|Any CPU
		{574CF0C0-7BA2-462F-96DB-69F4E069F467}.Ad-Hoc|x64.Build.0 = Release|Any CPU
		{574CF0C0-7BA2-462F-96DB-69F4E069F467}.Ad-Hoc|x64.Deploy.0 = Release|Any CPU
		{574CF0C0-7BA2-462F-96DB-69F4E069F467}.Ad-Hoc|x86.ActiveCfg = Release|Any CPU
		{574CF0C0-7BA2-462F-96DB-69F4E069F467}.Ad-Hoc|x86.Build.0 = Release|Any CPU
		{574CF0C0-7BA2-462F-96DB-69F4E069F467}.Ad-Hoc|x86.Deploy.0 = Release|Any CPU
		{574CF0C0-7BA2-462F-96DB-69F4E069F467}.AppStore|Any CPU.ActiveCfg = Release|Any CPU
		{574CF0C0-7BA2-462F-96DB-69F4E069F467}.AppStore|Any CPU.Build.0 = Release|Any CPU
		{574CF0C0-7BA2-462F-96DB-69F4E069F467}.AppStore|Any CPU.Deploy.0 = Release|Any CPU
		{574CF0C0-7BA2-462F-96DB-69F4E069F467}.AppStore|ARM.ActiveCfg = Release|Any CPU
		{574CF0C0-7BA2-462F-96DB-69F4E069F467}.AppStore|ARM.Build.0 = Release|Any CPU
		{574CF0C0-7BA2-462F-96DB-69F4E069F467}.AppStore|ARM.Deploy.0 = Release|Any CPU
		{574CF0C0-7BA2-462F-96DB-69F4E069F467}.AppStore|iPhone.ActiveCfg = Release|Any CPU
		{574CF0C0-7BA2-462F-96DB-69F4E069F467}.AppStore|iPhone.Build.0 = Release|Any CPU
		{574CF0C0-7BA2-462F-96DB-69F4E069F467}.AppStore|iPhone.Deploy.0 = Release|Any CPU
		{574CF0C0-7BA2-462F-96DB-69F4E069F467}.AppStore|iPhoneSimulator.ActiveCfg = Release|Any CPU
		{574CF0C0-7BA2-462F-96DB-69F4E069F467}.AppStore|iPhoneSimulator.Build.0 = Release|Any CPU
		{574CF0C0-7BA2-462F-96DB-69F4E069F467}.AppStore|iPhoneSimulator.Deploy.0 = Release|Any CPU
		{574CF0C0-7BA2-462F-96DB-69F4E069F467}.AppStore|x64.ActiveCfg = Release|Any CPU
		{574CF0C0-7BA2-462F-96DB-69F4E069F467}.AppStore|x64.Build.0 = Release|Any CPU
		{574CF0C0-7BA2-462F-96DB-69F4E069F467}.AppStore|x64.Deploy.0 = Release|Any CPU
		{574CF0C0-7BA2-462F-96DB-69F4E069F467}.AppStore|x86.ActiveCfg = Release|Any CPU
		{574CF0C0-7BA2-462F-96DB-69F4E069F467}.AppStore|x86.Build.0 = Release|Any CPU
		{574CF0C0-7BA2-462F-96DB-69F4E069F467}.AppStore|x86.Deploy.0 = Release|Any CPU
		{574CF0C0-7BA2-462F-96DB-69F4E069F467}.Debug|Any CPU.ActiveCfg = Debug|Any CPU
		{574CF0C0-7BA2-462F-96DB-69F4E069F467}.Debug|Any CPU.Build.0 = Debug|Any CPU
		{574CF0C0-7BA2-462F-96DB-69F4E069F467}.Debug|Any CPU.Deploy.0 = Debug|Any CPU
		{574CF0C0-7BA2-462F-96DB-69F4E069F467}.Debug|ARM.ActiveCfg = Debug|Any CPU
		{574CF0C0-7BA2-462F-96DB-69F4E069F467}.Debug|ARM.Build.0 = Debug|Any CPU
		{574CF0C0-7BA2-462F-96DB-69F4E069F467}.Debug|ARM.Deploy.0 = Debug|Any CPU
		{574CF0C0-7BA2-462F-96DB-69F4E069F467}.Debug|iPhone.ActiveCfg = Debug|Any CPU
		{574CF0C0-7BA2-462F-96DB-69F4E069F467}.Debug|iPhone.Build.0 = Debug|Any CPU
		{574CF0C0-7BA2-462F-96DB-69F4E069F467}.Debug|iPhone.Deploy.0 = Debug|Any CPU
		{574CF0C0-7BA2-462F-96DB-69F4E069F467}.Debug|iPhoneSimulator.ActiveCfg = Debug|Any CPU
		{574CF0C0-7BA2-462F-96DB-69F4E069F467}.Debug|iPhoneSimulator.Build.0 = Debug|Any CPU
		{574CF0C0-7BA2-462F-96DB-69F4E069F467}.Debug|iPhoneSimulator.Deploy.0 = Debug|Any CPU
		{574CF0C0-7BA2-462F-96DB-69F4E069F467}.Debug|x64.ActiveCfg = Debug|Any CPU
		{574CF0C0-7BA2-462F-96DB-69F4E069F467}.Debug|x64.Build.0 = Debug|Any CPU
		{574CF0C0-7BA2-462F-96DB-69F4E069F467}.Debug|x64.Deploy.0 = Debug|Any CPU
		{574CF0C0-7BA2-462F-96DB-69F4E069F467}.Debug|x86.ActiveCfg = Debug|Any CPU
		{574CF0C0-7BA2-462F-96DB-69F4E069F467}.Debug|x86.Build.0 = Debug|Any CPU
		{574CF0C0-7BA2-462F-96DB-69F4E069F467}.Debug|x86.Deploy.0 = Debug|Any CPU
		{574CF0C0-7BA2-462F-96DB-69F4E069F467}.Release|Any CPU.ActiveCfg = Release|Any CPU
		{574CF0C0-7BA2-462F-96DB-69F4E069F467}.Release|Any CPU.Build.0 = Release|Any CPU
		{574CF0C0-7BA2-462F-96DB-69F4E069F467}.Release|Any CPU.Deploy.0 = Release|Any CPU
		{574CF0C0-7BA2-462F-96DB-69F4E069F467}.Release|ARM.ActiveCfg = Release|Any CPU
		{574CF0C0-7BA2-462F-96DB-69F4E069F467}.Release|ARM.Build.0 = Release|Any CPU
		{574CF0C0-7BA2-462F-96DB-69F4E069F467}.Release|ARM.Deploy.0 = Release|Any CPU
		{574CF0C0-7BA2-462F-96DB-69F4E069F467}.Release|iPhone.ActiveCfg = Release|Any CPU
		{574CF0C0-7BA2-462F-96DB-69F4E069F467}.Release|iPhone.Build.0 = Release|Any CPU
		{574CF0C0-7BA2-462F-96DB-69F4E069F467}.Release|iPhone.Deploy.0 = Release|Any CPU
		{574CF0C0-7BA2-462F-96DB-69F4E069F467}.Release|iPhoneSimulator.ActiveCfg = Release|Any CPU
		{574CF0C0-7BA2-462F-96DB-69F4E069F467}.Release|iPhoneSimulator.Build.0 = Release|Any CPU
		{574CF0C0-7BA2-462F-96DB-69F4E069F467}.Release|iPhoneSimulator.Deploy.0 = Release|Any CPU
		{574CF0C0-7BA2-462F-96DB-69F4E069F467}.Release|x64.ActiveCfg = Release|Any CPU
		{574CF0C0-7BA2-462F-96DB-69F4E069F467}.Release|x64.Build.0 = Release|Any CPU
		{574CF0C0-7BA2-462F-96DB-69F4E069F467}.Release|x64.Deploy.0 = Release|Any CPU
		{574CF0C0-7BA2-462F-96DB-69F4E069F467}.Release|x86.ActiveCfg = Release|Any CPU
		{574CF0C0-7BA2-462F-96DB-69F4E069F467}.Release|x86.Build.0 = Release|Any CPU
		{574CF0C0-7BA2-462F-96DB-69F4E069F467}.Release|x86.Deploy.0 = Release|Any CPU
		{36E7DC77-01FB-490D-B1CD-5F4D3252DEBC}.Ad-Hoc|Any CPU.ActiveCfg = Ad-Hoc|iPhone
		{36E7DC77-01FB-490D-B1CD-5F4D3252DEBC}.Ad-Hoc|ARM.ActiveCfg = Ad-Hoc|iPhone
		{36E7DC77-01FB-490D-B1CD-5F4D3252DEBC}.Ad-Hoc|iPhone.ActiveCfg = Ad-Hoc|iPhone
		{36E7DC77-01FB-490D-B1CD-5F4D3252DEBC}.Ad-Hoc|iPhone.Build.0 = Ad-Hoc|iPhone
		{36E7DC77-01FB-490D-B1CD-5F4D3252DEBC}.Ad-Hoc|iPhoneSimulator.ActiveCfg = Ad-Hoc|iPhoneSimulator
		{36E7DC77-01FB-490D-B1CD-5F4D3252DEBC}.Ad-Hoc|iPhoneSimulator.Build.0 = Ad-Hoc|iPhoneSimulator
		{36E7DC77-01FB-490D-B1CD-5F4D3252DEBC}.Ad-Hoc|x64.ActiveCfg = Ad-Hoc|iPhone
		{36E7DC77-01FB-490D-B1CD-5F4D3252DEBC}.Ad-Hoc|x86.ActiveCfg = Ad-Hoc|iPhone
		{36E7DC77-01FB-490D-B1CD-5F4D3252DEBC}.AppStore|Any CPU.ActiveCfg = AppStore|iPhone
		{36E7DC77-01FB-490D-B1CD-5F4D3252DEBC}.AppStore|ARM.ActiveCfg = AppStore|iPhone
		{36E7DC77-01FB-490D-B1CD-5F4D3252DEBC}.AppStore|iPhone.ActiveCfg = AppStore|iPhone
		{36E7DC77-01FB-490D-B1CD-5F4D3252DEBC}.AppStore|iPhone.Build.0 = AppStore|iPhone
		{36E7DC77-01FB-490D-B1CD-5F4D3252DEBC}.AppStore|iPhoneSimulator.ActiveCfg = AppStore|iPhoneSimulator
		{36E7DC77-01FB-490D-B1CD-5F4D3252DEBC}.AppStore|iPhoneSimulator.Build.0 = AppStore|iPhoneSimulator
		{36E7DC77-01FB-490D-B1CD-5F4D3252DEBC}.AppStore|x64.ActiveCfg = AppStore|iPhone
		{36E7DC77-01FB-490D-B1CD-5F4D3252DEBC}.AppStore|x86.ActiveCfg = AppStore|iPhone
		{36E7DC77-01FB-490D-B1CD-5F4D3252DEBC}.Debug|Any CPU.ActiveCfg = Debug|iPhone
		{36E7DC77-01FB-490D-B1CD-5F4D3252DEBC}.Debug|ARM.ActiveCfg = Debug|iPhone
		{36E7DC77-01FB-490D-B1CD-5F4D3252DEBC}.Debug|iPhone.ActiveCfg = Debug|iPhone
		{36E7DC77-01FB-490D-B1CD-5F4D3252DEBC}.Debug|iPhone.Build.0 = Debug|iPhone
		{36E7DC77-01FB-490D-B1CD-5F4D3252DEBC}.Debug|iPhoneSimulator.ActiveCfg = Debug|iPhoneSimulator
		{36E7DC77-01FB-490D-B1CD-5F4D3252DEBC}.Debug|iPhoneSimulator.Build.0 = Debug|iPhoneSimulator
		{36E7DC77-01FB-490D-B1CD-5F4D3252DEBC}.Debug|x64.ActiveCfg = Debug|iPhone
		{36E7DC77-01FB-490D-B1CD-5F4D3252DEBC}.Debug|x86.ActiveCfg = Debug|iPhone
		{36E7DC77-01FB-490D-B1CD-5F4D3252DEBC}.Release|Any CPU.ActiveCfg = Release|iPhone
		{36E7DC77-01FB-490D-B1CD-5F4D3252DEBC}.Release|ARM.ActiveCfg = Release|iPhone
		{36E7DC77-01FB-490D-B1CD-5F4D3252DEBC}.Release|iPhone.ActiveCfg = Release|iPhone
		{36E7DC77-01FB-490D-B1CD-5F4D3252DEBC}.Release|iPhone.Build.0 = Release|iPhone
		{36E7DC77-01FB-490D-B1CD-5F4D3252DEBC}.Release|iPhoneSimulator.ActiveCfg = Release|iPhoneSimulator
		{36E7DC77-01FB-490D-B1CD-5F4D3252DEBC}.Release|iPhoneSimulator.Build.0 = Release|iPhoneSimulator
		{36E7DC77-01FB-490D-B1CD-5F4D3252DEBC}.Release|x64.ActiveCfg = Release|iPhone
		{36E7DC77-01FB-490D-B1CD-5F4D3252DEBC}.Release|x86.ActiveCfg = Release|iPhone
		{BFFA47D4-FBFD-48D2-A912-76E43ADE5855}.Ad-Hoc|Any CPU.ActiveCfg = Release|Any CPU
		{BFFA47D4-FBFD-48D2-A912-76E43ADE5855}.Ad-Hoc|Any CPU.Build.0 = Release|Any CPU
		{BFFA47D4-FBFD-48D2-A912-76E43ADE5855}.Ad-Hoc|Any CPU.Deploy.0 = Release|Any CPU
		{BFFA47D4-FBFD-48D2-A912-76E43ADE5855}.Ad-Hoc|ARM.ActiveCfg = Release|ARM
		{BFFA47D4-FBFD-48D2-A912-76E43ADE5855}.Ad-Hoc|ARM.Build.0 = Release|ARM
		{BFFA47D4-FBFD-48D2-A912-76E43ADE5855}.Ad-Hoc|ARM.Deploy.0 = Release|ARM
		{BFFA47D4-FBFD-48D2-A912-76E43ADE5855}.Ad-Hoc|iPhone.ActiveCfg = Release|Any CPU
		{BFFA47D4-FBFD-48D2-A912-76E43ADE5855}.Ad-Hoc|iPhone.Build.0 = Release|Any CPU
		{BFFA47D4-FBFD-48D2-A912-76E43ADE5855}.Ad-Hoc|iPhone.Deploy.0 = Release|Any CPU
		{BFFA47D4-FBFD-48D2-A912-76E43ADE5855}.Ad-Hoc|iPhoneSimulator.ActiveCfg = Release|Any CPU
		{BFFA47D4-FBFD-48D2-A912-76E43ADE5855}.Ad-Hoc|iPhoneSimulator.Build.0 = Release|Any CPU
		{BFFA47D4-FBFD-48D2-A912-76E43ADE5855}.Ad-Hoc|iPhoneSimulator.Deploy.0 = Release|Any CPU
		{BFFA47D4-FBFD-48D2-A912-76E43ADE5855}.Ad-Hoc|x64.ActiveCfg = Release|Any CPU
		{BFFA47D4-FBFD-48D2-A912-76E43ADE5855}.Ad-Hoc|x64.Build.0 = Release|Any CPU
		{BFFA47D4-FBFD-48D2-A912-76E43ADE5855}.Ad-Hoc|x64.Deploy.0 = Release|Any CPU
		{BFFA47D4-FBFD-48D2-A912-76E43ADE5855}.Ad-Hoc|x86.ActiveCfg = Release|x86
		{BFFA47D4-FBFD-48D2-A912-76E43ADE5855}.Ad-Hoc|x86.Build.0 = Release|x86
		{BFFA47D4-FBFD-48D2-A912-76E43ADE5855}.Ad-Hoc|x86.Deploy.0 = Release|x86
		{BFFA47D4-FBFD-48D2-A912-76E43ADE5855}.AppStore|Any CPU.ActiveCfg = Release|Any CPU
		{BFFA47D4-FBFD-48D2-A912-76E43ADE5855}.AppStore|Any CPU.Build.0 = Release|Any CPU
		{BFFA47D4-FBFD-48D2-A912-76E43ADE5855}.AppStore|Any CPU.Deploy.0 = Release|Any CPU
		{BFFA47D4-FBFD-48D2-A912-76E43ADE5855}.AppStore|ARM.ActiveCfg = Release|ARM
		{BFFA47D4-FBFD-48D2-A912-76E43ADE5855}.AppStore|ARM.Build.0 = Release|ARM
		{BFFA47D4-FBFD-48D2-A912-76E43ADE5855}.AppStore|ARM.Deploy.0 = Release|ARM
		{BFFA47D4-FBFD-48D2-A912-76E43ADE5855}.AppStore|iPhone.ActiveCfg = Release|Any CPU
		{BFFA47D4-FBFD-48D2-A912-76E43ADE5855}.AppStore|iPhone.Build.0 = Release|Any CPU
		{BFFA47D4-FBFD-48D2-A912-76E43ADE5855}.AppStore|iPhone.Deploy.0 = Release|Any CPU
		{BFFA47D4-FBFD-48D2-A912-76E43ADE5855}.AppStore|iPhoneSimulator.ActiveCfg = Release|Any CPU
		{BFFA47D4-FBFD-48D2-A912-76E43ADE5855}.AppStore|iPhoneSimulator.Build.0 = Release|Any CPU
		{BFFA47D4-FBFD-48D2-A912-76E43ADE5855}.AppStore|iPhoneSimulator.Deploy.0 = Release|Any CPU
		{BFFA47D4-FBFD-48D2-A912-76E43ADE5855}.AppStore|x64.ActiveCfg = Release|Any CPU
		{BFFA47D4-FBFD-48D2-A912-76E43ADE5855}.AppStore|x64.Build.0 = Release|Any CPU
		{BFFA47D4-FBFD-48D2-A912-76E43ADE5855}.AppStore|x64.Deploy.0 = Release|Any CPU
		{BFFA47D4-FBFD-48D2-A912-76E43ADE5855}.AppStore|x86.ActiveCfg = Release|x86
		{BFFA47D4-FBFD-48D2-A912-76E43ADE5855}.AppStore|x86.Build.0 = Release|x86
		{BFFA47D4-FBFD-48D2-A912-76E43ADE5855}.AppStore|x86.Deploy.0 = Release|x86
		{BFFA47D4-FBFD-48D2-A912-76E43ADE5855}.Debug|Any CPU.ActiveCfg = Debug|Any CPU
		{BFFA47D4-FBFD-48D2-A912-76E43ADE5855}.Debug|Any CPU.Build.0 = Debug|Any CPU
		{BFFA47D4-FBFD-48D2-A912-76E43ADE5855}.Debug|Any CPU.Deploy.0 = Debug|Any CPU
		{BFFA47D4-FBFD-48D2-A912-76E43ADE5855}.Debug|ARM.ActiveCfg = Debug|ARM
		{BFFA47D4-FBFD-48D2-A912-76E43ADE5855}.Debug|ARM.Build.0 = Debug|ARM
		{BFFA47D4-FBFD-48D2-A912-76E43ADE5855}.Debug|ARM.Deploy.0 = Debug|ARM
		{BFFA47D4-FBFD-48D2-A912-76E43ADE5855}.Debug|iPhone.ActiveCfg = Debug|Any CPU
		{BFFA47D4-FBFD-48D2-A912-76E43ADE5855}.Debug|iPhone.Build.0 = Debug|Any CPU
		{BFFA47D4-FBFD-48D2-A912-76E43ADE5855}.Debug|iPhone.Deploy.0 = Debug|Any CPU
		{BFFA47D4-FBFD-48D2-A912-76E43ADE5855}.Debug|iPhoneSimulator.ActiveCfg = Debug|Any CPU
		{BFFA47D4-FBFD-48D2-A912-76E43ADE5855}.Debug|iPhoneSimulator.Build.0 = Debug|Any CPU
		{BFFA47D4-FBFD-48D2-A912-76E43ADE5855}.Debug|iPhoneSimulator.Deploy.0 = Debug|Any CPU
		{BFFA47D4-FBFD-48D2-A912-76E43ADE5855}.Debug|x64.ActiveCfg = Debug|Any CPU
		{BFFA47D4-FBFD-48D2-A912-76E43ADE5855}.Debug|x64.Build.0 = Debug|Any CPU
		{BFFA47D4-FBFD-48D2-A912-76E43ADE5855}.Debug|x64.Deploy.0 = Debug|Any CPU
		{BFFA47D4-FBFD-48D2-A912-76E43ADE5855}.Debug|x86.ActiveCfg = Debug|x86
		{BFFA47D4-FBFD-48D2-A912-76E43ADE5855}.Debug|x86.Build.0 = Debug|x86
		{BFFA47D4-FBFD-48D2-A912-76E43ADE5855}.Debug|x86.Deploy.0 = Debug|x86
		{BFFA47D4-FBFD-48D2-A912-76E43ADE5855}.Release|Any CPU.ActiveCfg = Release|Any CPU
		{BFFA47D4-FBFD-48D2-A912-76E43ADE5855}.Release|Any CPU.Build.0 = Release|Any CPU
		{BFFA47D4-FBFD-48D2-A912-76E43ADE5855}.Release|Any CPU.Deploy.0 = Release|Any CPU
		{BFFA47D4-FBFD-48D2-A912-76E43ADE5855}.Release|ARM.ActiveCfg = Release|ARM
		{BFFA47D4-FBFD-48D2-A912-76E43ADE5855}.Release|ARM.Build.0 = Release|ARM
		{BFFA47D4-FBFD-48D2-A912-76E43ADE5855}.Release|ARM.Deploy.0 = Release|ARM
		{BFFA47D4-FBFD-48D2-A912-76E43ADE5855}.Release|iPhone.ActiveCfg = Release|Any CPU
		{BFFA47D4-FBFD-48D2-A912-76E43ADE5855}.Release|iPhone.Build.0 = Release|Any CPU
		{BFFA47D4-FBFD-48D2-A912-76E43ADE5855}.Release|iPhone.Deploy.0 = Release|Any CPU
		{BFFA47D4-FBFD-48D2-A912-76E43ADE5855}.Release|iPhoneSimulator.ActiveCfg = Release|Any CPU
		{BFFA47D4-FBFD-48D2-A912-76E43ADE5855}.Release|iPhoneSimulator.Build.0 = Release|Any CPU
		{BFFA47D4-FBFD-48D2-A912-76E43ADE5855}.Release|iPhoneSimulator.Deploy.0 = Release|Any CPU
		{BFFA47D4-FBFD-48D2-A912-76E43ADE5855}.Release|x64.ActiveCfg = Release|Any CPU
		{BFFA47D4-FBFD-48D2-A912-76E43ADE5855}.Release|x64.Build.0 = Release|Any CPU
		{BFFA47D4-FBFD-48D2-A912-76E43ADE5855}.Release|x64.Deploy.0 = Release|Any CPU
		{BFFA47D4-FBFD-48D2-A912-76E43ADE5855}.Release|x86.ActiveCfg = Release|x86
		{BFFA47D4-FBFD-48D2-A912-76E43ADE5855}.Release|x86.Build.0 = Release|x86
		{BFFA47D4-FBFD-48D2-A912-76E43ADE5855}.Release|x86.Deploy.0 = Release|x86
		{464C3678-293A-45B7-8B79-73BF458A956B}.Ad-Hoc|Any CPU.ActiveCfg = Release|x86
		{464C3678-293A-45B7-8B79-73BF458A956B}.Ad-Hoc|Any CPU.Build.0 = Release|x86
		{464C3678-293A-45B7-8B79-73BF458A956B}.Ad-Hoc|Any CPU.Deploy.0 = Release|x86
		{464C3678-293A-45B7-8B79-73BF458A956B}.Ad-Hoc|ARM.ActiveCfg = Release|ARM
		{464C3678-293A-45B7-8B79-73BF458A956B}.Ad-Hoc|ARM.Build.0 = Release|ARM
		{464C3678-293A-45B7-8B79-73BF458A956B}.Ad-Hoc|ARM.Deploy.0 = Release|ARM
		{464C3678-293A-45B7-8B79-73BF458A956B}.Ad-Hoc|iPhone.ActiveCfg = Release|x86
		{464C3678-293A-45B7-8B79-73BF458A956B}.Ad-Hoc|iPhone.Build.0 = Release|x86
		{464C3678-293A-45B7-8B79-73BF458A956B}.Ad-Hoc|iPhone.Deploy.0 = Release|x86
		{464C3678-293A-45B7-8B79-73BF458A956B}.Ad-Hoc|iPhoneSimulator.ActiveCfg = Release|x86
		{464C3678-293A-45B7-8B79-73BF458A956B}.Ad-Hoc|iPhoneSimulator.Build.0 = Release|x86
		{464C3678-293A-45B7-8B79-73BF458A956B}.Ad-Hoc|iPhoneSimulator.Deploy.0 = Release|x86
		{464C3678-293A-45B7-8B79-73BF458A956B}.Ad-Hoc|x64.ActiveCfg = Release|x64
		{464C3678-293A-45B7-8B79-73BF458A956B}.Ad-Hoc|x64.Build.0 = Release|x64
		{464C3678-293A-45B7-8B79-73BF458A956B}.Ad-Hoc|x64.Deploy.0 = Release|x64
		{464C3678-293A-45B7-8B79-73BF458A956B}.Ad-Hoc|x86.ActiveCfg = Release|x86
		{464C3678-293A-45B7-8B79-73BF458A956B}.Ad-Hoc|x86.Build.0 = Release|x86
		{464C3678-293A-45B7-8B79-73BF458A956B}.Ad-Hoc|x86.Deploy.0 = Release|x86
		{464C3678-293A-45B7-8B79-73BF458A956B}.AppStore|Any CPU.ActiveCfg = Release|x86
		{464C3678-293A-45B7-8B79-73BF458A956B}.AppStore|Any CPU.Build.0 = Release|x86
		{464C3678-293A-45B7-8B79-73BF458A956B}.AppStore|Any CPU.Deploy.0 = Release|x86
		{464C3678-293A-45B7-8B79-73BF458A956B}.AppStore|ARM.ActiveCfg = Release|ARM
		{464C3678-293A-45B7-8B79-73BF458A956B}.AppStore|ARM.Build.0 = Release|ARM
		{464C3678-293A-45B7-8B79-73BF458A956B}.AppStore|ARM.Deploy.0 = Release|ARM
		{464C3678-293A-45B7-8B79-73BF458A956B}.AppStore|iPhone.ActiveCfg = Release|x86
		{464C3678-293A-45B7-8B79-73BF458A956B}.AppStore|iPhone.Build.0 = Release|x86
		{464C3678-293A-45B7-8B79-73BF458A956B}.AppStore|iPhone.Deploy.0 = Release|x86
		{464C3678-293A-45B7-8B79-73BF458A956B}.AppStore|iPhoneSimulator.ActiveCfg = Release|x86
		{464C3678-293A-45B7-8B79-73BF458A956B}.AppStore|iPhoneSimulator.Build.0 = Release|x86
		{464C3678-293A-45B7-8B79-73BF458A956B}.AppStore|iPhoneSimulator.Deploy.0 = Release|x86
		{464C3678-293A-45B7-8B79-73BF458A956B}.AppStore|x64.ActiveCfg = Release|x64
		{464C3678-293A-45B7-8B79-73BF458A956B}.AppStore|x64.Build.0 = Release|x64
		{464C3678-293A-45B7-8B79-73BF458A956B}.AppStore|x64.Deploy.0 = Release|x64
		{464C3678-293A-45B7-8B79-73BF458A956B}.AppStore|x86.ActiveCfg = Release|x86
		{464C3678-293A-45B7-8B79-73BF458A956B}.AppStore|x86.Build.0 = Release|x86
		{464C3678-293A-45B7-8B79-73BF458A956B}.AppStore|x86.Deploy.0 = Release|x86
		{464C3678-293A-45B7-8B79-73BF458A956B}.Debug|Any CPU.ActiveCfg = Debug|x86
		{464C3678-293A-45B7-8B79-73BF458A956B}.Debug|ARM.ActiveCfg = Debug|ARM
		{464C3678-293A-45B7-8B79-73BF458A956B}.Debug|ARM.Build.0 = Debug|ARM
		{464C3678-293A-45B7-8B79-73BF458A956B}.Debug|ARM.Deploy.0 = Debug|ARM
		{464C3678-293A-45B7-8B79-73BF458A956B}.Debug|iPhone.ActiveCfg = Debug|x86
		{464C3678-293A-45B7-8B79-73BF458A956B}.Debug|iPhoneSimulator.ActiveCfg = Debug|x86
		{464C3678-293A-45B7-8B79-73BF458A956B}.Debug|x64.ActiveCfg = Debug|x64
		{464C3678-293A-45B7-8B79-73BF458A956B}.Debug|x64.Build.0 = Debug|x64
		{464C3678-293A-45B7-8B79-73BF458A956B}.Debug|x64.Deploy.0 = Debug|x64
		{464C3678-293A-45B7-8B79-73BF458A956B}.Debug|x86.ActiveCfg = Debug|x86
		{464C3678-293A-45B7-8B79-73BF458A956B}.Debug|x86.Build.0 = Debug|x86
		{464C3678-293A-45B7-8B79-73BF458A956B}.Debug|x86.Deploy.0 = Debug|x86
		{464C3678-293A-45B7-8B79-73BF458A956B}.Release|Any CPU.ActiveCfg = Release|x86
		{464C3678-293A-45B7-8B79-73BF458A956B}.Release|ARM.ActiveCfg = Release|ARM
		{464C3678-293A-45B7-8B79-73BF458A956B}.Release|ARM.Build.0 = Release|ARM
		{464C3678-293A-45B7-8B79-73BF458A956B}.Release|ARM.Deploy.0 = Release|ARM
		{464C3678-293A-45B7-8B79-73BF458A956B}.Release|iPhone.ActiveCfg = Release|x86
		{464C3678-293A-45B7-8B79-73BF458A956B}.Release|iPhoneSimulator.ActiveCfg = Release|x86
		{464C3678-293A-45B7-8B79-73BF458A956B}.Release|x64.ActiveCfg = Release|x64
		{464C3678-293A-45B7-8B79-73BF458A956B}.Release|x64.Build.0 = Release|x64
		{464C3678-293A-45B7-8B79-73BF458A956B}.Release|x64.Deploy.0 = Release|x64
		{464C3678-293A-45B7-8B79-73BF458A956B}.Release|x86.ActiveCfg = Release|x86
		{464C3678-293A-45B7-8B79-73BF458A956B}.Release|x86.Build.0 = Release|x86
		{464C3678-293A-45B7-8B79-73BF458A956B}.Release|x86.Deploy.0 = Release|x86
		{CE4D8EC2-BD43-480B-8964-159B0E33EAE3}.Ad-Hoc|Any CPU.ActiveCfg = Release|Any CPU
		{CE4D8EC2-BD43-480B-8964-159B0E33EAE3}.Ad-Hoc|Any CPU.Build.0 = Release|Any CPU
		{CE4D8EC2-BD43-480B-8964-159B0E33EAE3}.Ad-Hoc|Any CPU.Deploy.0 = Release|Any CPU
		{CE4D8EC2-BD43-480B-8964-159B0E33EAE3}.Ad-Hoc|ARM.ActiveCfg = Release|ARM
		{CE4D8EC2-BD43-480B-8964-159B0E33EAE3}.Ad-Hoc|ARM.Build.0 = Release|ARM
		{CE4D8EC2-BD43-480B-8964-159B0E33EAE3}.Ad-Hoc|ARM.Deploy.0 = Release|ARM
		{CE4D8EC2-BD43-480B-8964-159B0E33EAE3}.Ad-Hoc|iPhone.ActiveCfg = Release|Any CPU
		{CE4D8EC2-BD43-480B-8964-159B0E33EAE3}.Ad-Hoc|iPhone.Build.0 = Release|Any CPU
		{CE4D8EC2-BD43-480B-8964-159B0E33EAE3}.Ad-Hoc|iPhone.Deploy.0 = Release|Any CPU
		{CE4D8EC2-BD43-480B-8964-159B0E33EAE3}.Ad-Hoc|iPhoneSimulator.ActiveCfg = Release|Any CPU
		{CE4D8EC2-BD43-480B-8964-159B0E33EAE3}.Ad-Hoc|iPhoneSimulator.Build.0 = Release|Any CPU
		{CE4D8EC2-BD43-480B-8964-159B0E33EAE3}.Ad-Hoc|iPhoneSimulator.Deploy.0 = Release|Any CPU
		{CE4D8EC2-BD43-480B-8964-159B0E33EAE3}.Ad-Hoc|x64.ActiveCfg = Release|x64
		{CE4D8EC2-BD43-480B-8964-159B0E33EAE3}.Ad-Hoc|x64.Build.0 = Release|x64
		{CE4D8EC2-BD43-480B-8964-159B0E33EAE3}.Ad-Hoc|x64.Deploy.0 = Release|x64
		{CE4D8EC2-BD43-480B-8964-159B0E33EAE3}.Ad-Hoc|x86.ActiveCfg = Release|x86
		{CE4D8EC2-BD43-480B-8964-159B0E33EAE3}.Ad-Hoc|x86.Build.0 = Release|x86
		{CE4D8EC2-BD43-480B-8964-159B0E33EAE3}.Ad-Hoc|x86.Deploy.0 = Release|x86
		{CE4D8EC2-BD43-480B-8964-159B0E33EAE3}.AppStore|Any CPU.ActiveCfg = Release|Any CPU
		{CE4D8EC2-BD43-480B-8964-159B0E33EAE3}.AppStore|Any CPU.Build.0 = Release|Any CPU
		{CE4D8EC2-BD43-480B-8964-159B0E33EAE3}.AppStore|Any CPU.Deploy.0 = Release|Any CPU
		{CE4D8EC2-BD43-480B-8964-159B0E33EAE3}.AppStore|ARM.ActiveCfg = Release|ARM
		{CE4D8EC2-BD43-480B-8964-159B0E33EAE3}.AppStore|ARM.Build.0 = Release|ARM
		{CE4D8EC2-BD43-480B-8964-159B0E33EAE3}.AppStore|ARM.Deploy.0 = Release|ARM
		{CE4D8EC2-BD43-480B-8964-159B0E33EAE3}.AppStore|iPhone.ActiveCfg = Release|Any CPU
		{CE4D8EC2-BD43-480B-8964-159B0E33EAE3}.AppStore|iPhone.Build.0 = Release|Any CPU
		{CE4D8EC2-BD43-480B-8964-159B0E33EAE3}.AppStore|iPhone.Deploy.0 = Release|Any CPU
		{CE4D8EC2-BD43-480B-8964-159B0E33EAE3}.AppStore|iPhoneSimulator.ActiveCfg = Release|Any CPU
		{CE4D8EC2-BD43-480B-8964-159B0E33EAE3}.AppStore|iPhoneSimulator.Build.0 = Release|Any CPU
		{CE4D8EC2-BD43-480B-8964-159B0E33EAE3}.AppStore|iPhoneSimulator.Deploy.0 = Release|Any CPU
		{CE4D8EC2-BD43-480B-8964-159B0E33EAE3}.AppStore|x64.ActiveCfg = Release|x64
		{CE4D8EC2-BD43-480B-8964-159B0E33EAE3}.AppStore|x64.Build.0 = Release|x64
		{CE4D8EC2-BD43-480B-8964-159B0E33EAE3}.AppStore|x64.Deploy.0 = Release|x64
		{CE4D8EC2-BD43-480B-8964-159B0E33EAE3}.AppStore|x86.ActiveCfg = Release|x86
		{CE4D8EC2-BD43-480B-8964-159B0E33EAE3}.AppStore|x86.Build.0 = Release|x86
		{CE4D8EC2-BD43-480B-8964-159B0E33EAE3}.AppStore|x86.Deploy.0 = Release|x86
		{CE4D8EC2-BD43-480B-8964-159B0E33EAE3}.Debug|Any CPU.ActiveCfg = Debug|Any CPU
		{CE4D8EC2-BD43-480B-8964-159B0E33EAE3}.Debug|Any CPU.Build.0 = Debug|Any CPU
		{CE4D8EC2-BD43-480B-8964-159B0E33EAE3}.Debug|Any CPU.Deploy.0 = Debug|Any CPU
		{CE4D8EC2-BD43-480B-8964-159B0E33EAE3}.Debug|ARM.ActiveCfg = Debug|ARM
		{CE4D8EC2-BD43-480B-8964-159B0E33EAE3}.Debug|ARM.Build.0 = Debug|ARM
		{CE4D8EC2-BD43-480B-8964-159B0E33EAE3}.Debug|ARM.Deploy.0 = Debug|ARM
		{CE4D8EC2-BD43-480B-8964-159B0E33EAE3}.Debug|iPhone.ActiveCfg = Debug|Any CPU
		{CE4D8EC2-BD43-480B-8964-159B0E33EAE3}.Debug|iPhone.Build.0 = Debug|Any CPU
		{CE4D8EC2-BD43-480B-8964-159B0E33EAE3}.Debug|iPhone.Deploy.0 = Debug|Any CPU
		{CE4D8EC2-BD43-480B-8964-159B0E33EAE3}.Debug|iPhoneSimulator.ActiveCfg = Debug|Any CPU
		{CE4D8EC2-BD43-480B-8964-159B0E33EAE3}.Debug|iPhoneSimulator.Build.0 = Debug|Any CPU
		{CE4D8EC2-BD43-480B-8964-159B0E33EAE3}.Debug|iPhoneSimulator.Deploy.0 = Debug|Any CPU
		{CE4D8EC2-BD43-480B-8964-159B0E33EAE3}.Debug|x64.ActiveCfg = Debug|x64
		{CE4D8EC2-BD43-480B-8964-159B0E33EAE3}.Debug|x64.Build.0 = Debug|x64
		{CE4D8EC2-BD43-480B-8964-159B0E33EAE3}.Debug|x64.Deploy.0 = Debug|x64
		{CE4D8EC2-BD43-480B-8964-159B0E33EAE3}.Debug|x86.ActiveCfg = Debug|x86
		{CE4D8EC2-BD43-480B-8964-159B0E33EAE3}.Debug|x86.Build.0 = Debug|x86
		{CE4D8EC2-BD43-480B-8964-159B0E33EAE3}.Debug|x86.Deploy.0 = Debug|x86
		{CE4D8EC2-BD43-480B-8964-159B0E33EAE3}.Release|Any CPU.ActiveCfg = Release|Any CPU
		{CE4D8EC2-BD43-480B-8964-159B0E33EAE3}.Release|Any CPU.Build.0 = Release|Any CPU
		{CE4D8EC2-BD43-480B-8964-159B0E33EAE3}.Release|Any CPU.Deploy.0 = Release|Any CPU
		{CE4D8EC2-BD43-480B-8964-159B0E33EAE3}.Release|ARM.ActiveCfg = Release|ARM
		{CE4D8EC2-BD43-480B-8964-159B0E33EAE3}.Release|ARM.Build.0 = Release|ARM
		{CE4D8EC2-BD43-480B-8964-159B0E33EAE3}.Release|ARM.Deploy.0 = Release|ARM
		{CE4D8EC2-BD43-480B-8964-159B0E33EAE3}.Release|iPhone.ActiveCfg = Release|Any CPU
		{CE4D8EC2-BD43-480B-8964-159B0E33EAE3}.Release|iPhone.Build.0 = Release|Any CPU
		{CE4D8EC2-BD43-480B-8964-159B0E33EAE3}.Release|iPhone.Deploy.0 = Release|Any CPU
		{CE4D8EC2-BD43-480B-8964-159B0E33EAE3}.Release|iPhoneSimulator.ActiveCfg = Release|Any CPU
		{CE4D8EC2-BD43-480B-8964-159B0E33EAE3}.Release|iPhoneSimulator.Build.0 = Release|Any CPU
		{CE4D8EC2-BD43-480B-8964-159B0E33EAE3}.Release|iPhoneSimulator.Deploy.0 = Release|Any CPU
		{CE4D8EC2-BD43-480B-8964-159B0E33EAE3}.Release|x64.ActiveCfg = Release|x64
		{CE4D8EC2-BD43-480B-8964-159B0E33EAE3}.Release|x64.Build.0 = Release|x64
		{CE4D8EC2-BD43-480B-8964-159B0E33EAE3}.Release|x64.Deploy.0 = Release|x64
		{CE4D8EC2-BD43-480B-8964-159B0E33EAE3}.Release|x86.ActiveCfg = Release|x86
		{CE4D8EC2-BD43-480B-8964-159B0E33EAE3}.Release|x86.Build.0 = Release|x86
		{CE4D8EC2-BD43-480B-8964-159B0E33EAE3}.Release|x86.Deploy.0 = Release|x86
		{89A4850E-D6FB-418A-8808-2B1FBB0A6969}.Ad-Hoc|Any CPU.ActiveCfg = Release|Any CPU
		{89A4850E-D6FB-418A-8808-2B1FBB0A6969}.Ad-Hoc|Any CPU.Build.0 = Release|Any CPU
		{89A4850E-D6FB-418A-8808-2B1FBB0A6969}.Ad-Hoc|ARM.ActiveCfg = Release|Any CPU
		{89A4850E-D6FB-418A-8808-2B1FBB0A6969}.Ad-Hoc|ARM.Build.0 = Release|Any CPU
		{89A4850E-D6FB-418A-8808-2B1FBB0A6969}.Ad-Hoc|iPhone.ActiveCfg = Release|Any CPU
		{89A4850E-D6FB-418A-8808-2B1FBB0A6969}.Ad-Hoc|iPhone.Build.0 = Release|Any CPU
		{89A4850E-D6FB-418A-8808-2B1FBB0A6969}.Ad-Hoc|iPhoneSimulator.ActiveCfg = Release|Any CPU
		{89A4850E-D6FB-418A-8808-2B1FBB0A6969}.Ad-Hoc|iPhoneSimulator.Build.0 = Release|Any CPU
		{89A4850E-D6FB-418A-8808-2B1FBB0A6969}.Ad-Hoc|x64.ActiveCfg = Release|Any CPU
		{89A4850E-D6FB-418A-8808-2B1FBB0A6969}.Ad-Hoc|x64.Build.0 = Release|Any CPU
		{89A4850E-D6FB-418A-8808-2B1FBB0A6969}.Ad-Hoc|x86.ActiveCfg = Release|Any CPU
		{89A4850E-D6FB-418A-8808-2B1FBB0A6969}.Ad-Hoc|x86.Build.0 = Release|Any CPU
		{89A4850E-D6FB-418A-8808-2B1FBB0A6969}.AppStore|Any CPU.ActiveCfg = Release|Any CPU
		{89A4850E-D6FB-418A-8808-2B1FBB0A6969}.AppStore|Any CPU.Build.0 = Release|Any CPU
		{89A4850E-D6FB-418A-8808-2B1FBB0A6969}.AppStore|ARM.ActiveCfg = Release|Any CPU
		{89A4850E-D6FB-418A-8808-2B1FBB0A6969}.AppStore|ARM.Build.0 = Release|Any CPU
		{89A4850E-D6FB-418A-8808-2B1FBB0A6969}.AppStore|iPhone.ActiveCfg = Release|Any CPU
		{89A4850E-D6FB-418A-8808-2B1FBB0A6969}.AppStore|iPhone.Build.0 = Release|Any CPU
		{89A4850E-D6FB-418A-8808-2B1FBB0A6969}.AppStore|iPhoneSimulator.ActiveCfg = Release|Any CPU
		{89A4850E-D6FB-418A-8808-2B1FBB0A6969}.AppStore|iPhoneSimulator.Build.0 = Release|Any CPU
		{89A4850E-D6FB-418A-8808-2B1FBB0A6969}.AppStore|x64.ActiveCfg = Release|Any CPU
		{89A4850E-D6FB-418A-8808-2B1FBB0A6969}.AppStore|x64.Build.0 = Release|Any CPU
		{89A4850E-D6FB-418A-8808-2B1FBB0A6969}.AppStore|x86.ActiveCfg = Release|Any CPU
		{89A4850E-D6FB-418A-8808-2B1FBB0A6969}.AppStore|x86.Build.0 = Release|Any CPU
		{89A4850E-D6FB-418A-8808-2B1FBB0A6969}.Debug|Any CPU.ActiveCfg = Debug|Any CPU
		{89A4850E-D6FB-418A-8808-2B1FBB0A6969}.Debug|Any CPU.Build.0 = Debug|Any CPU
		{89A4850E-D6FB-418A-8808-2B1FBB0A6969}.Debug|ARM.ActiveCfg = Debug|Any CPU
		{89A4850E-D6FB-418A-8808-2B1FBB0A6969}.Debug|ARM.Build.0 = Debug|Any CPU
		{89A4850E-D6FB-418A-8808-2B1FBB0A6969}.Debug|iPhone.ActiveCfg = Debug|Any CPU
		{89A4850E-D6FB-418A-8808-2B1FBB0A6969}.Debug|iPhone.Build.0 = Debug|Any CPU
		{89A4850E-D6FB-418A-8808-2B1FBB0A6969}.Debug|iPhoneSimulator.ActiveCfg = Debug|Any CPU
		{89A4850E-D6FB-418A-8808-2B1FBB0A6969}.Debug|iPhoneSimulator.Build.0 = Debug|Any CPU
		{89A4850E-D6FB-418A-8808-2B1FBB0A6969}.Debug|x64.ActiveCfg = Debug|Any CPU
		{89A4850E-D6FB-418A-8808-2B1FBB0A6969}.Debug|x64.Build.0 = Debug|Any CPU
		{89A4850E-D6FB-418A-8808-2B1FBB0A6969}.Debug|x86.ActiveCfg = Debug|Any CPU
		{89A4850E-D6FB-418A-8808-2B1FBB0A6969}.Debug|x86.Build.0 = Debug|Any CPU
		{89A4850E-D6FB-418A-8808-2B1FBB0A6969}.Release|Any CPU.ActiveCfg = Release|Any CPU
		{89A4850E-D6FB-418A-8808-2B1FBB0A6969}.Release|Any CPU.Build.0 = Release|Any CPU
		{89A4850E-D6FB-418A-8808-2B1FBB0A6969}.Release|ARM.ActiveCfg = Release|Any CPU
		{89A4850E-D6FB-418A-8808-2B1FBB0A6969}.Release|ARM.Build.0 = Release|Any CPU
		{89A4850E-D6FB-418A-8808-2B1FBB0A6969}.Release|iPhone.ActiveCfg = Release|Any CPU
		{89A4850E-D6FB-418A-8808-2B1FBB0A6969}.Release|iPhone.Build.0 = Release|Any CPU
		{89A4850E-D6FB-418A-8808-2B1FBB0A6969}.Release|iPhoneSimulator.ActiveCfg = Release|Any CPU
		{89A4850E-D6FB-418A-8808-2B1FBB0A6969}.Release|iPhoneSimulator.Build.0 = Release|Any CPU
		{89A4850E-D6FB-418A-8808-2B1FBB0A6969}.Release|x64.ActiveCfg = Release|Any CPU
		{89A4850E-D6FB-418A-8808-2B1FBB0A6969}.Release|x64.Build.0 = Release|Any CPU
		{89A4850E-D6FB-418A-8808-2B1FBB0A6969}.Release|x86.ActiveCfg = Release|Any CPU
		{89A4850E-D6FB-418A-8808-2B1FBB0A6969}.Release|x86.Build.0 = Release|Any CPU
	EndGlobalSection
	GlobalSection(SolutionProperties) = preSolution
		HideSolutionNode = FALSE
	EndGlobalSection
EndGlobal
